
Microsoft Visual Studio Solution File, Format Version 12.00
# Visual Studio Version 16
VisualStudioVersion = 16.0.29709.97
MinimumVisualStudioVersion = 10.0.40219.1
Project("{2150E333-8FDC-42A3-9474-1A3956D46DE8}") = "Lib", "Lib", "{4A1B335C-8C27-43E1-ABC2-3410718902D3}"
	ProjectSection(SolutionItems) = preProject
		Lib\dotnetCHARTING.dll = Lib\dotnetCHARTING.dll
		Lib\Excel.dll = Lib\Excel.dll
		Lib\ICSharpCode.SharpZipLib.dll = Lib\ICSharpCode.SharpZipLib.dll
		Lib\Iesi.Collections.dll = Lib\Iesi.Collections.dll
		Lib\Ionic.Zip.dll = Lib\Ionic.Zip.dll
		Lib\ZhiFang.Common.Log.dll = Lib\ZhiFang.Common.Log.dll
		Lib\ZhiFang.Common.Public.dll = Lib\ZhiFang.Common.Public.dll
	EndProjectSection
EndProject
Project("{FAE04EC0-301F-11D3-BF4B-00C04F79EFBC}") = "ZhiFang.BLLFactory", "ZhiFang.BLLFactory\ZhiFang.BLLFactory.csproj", "{B89CD685-2471-4021-89A4-B2C7113E9885}"
EndProject
Project("{FAE04EC0-301F-11D3-BF4B-00C04F79EFBC}") = "ZhiFang.DAL.MsSql", "ZhiFang.DAL.MsSql\ZhiFang.DAL.MsSql.csproj", "{880D4DD5-16C0-4C20-90E9-C7F625662510}"
EndProject
Project("{FAE04EC0-301F-11D3-BF4B-00C04F79EFBC}") = "ZhiFang.BLL.Common", "ZhiFang.BLL.Common\ZhiFang.BLL.Common.csproj", "{505EE9C6-D913-4763-BBD2-83197E0B0211}"
EndProject
Project("{FAE04EC0-301F-11D3-BF4B-00C04F79EFBC}") = "ZhiFang.DAL.WebDataBase", "ZhiFang.DAL.WebDataBase\ZhiFang.DAL.WebDataBase.csproj", "{F31FC86B-1C0D-4551-83D5-0CD5A4C0DBFB}"
EndProject
Project("{FAE04EC0-301F-11D3-BF4B-00C04F79EFBC}") = "ZhiFang.DALFactory", "ZhiFang.DALFactory\ZhiFang.DALFactory.csproj", "{BAE2FF1D-8ECB-450F-9D6F-5A90A6751DB6}"
EndProject
Project("{FAE04EC0-301F-11D3-BF4B-00C04F79EFBC}") = "ZhiFang.IBLL.Common", "ZhiFang.IBLL.Common\ZhiFang.IBLL.Common.csproj", "{6EA88541-C2A5-4C8C-84C6-4E9D4C8CC7A8}"
EndProject
Project("{FAE04EC0-301F-11D3-BF4B-00C04F79EFBC}") = "ZhiFang.IDAL", "ZhiFang.IDAL\ZhiFang.IDAL.csproj", "{2CCE404D-AA91-4DE0-8510-8BDECED79723}"
EndProject
Project("{FAE04EC0-301F-11D3-BF4B-00C04F79EFBC}") = "ZhiFang.Model", "ZhiFang.Model\ZhiFang.Model.csproj", "{9828C326-B724-457E-A649-70850D5EA018}"
EndProject
Project("{FAE04EC0-301F-11D3-BF4B-00C04F79EFBC}") = "ZhiFang.Tools", "ZhiFang.Tools\ZhiFang.Tools.csproj", "{4A0D9BC5-645C-411D-B518-50DB2C34ACFC}"
EndProject
Project("{FAE04EC0-301F-11D3-BF4B-00C04F79EFBC}") = "ZhiFang.BLL.Report", "ZhiFang.BLL.Report\ZhiFang.BLL.Report.csproj", "{E1852091-CDF1-45DE-B95D-B771C30ACAD0}"
EndProject
Project("{FAE04EC0-301F-11D3-BF4B-00C04F79EFBC}") = "ZhiFang.IBLL.Report", "ZhiFang.IBLL.Report\ZhiFang.IBLL.Report.csproj", "{ED437FE9-CE31-4F09-ABF4-E56A0257E1B1}"
EndProject
Project("{FAE04EC0-301F-11D3-BF4B-00C04F79EFBC}") = "ZhiFang.Common.Dictionary", "ZhiFang.Common.Dictionary\ZhiFang.Common.Dictionary.csproj", "{4D598C7C-0592-4752-9CEA-5195F780C006}"
EndProject
Project("{FAE04EC0-301F-11D3-BF4B-00C04F79EFBC}") = "ZhiFang.WebLisService", "ZhiFang.WebLisService\ZhiFang.WebLisService.csproj", "{C9CEDA24-C737-4756-9596-B2F1DD424884}"
	ProjectSection(ProjectDependencies) = postProject
		{EF51B564-D107-41EC-A3D0-5F3E320425C6} = {EF51B564-D107-41EC-A3D0-5F3E320425C6}
	EndProjectSection
EndProject
Project("{FAE04EC0-301F-11D3-BF4B-00C04F79EFBC}") = "ZhiFang.DAL.Oracle", "ZhiFang.DAL.Oracle\ZhiFang.DAL.Oracle.csproj", "{A349EDCB-8B87-49B1-ABFD-5386DD33FBB8}"
EndProject
Project("{FAE04EC0-301F-11D3-BF4B-00C04F79EFBC}") = "ZhiFang.WebLis", "ZhiFang.WebLis\ZhiFang.WebLis.csproj", "{EF51B564-D107-41EC-A3D0-5F3E320425C6}"
EndProject
Project("{FAE04EC0-301F-11D3-BF4B-00C04F79EFBC}") = "ZhiFang.DAL.RBAC", "ZhiFang.DAL.RBAC\ZhiFang.DAL.RBAC.csproj", "{EB97917C-7FA8-45A4-A946-9A102B53B52E}"
EndProject
Project("{FAE04EC0-301F-11D3-BF4B-00C04F79EFBC}") = "ZhIFang.BLL.RBAC", "ZhIFang.BLL.RBAC\ZhIFang.BLL.RBAC.csproj", "{B65582DF-4CE0-481E-8C79-1FA0292081F2}"
EndProject
Global
	GlobalSection(SolutionConfigurationPlatforms) = preSolution
		Debug|Any CPU = Debug|Any CPU
		Release|Any CPU = Release|Any CPU
	EndGlobalSection
	GlobalSection(ProjectConfigurationPlatforms) = postSolution
		{B89CD685-2471-4021-89A4-B2C7113E9885}.Debug|Any CPU.ActiveCfg = Debug|Any CPU
		{B89CD685-2471-4021-89A4-B2C7113E9885}.Debug|Any CPU.Build.0 = Debug|Any CPU
		{B89CD685-2471-4021-89A4-B2C7113E9885}.Release|Any CPU.ActiveCfg = Release|Any CPU
		{B89CD685-2471-4021-89A4-B2C7113E9885}.Release|Any CPU.Build.0 = Release|Any CPU
		{880D4DD5-16C0-4C20-90E9-C7F625662510}.Debug|Any CPU.ActiveCfg = Debug|Any CPU
		{880D4DD5-16C0-4C20-90E9-C7F625662510}.Debug|Any CPU.Build.0 = Debug|Any CPU
		{880D4DD5-16C0-4C20-90E9-C7F625662510}.Release|Any CPU.ActiveCfg = Release|Any CPU
		{880D4DD5-16C0-4C20-90E9-C7F625662510}.Release|Any CPU.Build.0 = Release|Any CPU
		{505EE9C6-D913-4763-BBD2-83197E0B0211}.Debug|Any CPU.ActiveCfg = Debug|Any CPU
		{505EE9C6-D913-4763-BBD2-83197E0B0211}.Debug|Any CPU.Build.0 = Debug|Any CPU
		{505EE9C6-D913-4763-BBD2-83197E0B0211}.Release|Any CPU.ActiveCfg = Release|Any CPU
		{505EE9C6-D913-4763-BBD2-83197E0B0211}.Release|Any CPU.Build.0 = Release|Any CPU
		{F31FC86B-1C0D-4551-83D5-0CD5A4C0DBFB}.Debug|Any CPU.ActiveCfg = Debug|Any CPU
		{F31FC86B-1C0D-4551-83D5-0CD5A4C0DBFB}.Debug|Any CPU.Build.0 = Debug|Any CPU
		{F31FC86B-1C0D-4551-83D5-0CD5A4C0DBFB}.Release|Any CPU.ActiveCfg = Release|Any CPU
		{F31FC86B-1C0D-4551-83D5-0CD5A4C0DBFB}.Release|Any CPU.Build.0 = Release|Any CPU
		{BAE2FF1D-8ECB-450F-9D6F-5A90A6751DB6}.Debug|Any CPU.ActiveCfg = Debug|Any CPU
		{BAE2FF1D-8ECB-450F-9D6F-5A90A6751DB6}.Debug|Any CPU.Build.0 = Debug|Any CPU
		{BAE2FF1D-8ECB-450F-9D6F-5A90A6751DB6}.Release|Any CPU.ActiveCfg = Release|Any CPU
		{BAE2FF1D-8ECB-450F-9D6F-5A90A6751DB6}.Release|Any CPU.Build.0 = Release|Any CPU
		{6EA88541-C2A5-4C8C-84C6-4E9D4C8CC7A8}.Debug|Any CPU.ActiveCfg = Debug|Any CPU
		{6EA88541-C2A5-4C8C-84C6-4E9D4C8CC7A8}.Debug|Any CPU.Build.0 = Debug|Any CPU
		{6EA88541-C2A5-4C8C-84C6-4E9D4C8CC7A8}.Release|Any CPU.ActiveCfg = Release|Any CPU
		{6EA88541-C2A5-4C8C-84C6-4E9D4C8CC7A8}.Release|Any CPU.Build.0 = Release|Any CPU
		{2CCE404D-AA91-4DE0-8510-8BDECED79723}.Debug|Any CPU.ActiveCfg = Debug|Any CPU
		{2CCE404D-AA91-4DE0-8510-8BDECED79723}.Debug|Any CPU.Build.0 = Debug|Any CPU
		{2CCE404D-AA91-4DE0-8510-8BDECED79723}.Release|Any CPU.ActiveCfg = Release|Any CPU
		{2CCE404D-AA91-4DE0-8510-8BDECED79723}.Release|Any CPU.Build.0 = Release|Any CPU
		{9828C326-B724-457E-A649-70850D5EA018}.Debug|Any CPU.ActiveCfg = Debug|Any CPU
		{9828C326-B724-457E-A649-70850D5EA018}.Debug|Any CPU.Build.0 = Debug|Any CPU
		{9828C326-B724-457E-A649-70850D5EA018}.Release|Any CPU.ActiveCfg = Release|Any CPU
		{9828C326-B724-457E-A649-70850D5EA018}.Release|Any CPU.Build.0 = Release|Any CPU
		{4A0D9BC5-645C-411D-B518-50DB2C34ACFC}.Debug|Any CPU.ActiveCfg = Debug|Any CPU
		{4A0D9BC5-645C-411D-B518-50DB2C34ACFC}.Debug|Any CPU.Build.0 = Debug|Any CPU
		{4A0D9BC5-645C-411D-B518-50DB2C34ACFC}.Release|Any CPU.ActiveCfg = Release|Any CPU
		{4A0D9BC5-645C-411D-B518-50DB2C34ACFC}.Release|Any CPU.Build.0 = Release|Any CPU
		{E1852091-CDF1-45DE-B95D-B771C30ACAD0}.Debug|Any CPU.ActiveCfg = Debug|Any CPU
		{E1852091-CDF1-45DE-B95D-B771C30ACAD0}.Debug|Any CPU.Build.0 = Debug|Any CPU
		{E1852091-CDF1-45DE-B95D-B771C30ACAD0}.Release|Any CPU.ActiveCfg = Release|Any CPU
		{E1852091-CDF1-45DE-B95D-B771C30ACAD0}.Release|Any CPU.Build.0 = Release|Any CPU
		{ED437FE9-CE31-4F09-ABF4-E56A0257E1B1}.Debug|Any CPU.ActiveCfg = Debug|Any CPU
		{ED437FE9-CE31-4F09-ABF4-E56A0257E1B1}.Debug|Any CPU.Build.0 = Debug|Any CPU
		{ED437FE9-CE31-4F09-ABF4-E56A0257E1B1}.Release|Any CPU.ActiveCfg = Release|Any CPU
		{ED437FE9-CE31-4F09-ABF4-E56A0257E1B1}.Release|Any CPU.Build.0 = Release|Any CPU
		{4D598C7C-0592-4752-9CEA-5195F780C006}.Debug|Any CPU.ActiveCfg = Debug|Any CPU
		{4D598C7C-0592-4752-9CEA-5195F780C006}.Debug|Any CPU.Build.0 = Debug|Any CPU
		{4D598C7C-0592-4752-9CEA-5195F780C006}.Release|Any CPU.ActiveCfg = Release|Any CPU
		{4D598C7C-0592-4752-9CEA-5195F780C006}.Release|Any CPU.Build.0 = Release|Any CPU
		{C9CEDA24-C737-4756-9596-B2F1DD424884}.Debug|Any CPU.ActiveCfg = Debug|Any CPU
		{C9CEDA24-C737-4756-9596-B2F1DD424884}.Debug|Any CPU.Build.0 = Debug|Any CPU
		{C9CEDA24-C737-4756-9596-B2F1DD424884}.Release|Any CPU.ActiveCfg = Release|Any CPU
		{C9CEDA24-C737-4756-9596-B2F1DD424884}.Release|Any CPU.Build.0 = Release|Any CPU
		{A349EDCB-8B87-49B1-ABFD-5386DD33FBB8}.Debug|Any CPU.ActiveCfg = Debug|Any CPU
		{A349EDCB-8B87-49B1-ABFD-5386DD33FBB8}.Debug|Any CPU.Build.0 = Debug|Any CPU
		{A349EDCB-8B87-49B1-ABFD-5386DD33FBB8}.Release|Any CPU.ActiveCfg = Release|Any CPU
		{A349EDCB-8B87-49B1-ABFD-5386DD33FBB8}.Release|Any CPU.Build.0 = Release|Any CPU
		{EF51B564-D107-41EC-A3D0-5F3E320425C6}.Debug|Any CPU.ActiveCfg = Debug|Any CPU
		{EF51B564-D107-41EC-A3D0-5F3E320425C6}.Debug|Any CPU.Build.0 = Debug|Any CPU
		{EF51B564-D107-41EC-A3D0-5F3E320425C6}.Release|Any CPU.ActiveCfg = Release|Any CPU
		{EF51B564-D107-41EC-A3D0-5F3E320425C6}.Release|Any CPU.Build.0 = Release|Any CPU
		{EB97917C-7FA8-45A4-A946-9A102B53B52E}.Debug|Any CPU.ActiveCfg = Debug|Any CPU
		{EB97917C-7FA8-45A4-A946-9A102B53B52E}.Debug|Any CPU.Build.0 = Debug|Any CPU
		{EB97917C-7FA8-45A4-A946-9A102B53B52E}.Release|Any CPU.ActiveCfg = Release|Any CPU
		{EB97917C-7FA8-45A4-A946-9A102B53B52E}.Release|Any CPU.Build.0 = Release|Any CPU
		{B65582DF-4CE0-481E-8C79-1FA0292081F2}.Debug|Any CPU.ActiveCfg = Debug|Any CPU
		{B65582DF-4CE0-481E-8C79-1FA0292081F2}.Debug|Any CPU.Build.0 = Debug|Any CPU
		{B65582DF-4CE0-481E-8C79-1FA0292081F2}.Release|Any CPU.ActiveCfg = Release|Any CPU
		{B65582DF-4CE0-481E-8C79-1FA0292081F2}.Release|Any CPU.Build.0 = Release|Any CPU
	EndGlobalSection
	GlobalSection(SolutionProperties) = preSolution
		HideSolutionNode = FALSE
	EndGlobalSection
	GlobalSection(ExtensibilityGlobals) = postSolution
		SolutionGuid = {D3E274B5-0EF8-413D-9B44-2DF289A65A2B}
		VisualSVNWorkingCopyRoot = .
	EndGlobalSection
	GlobalSection(TestCaseManagementSettings) = postSolution
		CategoryFile = WebLis.vsmdi
	EndGlobalSection
EndGlobal
