
Microsoft Visual Studio Solution File, Format Version 12.00
# Visual Studio 15
VisualStudioVersion = 15.0.27428.2037
MinimumVisualStudioVersion = 10.0.40219.1
Project("{FAE04EC0-301F-11D3-BF4B-00C04F79EFBC}") = "ZhiFang.LabInformationIntegratePlatform", "ZhiFang.LabInformationIntegratePlatform\ZhiFang.LabInformationIntegratePlatform.csproj", "{B69E2C23-48AA-4988-80D8-17C760AC6762}"
EndProject
Project("{FAE04EC0-301F-11D3-BF4B-00C04F79EFBC}") = "ZhiFang.Entity.Base", "ZhiFang.Entity.Base\ZhiFang.Entity.Base.csproj", "{F1096968-0D4E-4FBA-B427-45173B78F476}"
EndProject
Project("{FAE04EC0-301F-11D3-BF4B-00C04F79EFBC}") = "ZhiFang.Entity.RBAC", "ZhiFang.Entity.RBAC\ZhiFang.Entity.RBAC.csproj", "{61F57D84-74D3-409F-AA8B-E4DCACF5438C}"
EndProject
Project("{FAE04EC0-301F-11D3-BF4B-00C04F79EFBC}") = "ZhiFang.DBUpdate", "ZhiFang.DBUpdate\ZhiFang.DBUpdate.csproj", "{881E216B-1148-41E2-9CBD-C0C06B5965EB}"
EndProject
Project("{FAE04EC0-301F-11D3-BF4B-00C04F79EFBC}") = "ZhiFang.DAO.NHB.Base", "ZhiFang.DAO.NHB.Base\ZhiFang.DAO.NHB.Base.csproj", "{1FA4B651-58E4-4218-94B9-385CA2752EFD}"
EndProject
Project("{FAE04EC0-301F-11D3-BF4B-00C04F79EFBC}") = "ZhiFang.DAO.NHB.RBAC", "ZhiFang.DAO.NHB.RBAC\ZhiFang.DAO.NHB.RBAC.csproj", "{74ECF185-17AA-4437-AB89-9CA06A77FAAC}"
EndProject
Project("{FAE04EC0-301F-11D3-BF4B-00C04F79EFBC}") = "ZhiFang.IDAO.Base", "ZhiFang.IDAO.Base\ZhiFang.IDAO.Base.csproj", "{FB3A0086-DF39-4D5A-A6E0-D8A1FF07C8AD}"
EndProject
Project("{FAE04EC0-301F-11D3-BF4B-00C04F79EFBC}") = "ZhiFang.IDAO.RBAC", "ZhiFang.IDAO.RBAC\ZhiFang.IDAO.RBAC.csproj", "{E1F06F19-6601-4B30-9A9F-E1E11C721441}"
EndProject
Project("{FAE04EC0-301F-11D3-BF4B-00C04F79EFBC}") = "ZhiFang.Interceptor.LIIP", "ZhiFang.Interceptor.LIIP\ZhiFang.Interceptor.LIIP.csproj", "{EF7E4026-3DD0-4B2F-90E7-2EB7246E62C2}"
EndProject
Project("{FAE04EC0-301F-11D3-BF4B-00C04F79EFBC}") = "ZhiFang.ObjectFactory.LIIP", "ZhiFang.ObjectFactory.LIIP\ZhiFang.ObjectFactory.LIIP.csproj", "{08524890-0343-4C4E-BAFC-2E7877DFCD0F}"
EndProject
Project("{FAE04EC0-301F-11D3-BF4B-00C04F79EFBC}") = "ZhiFang.ServiceCommon.RBAC", "ZhiFang.ServiceCommon.RBAC\ZhiFang.ServiceCommon.RBAC.csproj", "{A4A0F6D1-1F28-49D6-BA06-378519429122}"
EndProject
Project("{FAE04EC0-301F-11D3-BF4B-00C04F79EFBC}") = "ZhiFang.BLL.Base", "ZhiFang.BLL.Base\ZhiFang.BLL.Base.csproj", "{37739231-3A7D-4F27-9AF5-885C68680125}"
EndProject
Project("{FAE04EC0-301F-11D3-BF4B-00C04F79EFBC}") = "ZhiFang.IBLL.Base", "ZhiFang.IBLL.Base\ZhiFang.IBLL.Base.csproj", "{51894403-5FC4-4546-857E-DD4BA973819F}"
EndProject
Project("{FAE04EC0-301F-11D3-BF4B-00C04F79EFBC}") = "ZhiFang.BLL.RBAC", "ZhiFang.BLL.RBAC\ZhiFang.BLL.RBAC.csproj", "{2FB689A9-D6EB-4F2E-98B8-B8A8850E3A97}"
EndProject
Project("{FAE04EC0-301F-11D3-BF4B-00C04F79EFBC}") = "ZhiFang.IBLL.RBAC", "ZhiFang.IBLL.RBAC\ZhiFang.IBLL.RBAC.csproj", "{42C5AA48-EF31-4213-83A5-D24B19F00921}"
EndProject
Project("{FAE04EC0-301F-11D3-BF4B-00C04F79EFBC}") = "ZhiFang.Entity.LIIP", "ZhiFang.Entity.LIIP\ZhiFang.Entity.LIIP.csproj", "{34A7C4DF-E99D-4A8C-B614-C9E7A22FED91}"
EndProject
Project("{FAE04EC0-301F-11D3-BF4B-00C04F79EFBC}") = "ZhiFang.IDAO.LIIP", "ZhiFang.IDAO.LIIP\ZhiFang.IDAO.LIIP.csproj", "{EC0CFFFF-AB6F-4904-A4C3-16AA49C4EAC3}"
EndProject
Project("{FAE04EC0-301F-11D3-BF4B-00C04F79EFBC}") = "ZhiFang.IBLL.LIIP", "ZhiFang.IBLL.LIIP\ZhiFang.IBLL.LIIP.csproj", "{ABD4D18A-3110-463E-A3DF-3C0CCEABB462}"
EndProject
Project("{FAE04EC0-301F-11D3-BF4B-00C04F79EFBC}") = "ZhiFang.BLL.LIIP", "ZhiFang.BLL.LIIP\ZhiFang.BLL.LIIP.csproj", "{F6B6C74E-2D3D-4C8E-BEFC-41ADB468A92A}"
EndProject
Project("{FAE04EC0-301F-11D3-BF4B-00C04F79EFBC}") = "ZhiFang.BLL.Common", "ZhiFang.BLL.Common\ZhiFang.BLL.Common.csproj", "{BF010B74-376A-45BA-9843-1F87287EFAB6}"
EndProject
Project("{FAE04EC0-301F-11D3-BF4B-00C04F79EFBC}") = "ZhiFang.DAO.NHB.Common", "ZhiFang.DAO.NHB.Common\ZhiFang.DAO.NHB.Common.csproj", "{7CA1B12D-C476-426A-AA59-E3E8DBA60650}"
EndProject
Project("{FAE04EC0-301F-11D3-BF4B-00C04F79EFBC}") = "ZhiFang.Entity.Common", "ZhiFang.Entity.Common\ZhiFang.Entity.Common.csproj", "{9DEC2E5E-9E6E-4BE3-9656-61568D209545}"
EndProject
Project("{FAE04EC0-301F-11D3-BF4B-00C04F79EFBC}") = "ZhiFang.IBLL.Common", "ZhiFang.IBLL.Common\ZhiFang.IBLL.Common.csproj", "{EAE20059-B28D-47FC-9BFC-813AE2A7D48D}"
EndProject
Project("{FAE04EC0-301F-11D3-BF4B-00C04F79EFBC}") = "ZhiFang.IDAO.Common", "ZhiFang.IDAO.Common\ZhiFang.IDAO.Common.csproj", "{BB8218B0-01DC-4C86-9C93-5888E4F69A41}"
EndProject
Project("{FAE04EC0-301F-11D3-BF4B-00C04F79EFBC}") = "ZhiFang.LIIP.Common", "ZhiFang.LIIP.Common\ZhiFang.LIIP.Common.csproj", "{324BF3E1-53C0-4066-A8E4-0AECC6D2F2CE}"
EndProject
Project("{2150E333-8FDC-42A3-9474-1A3956D46DE8}") = "Lib", "Lib", "{E764E8DB-93F6-44CC-8D34-1B7F949676AF}"
	ProjectSection(SolutionItems) = preProject
		Lib\Antlr3.Runtime.dll = Lib\Antlr3.Runtime.dll
		Lib\Aspose.Cells.dll = Lib\Aspose.Cells.dll
		Lib\Common.Logging.dll = Lib\Common.Logging.dll
		Lib\Excel.dll = Lib\Excel.dll
		Lib\FastReport.Bars.dll = Lib\FastReport.Bars.dll
		Lib\FastReport.dll = Lib\FastReport.dll
		Lib\FastReport.Editor.dll = Lib\FastReport.Editor.dll
		Lib\ICSharpCode.SharpZipLib.dll = Lib\ICSharpCode.SharpZipLib.dll
		Lib\Iesi.Collections.dll = Lib\Iesi.Collections.dll
		Lib\Ionic.Zip.dll = Lib\Ionic.Zip.dll
		Lib\itextsharp.dll = Lib\itextsharp.dll
		Lib\itextsharp.xml = Lib\itextsharp.xml
		Lib\LinFu.DynamicProxy.dll = Lib\LinFu.DynamicProxy.dll
		Lib\log4net.dll = Lib\log4net.dll
		Lib\log4netcfg.xml = Lib\log4netcfg.xml
		Lib\Newtonsoft.Json.dll = Lib\Newtonsoft.Json.dll
		Lib\NHibernate.ByteCode.LinFu.dll = Lib\NHibernate.ByteCode.LinFu.dll
		Lib\NHibernate.ByteCode.Spring.dll = Lib\NHibernate.ByteCode.Spring.dll
		Lib\NHibernate.Caches.SysCache2.dll = Lib\NHibernate.Caches.SysCache2.dll
		Lib\NHibernate.dll = Lib\NHibernate.dll
		Lib\NPOI.dll = Lib\NPOI.dll
		Lib\NPOI.OOXML.dll = Lib\NPOI.OOXML.dll
		Lib\NPOI.OOXML.XML = Lib\NPOI.OOXML.XML
		Lib\NPOI.OpenXml4Net.dll = Lib\NPOI.OpenXml4Net.dll
		Lib\NPOI.OpenXml4Net.XML = Lib\NPOI.OpenXml4Net.XML
		Lib\NPOI.OpenXmlFormats.dll = Lib\NPOI.OpenXmlFormats.dll
		Lib\NPOI.XML = Lib\NPOI.XML
		Lib\Spring.Aop.dll = Lib\Spring.Aop.dll
		Lib\Spring.Core.dll = Lib\Spring.Core.dll
		Lib\Spring.Core.xml = Lib\Spring.Core.xml
		Lib\Spring.Data.dll = Lib\Spring.Data.dll
		Lib\Spring.Data.NHibernate30.dll = Lib\Spring.Data.NHibernate30.dll
		Lib\Spring.Services.dll = Lib\Spring.Services.dll
		Lib\ZhiFang.Common.dll = Lib\ZhiFang.Common.dll
		Lib\ZhiFang.Common.Log.dll = Lib\ZhiFang.Common.Log.dll
	EndProjectSection
EndProject
Project("{FAE04EC0-301F-11D3-BF4B-00C04F79EFBC}") = "ZhiFang.DAO.NHB.LIIP", "ZhiFang.DAO.NHB.LIIP\ZhiFang.DAO.NHB.LIIP.csproj", "{DA95418E-3119-4367-B44D-5375A6BE51CE}"
EndProject
Project("{2150E333-8FDC-42A3-9474-1A3956D46DE8}") = "PD", "PD", "{4D7CC00B-09F8-43C0-AFAB-93D97EB2A713}"
	ProjectSection(SolutionItems) = preProject
		PD\PDM_LabInformationIntegratePlatform.pdb = PD\PDM_LabInformationIntegratePlatform.pdb
		PD\PDM_LabInformationIntegratePlatform.pdm = PD\PDM_LabInformationIntegratePlatform.pdm
	EndProjectSection
EndProject
Project("{FAE04EC0-301F-11D3-BF4B-00C04F79EFBC}") = "ZhiFang.UnitTest", "ZhiFang.UnitTest\ZhiFang.UnitTest.csproj", "{DD438FF8-5209-47A2-A62B-57ADAC29ACE5}"
EndProject
Project("{FAE04EC0-301F-11D3-BF4B-00C04F79EFBC}") = "ZhiFang.DAO.MSSQL", "ZhiFang.DAO.MSSQL\ZhiFang.DAO.MSSQL.csproj", "{B8D15B9B-5CDD-4D77-8730-1D993F4A81B0}"
EndProject
Global
	GlobalSection(SolutionConfigurationPlatforms) = preSolution
		Debug|Any CPU = Debug|Any CPU
		Release|Any CPU = Release|Any CPU
	EndGlobalSection
	GlobalSection(ProjectConfigurationPlatforms) = postSolution
		{B69E2C23-48AA-4988-80D8-17C760AC6762}.Debug|Any CPU.ActiveCfg = Debug|Any CPU
		{B69E2C23-48AA-4988-80D8-17C760AC6762}.Debug|Any CPU.Build.0 = Debug|Any CPU
		{B69E2C23-48AA-4988-80D8-17C760AC6762}.Release|Any CPU.ActiveCfg = Release|Any CPU
		{B69E2C23-48AA-4988-80D8-17C760AC6762}.Release|Any CPU.Build.0 = Release|Any CPU
		{F1096968-0D4E-4FBA-B427-45173B78F476}.Debug|Any CPU.ActiveCfg = Debug|Any CPU
		{F1096968-0D4E-4FBA-B427-45173B78F476}.Debug|Any CPU.Build.0 = Debug|Any CPU
		{F1096968-0D4E-4FBA-B427-45173B78F476}.Release|Any CPU.ActiveCfg = Release|Any CPU
		{F1096968-0D4E-4FBA-B427-45173B78F476}.Release|Any CPU.Build.0 = Release|Any CPU
		{61F57D84-74D3-409F-AA8B-E4DCACF5438C}.Debug|Any CPU.ActiveCfg = Debug|Any CPU
		{61F57D84-74D3-409F-AA8B-E4DCACF5438C}.Debug|Any CPU.Build.0 = Debug|Any CPU
		{61F57D84-74D3-409F-AA8B-E4DCACF5438C}.Release|Any CPU.ActiveCfg = Release|Any CPU
		{61F57D84-74D3-409F-AA8B-E4DCACF5438C}.Release|Any CPU.Build.0 = Release|Any CPU
		{881E216B-1148-41E2-9CBD-C0C06B5965EB}.Debug|Any CPU.ActiveCfg = Debug|Any CPU
		{881E216B-1148-41E2-9CBD-C0C06B5965EB}.Debug|Any CPU.Build.0 = Debug|Any CPU
		{881E216B-1148-41E2-9CBD-C0C06B5965EB}.Release|Any CPU.ActiveCfg = Release|Any CPU
		{881E216B-1148-41E2-9CBD-C0C06B5965EB}.Release|Any CPU.Build.0 = Release|Any CPU
		{1FA4B651-58E4-4218-94B9-385CA2752EFD}.Debug|Any CPU.ActiveCfg = Debug|Any CPU
		{1FA4B651-58E4-4218-94B9-385CA2752EFD}.Debug|Any CPU.Build.0 = Debug|Any CPU
		{1FA4B651-58E4-4218-94B9-385CA2752EFD}.Release|Any CPU.ActiveCfg = Release|Any CPU
		{1FA4B651-58E4-4218-94B9-385CA2752EFD}.Release|Any CPU.Build.0 = Release|Any CPU
		{74ECF185-17AA-4437-AB89-9CA06A77FAAC}.Debug|Any CPU.ActiveCfg = Debug|Any CPU
		{74ECF185-17AA-4437-AB89-9CA06A77FAAC}.Debug|Any CPU.Build.0 = Debug|Any CPU
		{74ECF185-17AA-4437-AB89-9CA06A77FAAC}.Release|Any CPU.ActiveCfg = Release|Any CPU
		{74ECF185-17AA-4437-AB89-9CA06A77FAAC}.Release|Any CPU.Build.0 = Release|Any CPU
		{FB3A0086-DF39-4D5A-A6E0-D8A1FF07C8AD}.Debug|Any CPU.ActiveCfg = Debug|Any CPU
		{FB3A0086-DF39-4D5A-A6E0-D8A1FF07C8AD}.Debug|Any CPU.Build.0 = Debug|Any CPU
		{FB3A0086-DF39-4D5A-A6E0-D8A1FF07C8AD}.Release|Any CPU.ActiveCfg = Release|Any CPU
		{FB3A0086-DF39-4D5A-A6E0-D8A1FF07C8AD}.Release|Any CPU.Build.0 = Release|Any CPU
		{E1F06F19-6601-4B30-9A9F-E1E11C721441}.Debug|Any CPU.ActiveCfg = Debug|Any CPU
		{E1F06F19-6601-4B30-9A9F-E1E11C721441}.Debug|Any CPU.Build.0 = Debug|Any CPU
		{E1F06F19-6601-4B30-9A9F-E1E11C721441}.Release|Any CPU.ActiveCfg = Release|Any CPU
		{E1F06F19-6601-4B30-9A9F-E1E11C721441}.Release|Any CPU.Build.0 = Release|Any CPU
		{EF7E4026-3DD0-4B2F-90E7-2EB7246E62C2}.Debug|Any CPU.ActiveCfg = Debug|Any CPU
		{EF7E4026-3DD0-4B2F-90E7-2EB7246E62C2}.Debug|Any CPU.Build.0 = Debug|Any CPU
		{EF7E4026-3DD0-4B2F-90E7-2EB7246E62C2}.Release|Any CPU.ActiveCfg = Release|Any CPU
		{EF7E4026-3DD0-4B2F-90E7-2EB7246E62C2}.Release|Any CPU.Build.0 = Release|Any CPU
		{08524890-0343-4C4E-BAFC-2E7877DFCD0F}.Debug|Any CPU.ActiveCfg = Debug|Any CPU
		{08524890-0343-4C4E-BAFC-2E7877DFCD0F}.Debug|Any CPU.Build.0 = Debug|Any CPU
		{08524890-0343-4C4E-BAFC-2E7877DFCD0F}.Release|Any CPU.ActiveCfg = Release|Any CPU
		{08524890-0343-4C4E-BAFC-2E7877DFCD0F}.Release|Any CPU.Build.0 = Release|Any CPU
		{A4A0F6D1-1F28-49D6-BA06-378519429122}.Debug|Any CPU.ActiveCfg = Debug|Any CPU
		{A4A0F6D1-1F28-49D6-BA06-378519429122}.Debug|Any CPU.Build.0 = Debug|Any CPU
		{A4A0F6D1-1F28-49D6-BA06-378519429122}.Release|Any CPU.ActiveCfg = Release|Any CPU
		{A4A0F6D1-1F28-49D6-BA06-378519429122}.Release|Any CPU.Build.0 = Release|Any CPU
		{37739231-3A7D-4F27-9AF5-885C68680125}.Debug|Any CPU.ActiveCfg = Debug|Any CPU
		{37739231-3A7D-4F27-9AF5-885C68680125}.Debug|Any CPU.Build.0 = Debug|Any CPU
		{37739231-3A7D-4F27-9AF5-885C68680125}.Release|Any CPU.ActiveCfg = Release|Any CPU
		{37739231-3A7D-4F27-9AF5-885C68680125}.Release|Any CPU.Build.0 = Release|Any CPU
		{51894403-5FC4-4546-857E-DD4BA973819F}.Debug|Any CPU.ActiveCfg = Debug|Any CPU
		{51894403-5FC4-4546-857E-DD4BA973819F}.Debug|Any CPU.Build.0 = Debug|Any CPU
		{51894403-5FC4-4546-857E-DD4BA973819F}.Release|Any CPU.ActiveCfg = Release|Any CPU
		{51894403-5FC4-4546-857E-DD4BA973819F}.Release|Any CPU.Build.0 = Release|Any CPU
		{2FB689A9-D6EB-4F2E-98B8-B8A8850E3A97}.Debug|Any CPU.ActiveCfg = Debug|Any CPU
		{2FB689A9-D6EB-4F2E-98B8-B8A8850E3A97}.Debug|Any CPU.Build.0 = Debug|Any CPU
		{2FB689A9-D6EB-4F2E-98B8-B8A8850E3A97}.Release|Any CPU.ActiveCfg = Release|Any CPU
		{2FB689A9-D6EB-4F2E-98B8-B8A8850E3A97}.Release|Any CPU.Build.0 = Release|Any CPU
		{42C5AA48-EF31-4213-83A5-D24B19F00921}.Debug|Any CPU.ActiveCfg = Debug|Any CPU
		{42C5AA48-EF31-4213-83A5-D24B19F00921}.Debug|Any CPU.Build.0 = Debug|Any CPU
		{42C5AA48-EF31-4213-83A5-D24B19F00921}.Release|Any CPU.ActiveCfg = Release|Any CPU
		{42C5AA48-EF31-4213-83A5-D24B19F00921}.Release|Any CPU.Build.0 = Release|Any CPU
		{34A7C4DF-E99D-4A8C-B614-C9E7A22FED91}.Debug|Any CPU.ActiveCfg = Debug|Any CPU
		{34A7C4DF-E99D-4A8C-B614-C9E7A22FED91}.Debug|Any CPU.Build.0 = Debug|Any CPU
		{34A7C4DF-E99D-4A8C-B614-C9E7A22FED91}.Release|Any CPU.ActiveCfg = Release|Any CPU
		{34A7C4DF-E99D-4A8C-B614-C9E7A22FED91}.Release|Any CPU.Build.0 = Release|Any CPU
		{EC0CFFFF-AB6F-4904-A4C3-16AA49C4EAC3}.Debug|Any CPU.ActiveCfg = Debug|Any CPU
		{EC0CFFFF-AB6F-4904-A4C3-16AA49C4EAC3}.Debug|Any CPU.Build.0 = Debug|Any CPU
		{EC0CFFFF-AB6F-4904-A4C3-16AA49C4EAC3}.Release|Any CPU.ActiveCfg = Release|Any CPU
		{EC0CFFFF-AB6F-4904-A4C3-16AA49C4EAC3}.Release|Any CPU.Build.0 = Release|Any CPU
		{ABD4D18A-3110-463E-A3DF-3C0CCEABB462}.Debug|Any CPU.ActiveCfg = Debug|Any CPU
		{ABD4D18A-3110-463E-A3DF-3C0CCEABB462}.Debug|Any CPU.Build.0 = Debug|Any CPU
		{ABD4D18A-3110-463E-A3DF-3C0CCEABB462}.Release|Any CPU.ActiveCfg = Release|Any CPU
		{ABD4D18A-3110-463E-A3DF-3C0CCEABB462}.Release|Any CPU.Build.0 = Release|Any CPU
		{F6B6C74E-2D3D-4C8E-BEFC-41ADB468A92A}.Debug|Any CPU.ActiveCfg = Debug|Any CPU
		{F6B6C74E-2D3D-4C8E-BEFC-41ADB468A92A}.Debug|Any CPU.Build.0 = Debug|Any CPU
		{F6B6C74E-2D3D-4C8E-BEFC-41ADB468A92A}.Release|Any CPU.ActiveCfg = Release|Any CPU
		{F6B6C74E-2D3D-4C8E-BEFC-41ADB468A92A}.Release|Any CPU.Build.0 = Release|Any CPU
		{BF010B74-376A-45BA-9843-1F87287EFAB6}.Debug|Any CPU.ActiveCfg = Debug|Any CPU
		{BF010B74-376A-45BA-9843-1F87287EFAB6}.Debug|Any CPU.Build.0 = Debug|Any CPU
		{BF010B74-376A-45BA-9843-1F87287EFAB6}.Release|Any CPU.ActiveCfg = Release|Any CPU
		{BF010B74-376A-45BA-9843-1F87287EFAB6}.Release|Any CPU.Build.0 = Release|Any CPU
		{7CA1B12D-C476-426A-AA59-E3E8DBA60650}.Debug|Any CPU.ActiveCfg = Debug|Any CPU
		{7CA1B12D-C476-426A-AA59-E3E8DBA60650}.Debug|Any CPU.Build.0 = Debug|Any CPU
		{7CA1B12D-C476-426A-AA59-E3E8DBA60650}.Release|Any CPU.ActiveCfg = Release|Any CPU
		{7CA1B12D-C476-426A-AA59-E3E8DBA60650}.Release|Any CPU.Build.0 = Release|Any CPU
		{9DEC2E5E-9E6E-4BE3-9656-61568D209545}.Debug|Any CPU.ActiveCfg = Debug|Any CPU
		{9DEC2E5E-9E6E-4BE3-9656-61568D209545}.Debug|Any CPU.Build.0 = Debug|Any CPU
		{9DEC2E5E-9E6E-4BE3-9656-61568D209545}.Release|Any CPU.ActiveCfg = Release|Any CPU
		{9DEC2E5E-9E6E-4BE3-9656-61568D209545}.Release|Any CPU.Build.0 = Release|Any CPU
		{EAE20059-B28D-47FC-9BFC-813AE2A7D48D}.Debug|Any CPU.ActiveCfg = Debug|Any CPU
		{EAE20059-B28D-47FC-9BFC-813AE2A7D48D}.Debug|Any CPU.Build.0 = Debug|Any CPU
		{EAE20059-B28D-47FC-9BFC-813AE2A7D48D}.Release|Any CPU.ActiveCfg = Release|Any CPU
		{EAE20059-B28D-47FC-9BFC-813AE2A7D48D}.Release|Any CPU.Build.0 = Release|Any CPU
		{BB8218B0-01DC-4C86-9C93-5888E4F69A41}.Debug|Any CPU.ActiveCfg = Debug|Any CPU
		{BB8218B0-01DC-4C86-9C93-5888E4F69A41}.Debug|Any CPU.Build.0 = Debug|Any CPU
		{BB8218B0-01DC-4C86-9C93-5888E4F69A41}.Release|Any CPU.ActiveCfg = Release|Any CPU
		{BB8218B0-01DC-4C86-9C93-5888E4F69A41}.Release|Any CPU.Build.0 = Release|Any CPU
		{324BF3E1-53C0-4066-A8E4-0AECC6D2F2CE}.Debug|Any CPU.ActiveCfg = Debug|Any CPU
		{324BF3E1-53C0-4066-A8E4-0AECC6D2F2CE}.Debug|Any CPU.Build.0 = Debug|Any CPU
		{324BF3E1-53C0-4066-A8E4-0AECC6D2F2CE}.Release|Any CPU.ActiveCfg = Release|Any CPU
		{324BF3E1-53C0-4066-A8E4-0AECC6D2F2CE}.Release|Any CPU.Build.0 = Release|Any CPU
		{DA95418E-3119-4367-B44D-5375A6BE51CE}.Debug|Any CPU.ActiveCfg = Debug|Any CPU
		{DA95418E-3119-4367-B44D-5375A6BE51CE}.Debug|Any CPU.Build.0 = Debug|Any CPU
		{DA95418E-3119-4367-B44D-5375A6BE51CE}.Release|Any CPU.ActiveCfg = Release|Any CPU
		{DA95418E-3119-4367-B44D-5375A6BE51CE}.Release|Any CPU.Build.0 = Release|Any CPU
		{DD438FF8-5209-47A2-A62B-57ADAC29ACE5}.Debug|Any CPU.ActiveCfg = Debug|Any CPU
		{DD438FF8-5209-47A2-A62B-57ADAC29ACE5}.Debug|Any CPU.Build.0 = Debug|Any CPU
		{DD438FF8-5209-47A2-A62B-57ADAC29ACE5}.Release|Any CPU.ActiveCfg = Release|Any CPU
		{DD438FF8-5209-47A2-A62B-57ADAC29ACE5}.Release|Any CPU.Build.0 = Release|Any CPU
		{B8D15B9B-5CDD-4D77-8730-1D993F4A81B0}.Debug|Any CPU.ActiveCfg = Debug|Any CPU
		{B8D15B9B-5CDD-4D77-8730-1D993F4A81B0}.Debug|Any CPU.Build.0 = Debug|Any CPU
		{B8D15B9B-5CDD-4D77-8730-1D993F4A81B0}.Release|Any CPU.ActiveCfg = Release|Any CPU
		{B8D15B9B-5CDD-4D77-8730-1D993F4A81B0}.Release|Any CPU.Build.0 = Release|Any CPU
	EndGlobalSection
	GlobalSection(SolutionProperties) = preSolution
		HideSolutionNode = FALSE
	EndGlobalSection
	GlobalSection(ExtensibilityGlobals) = postSolution
		SolutionGuid = {59E0A4F4-7206-4D10-B4DA-37F325C0C937}
		VisualSVNWorkingCopyRoot = .
	EndGlobalSection
EndGlobal
