
Microsoft Visual Studio Solution File, Format Version 12.00
# Visual Studio 14
VisualStudioVersion = 14.0.25420.1
MinimumVisualStudioVersion = 10.0.40219.1
Project("{FAE04EC0-301F-11D3-BF4B-00C04F79EFBC}") = "ZhiFang.Digitlab.ReagentSys", "ZhiFang.Digitlab.ReagentSys\ZhiFang.Digitlab.ReagentSys.csproj", "{0E1500EB-04FC-4B90-B9F5-0C08C3392987}"
EndProject
Project("{2150E333-8FDC-42A3-9474-1A3956D46DE8}") = "Lib", "Lib", "{86BA6FD5-3C51-420B-A0B7-486A7C60AE62}"
	ProjectSection(SolutionItems) = preProject
		Lib\Antlr3.Runtime.dll = Lib\Antlr3.Runtime.dll
		Lib\dotnetCHARTING.dll = Lib\dotnetCHARTING.dll
		Lib\Excel.dll = Lib\Excel.dll
		Lib\FastReport.Bars.dll = Lib\FastReport.Bars.dll
		Lib\FastReport.dll = Lib\FastReport.dll
		Lib\FastReport.Editor.dll = Lib\FastReport.Editor.dll
		Lib\ICSharpCode.SharpZipLib.dll = Lib\ICSharpCode.SharpZipLib.dll
		Lib\Iesi.Collections.dll = Lib\Iesi.Collections.dll
		Lib\LinFu.DynamicProxy.dll = Lib\LinFu.DynamicProxy.dll
		Lib\log4net.dll = Lib\log4net.dll
		Lib\Newtonsoft.Json.dll = Lib\Newtonsoft.Json.dll
		Lib\NHibernate.ByteCode.LinFu.dll = Lib\NHibernate.ByteCode.LinFu.dll
		Lib\NHibernate.ByteCode.Spring.dll = Lib\NHibernate.ByteCode.Spring.dll
		Lib\NHibernate.Caches.SysCache2.dll = Lib\NHibernate.Caches.SysCache2.dll
		Lib\NHibernate.dll = Lib\NHibernate.dll
		Lib\Spring.Aop.dll = Lib\Spring.Aop.dll
		Lib\Spring.Core.dll = Lib\Spring.Core.dll
		Lib\Spring.Core.xml = Lib\Spring.Core.xml
		Lib\Spring.Data.dll = Lib\Spring.Data.dll
		Lib\Spring.Data.NHibernate30.dll = Lib\Spring.Data.NHibernate30.dll
		Lib\Spring.Services.dll = Lib\Spring.Services.dll
		Lib\ZhiFang.Common.Log.dll = Lib\ZhiFang.Common.Log.dll
	EndProjectSection
EndProject
Project("{FAE04EC0-301F-11D3-BF4B-00C04F79EFBC}") = "ZhiFang.Digitlab.BLL.ReagentSys", "ZhiFang.Digitlab.BLL.ReagentSys\ZhiFang.Digitlab.BLL.ReagentSys.csproj", "{764B331A-E9B8-4562-8298-EB69E587EA19}"
EndProject
Project("{FAE04EC0-301F-11D3-BF4B-00C04F79EFBC}") = "ZhiFang.Digitlab.IBLL.ReagentSys", "ZhiFang.Digitlab.IBLL.ReagentSys\ZhiFang.Digitlab.IBLL.ReagentSys.csproj", "{D5AB9A35-AFE6-423C-9879-C9F2DA3985B4}"
EndProject
Project("{FAE04EC0-301F-11D3-BF4B-00C04F79EFBC}") = "ZhiFang.Digitlab.DAO.NHB.ReagentSys", "ZhiFang.Digitlab.DAO.NHB.ReagentSys\ZhiFang.Digitlab.DAO.NHB.ReagentSys.csproj", "{B250BD93-8B01-4BB7-897D-6DF8D57E2240}"
EndProject
Project("{FAE04EC0-301F-11D3-BF4B-00C04F79EFBC}") = "ZhiFang.Digitlab.IDAO.ReagentSys", "ZhiFang.Digitlab.IDAO.ReagentSys\ZhiFang.Digitlab.IDAO.ReagentSys.csproj", "{304BE69E-EB4C-4FF2-96F3-6A14DEE963DC}"
EndProject
Project("{FAE04EC0-301F-11D3-BF4B-00C04F79EFBC}") = "ZhiFang.Digitlab.Entity.ReagentSys", "ZhiFang.Digitlab.Entity.ReagentSys\ZhiFang.Digitlab.Entity.ReagentSys.csproj", "{9C953320-BFFA-4FF3-A1EC-AD2B0836121C}"
EndProject
Project("{FAE04EC0-301F-11D3-BF4B-00C04F79EFBC}") = "ZhiFang.Digitlab.ObjectFactory.ReagentSys", "ZhiFang.Digitlab.ObjectFactory.ReagentSys\ZhiFang.Digitlab.ObjectFactory.ReagentSys.csproj", "{05209BC3-D8BB-4F47-AAF3-242E2528DA0C}"
EndProject
Project("{FAE04EC0-301F-11D3-BF4B-00C04F79EFBC}") = "ZhiFang.Digitlab.Interceptor.ReagentSys", "ZhiFang.Digitlab.Interceptor.ReagentSys\ZhiFang.Digitlab.Interceptor.ReagentSys.csproj", "{41AC0A1F-3AC2-4936-B994-8C67D1479670}"
EndProject
Project("{FAE04EC0-301F-11D3-BF4B-00C04F79EFBC}") = "ZhiFang.Common", "ZhiFang.Common\ZhiFang.Common.csproj", "{AB7C5EC2-4B34-49DF-8292-45DCBBB1907C}"
EndProject
Project("{FAE04EC0-301F-11D3-BF4B-00C04F79EFBC}") = "ZhiFang.Digitlab.BLL", "ZhiFang.Digitlab.BLL\ZhiFang.Digitlab.BLL.csproj", "{E935BB0A-2950-488A-BD78-04BF9A107C5E}"
EndProject
Project("{FAE04EC0-301F-11D3-BF4B-00C04F79EFBC}") = "ZhiFang.Digitlab.BLL.Business", "ZhiFang.Digitlab.BLL.Business\ZhiFang.Digitlab.BLL.Business.csproj", "{AB415B58-1043-42ED-AC76-8E44A8C06A0A}"
EndProject
Project("{FAE04EC0-301F-11D3-BF4B-00C04F79EFBC}") = "ZhiFang.Digitlab.BLL.Construction", "ZhiFang.Digitlab.BLL.Construction\ZhiFang.Digitlab.BLL.Construction.csproj", "{E707A90B-902C-4023-AFA5-0A01ADA76159}"
EndProject
Project("{FAE04EC0-301F-11D3-BF4B-00C04F79EFBC}") = "ZhiFang.Digitlab.BLL.RBAC", "ZhiFang.Digitlab.BLL.RBAC\ZhiFang.Digitlab.BLL.RBAC.csproj", "{1309DAF3-529D-434F-B8B0-BD307FAE9770}"
EndProject
Project("{FAE04EC0-301F-11D3-BF4B-00C04F79EFBC}") = "ZhiFang.Digitlab.DAO.NHB", "ZhiFang.Digitlab.DAO.NHB\ZhiFang.Digitlab.DAO.NHB.csproj", "{B7E99BE4-F328-4480-9771-3094299FDFA4}"
EndProject
Project("{FAE04EC0-301F-11D3-BF4B-00C04F79EFBC}") = "ZhiFang.Digitlab.Entity", "ZhiFang.Digitlab.Entity\ZhiFang.Digitlab.Entity.csproj", "{D9AFA74E-62BF-474D-AC0D-FD04F361D0A4}"
EndProject
Project("{FAE04EC0-301F-11D3-BF4B-00C04F79EFBC}") = "ZhiFang.Digitlab.IBLL.Business", "ZhiFang.Digitlab.IBLL.Business\ZhiFang.Digitlab.IBLL.Business.csproj", "{1BA52340-F0CA-4F3E-92AC-EE46708C121F}"
EndProject
Project("{FAE04EC0-301F-11D3-BF4B-00C04F79EFBC}") = "ZhiFang.Digitlab.IBLL.Construction", "ZhiFang.Digitlab.IBLL.Construction\ZhiFang.Digitlab.IBLL.Construction.csproj", "{6CECD92D-320D-408D-B533-8EE9D3E8D4D7}"
EndProject
Project("{FAE04EC0-301F-11D3-BF4B-00C04F79EFBC}") = "ZhiFang.Digitlab.IBLL.RBAC", "ZhiFang.Digitlab.IBLL.RBAC\ZhiFang.Digitlab.IBLL.RBAC.csproj", "{8F5A6D30-252F-4CB4-884C-DCF3571B6F32}"
EndProject
Project("{FAE04EC0-301F-11D3-BF4B-00C04F79EFBC}") = "ZhiFang.Digitlab.IDAO", "ZhiFang.Digitlab.IDAO\ZhiFang.Digitlab.IDAO.csproj", "{963308BE-C1E7-430F-8E7F-D3C9033C3E29}"
EndProject
Project("{FAE04EC0-301F-11D3-BF4B-00C04F79EFBC}") = "ZhiFang.Digitlab.ServiceCommon", "ZhiFang.Digitlab.ServiceCommon\ZhiFang.Digitlab.ServiceCommon.csproj", "{E457CEBA-2C8E-438C-B6A3-2C53DD0B0C23}"
EndProject
Project("{FAE04EC0-301F-11D3-BF4B-00C04F79EFBC}") = "ZhiFang.Digitlab.IBLL", "ZhiFang.Digitlab.IBLL\ZhiFang.Digitlab.IBLL.csproj", "{0B4C27E9-4484-4AD5-8591-5F20A7CAAEB1}"
EndProject
Project("{FAE04EC0-301F-11D3-BF4B-00C04F79EFBC}") = "ZhiFang.DBUpdate.PM", "ZhiFang.DBUpdate.PM\ZhiFang.DBUpdate.PM.csproj", "{A1650855-B138-4898-91A2-019E04660A1B}"
EndProject
Project("{FAE04EC0-301F-11D3-BF4B-00C04F79EFBC}") = "ZhiFang.Digitlab.DAO.ADO", "ZhiFang.Digitlab.DAO.ADO\ZhiFang.Digitlab.DAO.ADO.csproj", "{644E37BF-DBD6-4DDB-931E-F02AFDC10B20}"
EndProject
Project("{FAE04EC0-301F-11D3-BF4B-00C04F79EFBC}") = "ZhiFang.Digitlab.BLL.ReagentSys.ADO", "ZhiFang.Digitlab.BLL.ReagentSys.ADO\ZhiFang.Digitlab.BLL.ReagentSys.ADO.csproj", "{044C50F0-4928-4CEE-A200-55FDDECE8360}"
EndProject
Project("{FAE04EC0-301F-11D3-BF4B-00C04F79EFBC}") = "ZhiFang.Digitlab.IBLL.ReagentSys.ADO", "ZhiFang.Digitlab.IBLL.ReagentSys.ADO\ZhiFang.Digitlab.IBLL.ReagentSys.ADO.csproj", "{40D52F9F-DCFA-4681-B4BA-AA0F9F16C40E}"
EndProject
Global
	GlobalSection(SolutionConfigurationPlatforms) = preSolution
		Debug|Any CPU = Debug|Any CPU
		Release|Any CPU = Release|Any CPU
	EndGlobalSection
	GlobalSection(ProjectConfigurationPlatforms) = postSolution
		{0E1500EB-04FC-4B90-B9F5-0C08C3392987}.Debug|Any CPU.ActiveCfg = Debug|Any CPU
		{0E1500EB-04FC-4B90-B9F5-0C08C3392987}.Debug|Any CPU.Build.0 = Debug|Any CPU
		{0E1500EB-04FC-4B90-B9F5-0C08C3392987}.Release|Any CPU.ActiveCfg = Release|Any CPU
		{0E1500EB-04FC-4B90-B9F5-0C08C3392987}.Release|Any CPU.Build.0 = Release|Any CPU
		{764B331A-E9B8-4562-8298-EB69E587EA19}.Debug|Any CPU.ActiveCfg = Debug|Any CPU
		{764B331A-E9B8-4562-8298-EB69E587EA19}.Debug|Any CPU.Build.0 = Debug|Any CPU
		{764B331A-E9B8-4562-8298-EB69E587EA19}.Release|Any CPU.ActiveCfg = Release|Any CPU
		{764B331A-E9B8-4562-8298-EB69E587EA19}.Release|Any CPU.Build.0 = Release|Any CPU
		{D5AB9A35-AFE6-423C-9879-C9F2DA3985B4}.Debug|Any CPU.ActiveCfg = Debug|Any CPU
		{D5AB9A35-AFE6-423C-9879-C9F2DA3985B4}.Debug|Any CPU.Build.0 = Debug|Any CPU
		{D5AB9A35-AFE6-423C-9879-C9F2DA3985B4}.Release|Any CPU.ActiveCfg = Release|Any CPU
		{D5AB9A35-AFE6-423C-9879-C9F2DA3985B4}.Release|Any CPU.Build.0 = Release|Any CPU
		{B250BD93-8B01-4BB7-897D-6DF8D57E2240}.Debug|Any CPU.ActiveCfg = Debug|Any CPU
		{B250BD93-8B01-4BB7-897D-6DF8D57E2240}.Debug|Any CPU.Build.0 = Debug|Any CPU
		{B250BD93-8B01-4BB7-897D-6DF8D57E2240}.Release|Any CPU.ActiveCfg = Release|Any CPU
		{B250BD93-8B01-4BB7-897D-6DF8D57E2240}.Release|Any CPU.Build.0 = Release|Any CPU
		{304BE69E-EB4C-4FF2-96F3-6A14DEE963DC}.Debug|Any CPU.ActiveCfg = Debug|Any CPU
		{304BE69E-EB4C-4FF2-96F3-6A14DEE963DC}.Debug|Any CPU.Build.0 = Debug|Any CPU
		{304BE69E-EB4C-4FF2-96F3-6A14DEE963DC}.Release|Any CPU.ActiveCfg = Release|Any CPU
		{304BE69E-EB4C-4FF2-96F3-6A14DEE963DC}.Release|Any CPU.Build.0 = Release|Any CPU
		{9C953320-BFFA-4FF3-A1EC-AD2B0836121C}.Debug|Any CPU.ActiveCfg = Debug|Any CPU
		{9C953320-BFFA-4FF3-A1EC-AD2B0836121C}.Debug|Any CPU.Build.0 = Debug|Any CPU
		{9C953320-BFFA-4FF3-A1EC-AD2B0836121C}.Release|Any CPU.ActiveCfg = Release|Any CPU
		{9C953320-BFFA-4FF3-A1EC-AD2B0836121C}.Release|Any CPU.Build.0 = Release|Any CPU
		{05209BC3-D8BB-4F47-AAF3-242E2528DA0C}.Debug|Any CPU.ActiveCfg = Debug|Any CPU
		{05209BC3-D8BB-4F47-AAF3-242E2528DA0C}.Debug|Any CPU.Build.0 = Debug|Any CPU
		{05209BC3-D8BB-4F47-AAF3-242E2528DA0C}.Release|Any CPU.ActiveCfg = Release|Any CPU
		{05209BC3-D8BB-4F47-AAF3-242E2528DA0C}.Release|Any CPU.Build.0 = Release|Any CPU
		{41AC0A1F-3AC2-4936-B994-8C67D1479670}.Debug|Any CPU.ActiveCfg = Debug|Any CPU
		{41AC0A1F-3AC2-4936-B994-8C67D1479670}.Debug|Any CPU.Build.0 = Debug|Any CPU
		{41AC0A1F-3AC2-4936-B994-8C67D1479670}.Release|Any CPU.ActiveCfg = Release|Any CPU
		{41AC0A1F-3AC2-4936-B994-8C67D1479670}.Release|Any CPU.Build.0 = Release|Any CPU
		{AB7C5EC2-4B34-49DF-8292-45DCBBB1907C}.Debug|Any CPU.ActiveCfg = Debug|Any CPU
		{AB7C5EC2-4B34-49DF-8292-45DCBBB1907C}.Debug|Any CPU.Build.0 = Debug|Any CPU
		{AB7C5EC2-4B34-49DF-8292-45DCBBB1907C}.Release|Any CPU.ActiveCfg = Release|Any CPU
		{AB7C5EC2-4B34-49DF-8292-45DCBBB1907C}.Release|Any CPU.Build.0 = Release|Any CPU
		{E935BB0A-2950-488A-BD78-04BF9A107C5E}.Debug|Any CPU.ActiveCfg = Debug|Any CPU
		{E935BB0A-2950-488A-BD78-04BF9A107C5E}.Debug|Any CPU.Build.0 = Debug|Any CPU
		{E935BB0A-2950-488A-BD78-04BF9A107C5E}.Release|Any CPU.ActiveCfg = Release|Any CPU
		{E935BB0A-2950-488A-BD78-04BF9A107C5E}.Release|Any CPU.Build.0 = Release|Any CPU
		{AB415B58-1043-42ED-AC76-8E44A8C06A0A}.Debug|Any CPU.ActiveCfg = Debug|Any CPU
		{AB415B58-1043-42ED-AC76-8E44A8C06A0A}.Debug|Any CPU.Build.0 = Debug|Any CPU
		{AB415B58-1043-42ED-AC76-8E44A8C06A0A}.Release|Any CPU.ActiveCfg = Release|Any CPU
		{AB415B58-1043-42ED-AC76-8E44A8C06A0A}.Release|Any CPU.Build.0 = Release|Any CPU
		{E707A90B-902C-4023-AFA5-0A01ADA76159}.Debug|Any CPU.ActiveCfg = Debug|Any CPU
		{E707A90B-902C-4023-AFA5-0A01ADA76159}.Debug|Any CPU.Build.0 = Debug|Any CPU
		{E707A90B-902C-4023-AFA5-0A01ADA76159}.Release|Any CPU.ActiveCfg = Release|Any CPU
		{E707A90B-902C-4023-AFA5-0A01ADA76159}.Release|Any CPU.Build.0 = Release|Any CPU
		{1309DAF3-529D-434F-B8B0-BD307FAE9770}.Debug|Any CPU.ActiveCfg = Debug|Any CPU
		{1309DAF3-529D-434F-B8B0-BD307FAE9770}.Debug|Any CPU.Build.0 = Debug|Any CPU
		{1309DAF3-529D-434F-B8B0-BD307FAE9770}.Release|Any CPU.ActiveCfg = Release|Any CPU
		{1309DAF3-529D-434F-B8B0-BD307FAE9770}.Release|Any CPU.Build.0 = Release|Any CPU
		{B7E99BE4-F328-4480-9771-3094299FDFA4}.Debug|Any CPU.ActiveCfg = Debug|Any CPU
		{B7E99BE4-F328-4480-9771-3094299FDFA4}.Debug|Any CPU.Build.0 = Debug|Any CPU
		{B7E99BE4-F328-4480-9771-3094299FDFA4}.Release|Any CPU.ActiveCfg = Release|Any CPU
		{B7E99BE4-F328-4480-9771-3094299FDFA4}.Release|Any CPU.Build.0 = Release|Any CPU
		{D9AFA74E-62BF-474D-AC0D-FD04F361D0A4}.Debug|Any CPU.ActiveCfg = Debug|Any CPU
		{D9AFA74E-62BF-474D-AC0D-FD04F361D0A4}.Debug|Any CPU.Build.0 = Debug|Any CPU
		{D9AFA74E-62BF-474D-AC0D-FD04F361D0A4}.Release|Any CPU.ActiveCfg = Release|Any CPU
		{D9AFA74E-62BF-474D-AC0D-FD04F361D0A4}.Release|Any CPU.Build.0 = Release|Any CPU
		{1BA52340-F0CA-4F3E-92AC-EE46708C121F}.Debug|Any CPU.ActiveCfg = Debug|Any CPU
		{1BA52340-F0CA-4F3E-92AC-EE46708C121F}.Debug|Any CPU.Build.0 = Debug|Any CPU
		{1BA52340-F0CA-4F3E-92AC-EE46708C121F}.Release|Any CPU.ActiveCfg = Release|Any CPU
		{1BA52340-F0CA-4F3E-92AC-EE46708C121F}.Release|Any CPU.Build.0 = Release|Any CPU
		{6CECD92D-320D-408D-B533-8EE9D3E8D4D7}.Debug|Any CPU.ActiveCfg = Debug|Any CPU
		{6CECD92D-320D-408D-B533-8EE9D3E8D4D7}.Debug|Any CPU.Build.0 = Debug|Any CPU
		{6CECD92D-320D-408D-B533-8EE9D3E8D4D7}.Release|Any CPU.ActiveCfg = Release|Any CPU
		{6CECD92D-320D-408D-B533-8EE9D3E8D4D7}.Release|Any CPU.Build.0 = Release|Any CPU
		{8F5A6D30-252F-4CB4-884C-DCF3571B6F32}.Debug|Any CPU.ActiveCfg = Debug|Any CPU
		{8F5A6D30-252F-4CB4-884C-DCF3571B6F32}.Debug|Any CPU.Build.0 = Debug|Any CPU
		{8F5A6D30-252F-4CB4-884C-DCF3571B6F32}.Release|Any CPU.ActiveCfg = Release|Any CPU
		{8F5A6D30-252F-4CB4-884C-DCF3571B6F32}.Release|Any CPU.Build.0 = Release|Any CPU
		{963308BE-C1E7-430F-8E7F-D3C9033C3E29}.Debug|Any CPU.ActiveCfg = Debug|Any CPU
		{963308BE-C1E7-430F-8E7F-D3C9033C3E29}.Debug|Any CPU.Build.0 = Debug|Any CPU
		{963308BE-C1E7-430F-8E7F-D3C9033C3E29}.Release|Any CPU.ActiveCfg = Release|Any CPU
		{963308BE-C1E7-430F-8E7F-D3C9033C3E29}.Release|Any CPU.Build.0 = Release|Any CPU
		{E457CEBA-2C8E-438C-B6A3-2C53DD0B0C23}.Debug|Any CPU.ActiveCfg = Debug|Any CPU
		{E457CEBA-2C8E-438C-B6A3-2C53DD0B0C23}.Debug|Any CPU.Build.0 = Debug|Any CPU
		{E457CEBA-2C8E-438C-B6A3-2C53DD0B0C23}.Release|Any CPU.ActiveCfg = Release|Any CPU
		{E457CEBA-2C8E-438C-B6A3-2C53DD0B0C23}.Release|Any CPU.Build.0 = Release|Any CPU
		{0B4C27E9-4484-4AD5-8591-5F20A7CAAEB1}.Debug|Any CPU.ActiveCfg = Debug|Any CPU
		{0B4C27E9-4484-4AD5-8591-5F20A7CAAEB1}.Debug|Any CPU.Build.0 = Debug|Any CPU
		{0B4C27E9-4484-4AD5-8591-5F20A7CAAEB1}.Release|Any CPU.ActiveCfg = Release|Any CPU
		{0B4C27E9-4484-4AD5-8591-5F20A7CAAEB1}.Release|Any CPU.Build.0 = Release|Any CPU
		{A1650855-B138-4898-91A2-019E04660A1B}.Debug|Any CPU.ActiveCfg = Debug|Any CPU
		{A1650855-B138-4898-91A2-019E04660A1B}.Debug|Any CPU.Build.0 = Debug|Any CPU
		{A1650855-B138-4898-91A2-019E04660A1B}.Release|Any CPU.ActiveCfg = Release|Any CPU
		{A1650855-B138-4898-91A2-019E04660A1B}.Release|Any CPU.Build.0 = Release|Any CPU
		{644E37BF-DBD6-4DDB-931E-F02AFDC10B20}.Debug|Any CPU.ActiveCfg = Debug|Any CPU
		{644E37BF-DBD6-4DDB-931E-F02AFDC10B20}.Debug|Any CPU.Build.0 = Debug|Any CPU
		{644E37BF-DBD6-4DDB-931E-F02AFDC10B20}.Release|Any CPU.ActiveCfg = Release|Any CPU
		{644E37BF-DBD6-4DDB-931E-F02AFDC10B20}.Release|Any CPU.Build.0 = Release|Any CPU
		{044C50F0-4928-4CEE-A200-55FDDECE8360}.Debug|Any CPU.ActiveCfg = Debug|Any CPU
		{044C50F0-4928-4CEE-A200-55FDDECE8360}.Debug|Any CPU.Build.0 = Debug|Any CPU
		{044C50F0-4928-4CEE-A200-55FDDECE8360}.Release|Any CPU.ActiveCfg = Release|Any CPU
		{044C50F0-4928-4CEE-A200-55FDDECE8360}.Release|Any CPU.Build.0 = Release|Any CPU
		{40D52F9F-DCFA-4681-B4BA-AA0F9F16C40E}.Debug|Any CPU.ActiveCfg = Debug|Any CPU
		{40D52F9F-DCFA-4681-B4BA-AA0F9F16C40E}.Debug|Any CPU.Build.0 = Debug|Any CPU
		{40D52F9F-DCFA-4681-B4BA-AA0F9F16C40E}.Release|Any CPU.ActiveCfg = Release|Any CPU
		{40D52F9F-DCFA-4681-B4BA-AA0F9F16C40E}.Release|Any CPU.Build.0 = Release|Any CPU
	EndGlobalSection
	GlobalSection(SolutionProperties) = preSolution
		HideSolutionNode = FALSE
	EndGlobalSection
	GlobalSection(ExtensibilityGlobals) = postSolution
		VisualSVNWorkingCopyRoot = .
	EndGlobalSection
EndGlobal
