
Microsoft Visual Studio Solution File, Format Version 12.00
# Visual Studio 14
VisualStudioVersion = 14.0.25420.1
MinimumVisualStudioVersion = 10.0.40219.1
Project("{2150E333-8FDC-42A3-9474-1A3956D46DE8}") = "Lib", "Lib", "{E0100F1A-3133-4DBF-B9E3-6CDF52410B2D}"
	ProjectSection(SolutionItems) = preProject
		Lib\Antlr3.Runtime.dll = Lib\Antlr3.Runtime.dll
		Lib\Common.Logging.dll = Lib\Common.Logging.dll
		Lib\FastReport.dll = Lib\FastReport.dll
		Lib\Iesi.Collections.dll = Lib\Iesi.Collections.dll
		Lib\LitJson.dll = Lib\LitJson.dll
		Lib\log4net.dll = Lib\log4net.dll
		Lib\log4netcfg.xml = Lib\log4netcfg.xml
		Lib\Newtonsoft.Json.dll = Lib\Newtonsoft.Json.dll
		Lib\NHibernate.ByteCode.LinFu.dll = Lib\NHibernate.ByteCode.LinFu.dll
		Lib\NHibernate.ByteCode.Spring.dll = Lib\NHibernate.ByteCode.Spring.dll
		Lib\NHibernate.Caches.SysCache2.dll = Lib\NHibernate.Caches.SysCache2.dll
		Lib\NHibernate.dll = Lib\NHibernate.dll
		Lib\SJBhttp.dll = Lib\SJBhttp.dll
		Lib\SJBhttp.dll.refresh = Lib\SJBhttp.dll.refresh
		Lib\Spring.Aop.dll = Lib\Spring.Aop.dll
		Lib\Spring.Core.dll = Lib\Spring.Core.dll
		Lib\Spring.Core.xml = Lib\Spring.Core.xml
		Lib\Spring.Data.dll = Lib\Spring.Data.dll
		Lib\Spring.Data.NHibernate30.dll = Lib\Spring.Data.NHibernate30.dll
		Lib\Spring.Services.dll = Lib\Spring.Services.dll
		Lib\ZhiFang.Common.dll = Lib\ZhiFang.Common.dll
		Lib\ZhiFang.Common.Log.dll = Lib\ZhiFang.Common.Log.dll
	EndProjectSection
EndProject
Project("{FAE04EC0-301F-11D3-BF4B-00C04F79EFBC}") = "ZhiFang.WeiXin", "ZhiFang.WeiXin\ZhiFang.WeiXin.csproj", "{69625B23-4AA1-4AB2-A47B-A0C66E454F4C}"
EndProject
Project("{FAE04EC0-301F-11D3-BF4B-00C04F79EFBC}") = "ZhiFang.WeiXin.BLL", "ZhiFang.WeiXin.BLL\ZhiFang.WeiXin.BLL.csproj", "{3F7C2F3D-5260-49AD-B3A8-1CB3D09066A2}"
EndProject
Project("{FAE04EC0-301F-11D3-BF4B-00C04F79EFBC}") = "ZhiFang.WeiXin.Common", "ZhiFang.WeiXin.Common\ZhiFang.WeiXin.Common.csproj", "{B7F82A5B-128A-4558-AD09-11CE50BE277F}"
EndProject
Project("{FAE04EC0-301F-11D3-BF4B-00C04F79EFBC}") = "ZhiFang.WeiXin.Entity", "ZhiFang.WeiXin.Entity\ZhiFang.WeiXin.Entity.csproj", "{CC03E805-5743-4343-840A-92FAA7457315}"
EndProject
Project("{FAE04EC0-301F-11D3-BF4B-00C04F79EFBC}") = "ZhiFang.WeiXin.IBLL", "ZhiFang.WeiXin.IBLL\ZhiFang.WeiXin.IBLL.csproj", "{81CE76B4-4265-4CBF-93ED-D3176E1B450A}"
EndProject
Project("{FAE04EC0-301F-11D3-BF4B-00C04F79EFBC}") = "ZhiFang.WeiXin.IDAO", "ZhiFang.WeiXin.IDAO\ZhiFang.WeiXin.IDAO.csproj", "{C0B34E1E-63D0-456A-8385-B51E3B519101}"
EndProject
Project("{FAE04EC0-301F-11D3-BF4B-00C04F79EFBC}") = "ZhiFang.WeiXin.Interceptor", "ZhiFang.WeiXin.Interceptor\ZhiFang.WeiXin.Interceptor.csproj", "{29DE1CC3-389C-4BFF-9793-BF52B5C6922A}"
EndProject
Project("{FAE04EC0-301F-11D3-BF4B-00C04F79EFBC}") = "ZhiFang.WeiXin.ObjectFactory", "ZhiFang.WeiXin.ObjectFactory\ZhiFang.WeiXin.ObjectFactory.csproj", "{8BC9F9F8-5B17-49F9-B8E8-015F920C56F1}"
EndProject
Project("{FAE04EC0-301F-11D3-BF4B-00C04F79EFBC}") = "ZhiFang.WeiXin.TestUseCase", "ZhiFang.WeiXin.TestUseCase\ZhiFang.WeiXin.TestUseCase.csproj", "{A07F991B-0E84-477E-A5A4-E191EE02DB19}"
EndProject
Project("{FAE04EC0-301F-11D3-BF4B-00C04F79EFBC}") = "ZhiFang.WeiXin.DAO.NHB", "ZhiFang.WeiXin.DAO.NHB\ZhiFang.WeiXin.DAO.NHB.csproj", "{4A11B9FA-7865-4872-817C-56845E79F009}"
EndProject
Project("{FAE04EC0-301F-11D3-BF4B-00C04F79EFBC}") = "ZhiFang.WeiXin.DAO.MSSQL", "ZhiFang.WeiXin.DAO.MSSQL\ZhiFang.WeiXin.DAO.MSSQL.csproj", "{6CBF75D3-F430-47A5-88C3-6C1235F66FBE}"
EndProject
Project("{FAE04EC0-301F-11D3-BF4B-00C04F79EFBC}") = "ZhiFang.Entity.RBAC", "ZhiFang.Entity.RBAC\ZhiFang.Entity.RBAC.csproj", "{5BCBA563-016A-493B-88F3-0DC683E9716B}"
EndProject
Project("{FAE04EC0-301F-11D3-BF4B-00C04F79EFBC}") = "ZhiFang.Entity.Base", "ZhiFang.Entity.Base\ZhiFang.Entity.Base.csproj", "{3088C72D-5FBD-46F5-B9BA-FD8ADC05B2A5}"
EndProject
Project("{FAE04EC0-301F-11D3-BF4B-00C04F79EFBC}") = "ZhiFang.IDAO.Base", "ZhiFang.IDAO.Base\ZhiFang.IDAO.Base.csproj", "{327986FE-0805-42D5-8CC4-0A92E88AD4F1}"
EndProject
Project("{FAE04EC0-301F-11D3-BF4B-00C04F79EFBC}") = "ZhiFang.DAO.NHB.Base", "ZhiFang.DAO.NHB.Base\ZhiFang.DAO.NHB.Base.csproj", "{940D976A-3448-4C31-A9FE-1B8C99A38AF2}"
EndProject
Project("{FAE04EC0-301F-11D3-BF4B-00C04F79EFBC}") = "ZhiFang.IBLL.Base", "ZhiFang.IBLL.Base\ZhiFang.IBLL.Base.csproj", "{0448AF93-D854-466F-86C7-8F7843CB9F06}"
EndProject
Project("{FAE04EC0-301F-11D3-BF4B-00C04F79EFBC}") = "ZhiFang.BLL.Base", "ZhiFang.BLL.Base\ZhiFang.BLL.Base.csproj", "{056F6E08-20C6-443C-86E5-055A0504ABA6}"
EndProject
Project("{FAE04EC0-301F-11D3-BF4B-00C04F79EFBC}") = "ZhiFang.IBLL.RBAC", "ZhiFang.IBLL.RBAC\ZhiFang.IBLL.RBAC.csproj", "{4712F40E-4F7E-455C-99D9-8DB93344BC75}"
EndProject
Project("{FAE04EC0-301F-11D3-BF4B-00C04F79EFBC}") = "ZhiFang.BLL.RBAC", "ZhiFang.BLL.RBAC\ZhiFang.BLL.RBAC.csproj", "{DB749A8C-88BB-45DB-862D-ED3A76F0BCBE}"
EndProject
Project("{FAE04EC0-301F-11D3-BF4B-00C04F79EFBC}") = "ZhiFang.IDAO.RBAC", "ZhiFang.IDAO.RBAC\ZhiFang.IDAO.RBAC.csproj", "{92F249BA-E8D6-4AA0-8571-AB21F3E05F70}"
EndProject
Project("{FAE04EC0-301F-11D3-BF4B-00C04F79EFBC}") = "ZhiFang.DAO.NHB.RBAC", "ZhiFang.DAO.NHB.RBAC\ZhiFang.DAO.NHB.RBAC.csproj", "{C2A1E2E6-5BA9-41C4-846B-4492534CBA8B}"
EndProject
Project("{FAE04EC0-301F-11D3-BF4B-00C04F79EFBC}") = "ZhiFang.ServiceCommon.RBAC", "ZhiFang.ServiceCommon.RBAC\ZhiFang.ServiceCommon.RBAC.csproj", "{F5D13AA5-8B44-44F5-9A5E-568ACAE845F5}"
EndProject
Project("{FAE04EC0-301F-11D3-BF4B-00C04F79EFBC}") = "ZhiFang.DBUpdate.PM", "ZhiFang.DBUpdate.PM\ZhiFang.DBUpdate.PM.csproj", "{A1650855-B138-4898-91A2-019E04660A1B}"
EndProject
Global
	GlobalSection(SolutionConfigurationPlatforms) = preSolution
		Debug|Any CPU = Debug|Any CPU
		Release|Any CPU = Release|Any CPU
	EndGlobalSection
	GlobalSection(ProjectConfigurationPlatforms) = postSolution
		{69625B23-4AA1-4AB2-A47B-A0C66E454F4C}.Debug|Any CPU.ActiveCfg = Debug|Any CPU
		{69625B23-4AA1-4AB2-A47B-A0C66E454F4C}.Debug|Any CPU.Build.0 = Debug|Any CPU
		{69625B23-4AA1-4AB2-A47B-A0C66E454F4C}.Release|Any CPU.ActiveCfg = Release|Any CPU
		{69625B23-4AA1-4AB2-A47B-A0C66E454F4C}.Release|Any CPU.Build.0 = Release|Any CPU
		{3F7C2F3D-5260-49AD-B3A8-1CB3D09066A2}.Debug|Any CPU.ActiveCfg = Debug|Any CPU
		{3F7C2F3D-5260-49AD-B3A8-1CB3D09066A2}.Debug|Any CPU.Build.0 = Debug|Any CPU
		{3F7C2F3D-5260-49AD-B3A8-1CB3D09066A2}.Release|Any CPU.ActiveCfg = Release|Any CPU
		{3F7C2F3D-5260-49AD-B3A8-1CB3D09066A2}.Release|Any CPU.Build.0 = Release|Any CPU
		{B7F82A5B-128A-4558-AD09-11CE50BE277F}.Debug|Any CPU.ActiveCfg = Debug|Any CPU
		{B7F82A5B-128A-4558-AD09-11CE50BE277F}.Debug|Any CPU.Build.0 = Debug|Any CPU
		{B7F82A5B-128A-4558-AD09-11CE50BE277F}.Release|Any CPU.ActiveCfg = Release|Any CPU
		{B7F82A5B-128A-4558-AD09-11CE50BE277F}.Release|Any CPU.Build.0 = Release|Any CPU
		{CC03E805-5743-4343-840A-92FAA7457315}.Debug|Any CPU.ActiveCfg = Debug|Any CPU
		{CC03E805-5743-4343-840A-92FAA7457315}.Debug|Any CPU.Build.0 = Debug|Any CPU
		{CC03E805-5743-4343-840A-92FAA7457315}.Release|Any CPU.ActiveCfg = Release|Any CPU
		{CC03E805-5743-4343-840A-92FAA7457315}.Release|Any CPU.Build.0 = Release|Any CPU
		{81CE76B4-4265-4CBF-93ED-D3176E1B450A}.Debug|Any CPU.ActiveCfg = Debug|Any CPU
		{81CE76B4-4265-4CBF-93ED-D3176E1B450A}.Debug|Any CPU.Build.0 = Debug|Any CPU
		{81CE76B4-4265-4CBF-93ED-D3176E1B450A}.Release|Any CPU.ActiveCfg = Release|Any CPU
		{81CE76B4-4265-4CBF-93ED-D3176E1B450A}.Release|Any CPU.Build.0 = Release|Any CPU
		{C0B34E1E-63D0-456A-8385-B51E3B519101}.Debug|Any CPU.ActiveCfg = Debug|Any CPU
		{C0B34E1E-63D0-456A-8385-B51E3B519101}.Debug|Any CPU.Build.0 = Debug|Any CPU
		{C0B34E1E-63D0-456A-8385-B51E3B519101}.Release|Any CPU.ActiveCfg = Release|Any CPU
		{C0B34E1E-63D0-456A-8385-B51E3B519101}.Release|Any CPU.Build.0 = Release|Any CPU
		{29DE1CC3-389C-4BFF-9793-BF52B5C6922A}.Debug|Any CPU.ActiveCfg = Debug|Any CPU
		{29DE1CC3-389C-4BFF-9793-BF52B5C6922A}.Debug|Any CPU.Build.0 = Debug|Any CPU
		{29DE1CC3-389C-4BFF-9793-BF52B5C6922A}.Release|Any CPU.ActiveCfg = Release|Any CPU
		{29DE1CC3-389C-4BFF-9793-BF52B5C6922A}.Release|Any CPU.Build.0 = Release|Any CPU
		{8BC9F9F8-5B17-49F9-B8E8-015F920C56F1}.Debug|Any CPU.ActiveCfg = Debug|Any CPU
		{8BC9F9F8-5B17-49F9-B8E8-015F920C56F1}.Debug|Any CPU.Build.0 = Debug|Any CPU
		{8BC9F9F8-5B17-49F9-B8E8-015F920C56F1}.Release|Any CPU.ActiveCfg = Release|Any CPU
		{8BC9F9F8-5B17-49F9-B8E8-015F920C56F1}.Release|Any CPU.Build.0 = Release|Any CPU
		{A07F991B-0E84-477E-A5A4-E191EE02DB19}.Debug|Any CPU.ActiveCfg = Debug|Any CPU
		{A07F991B-0E84-477E-A5A4-E191EE02DB19}.Debug|Any CPU.Build.0 = Debug|Any CPU
		{A07F991B-0E84-477E-A5A4-E191EE02DB19}.Release|Any CPU.ActiveCfg = Release|Any CPU
		{A07F991B-0E84-477E-A5A4-E191EE02DB19}.Release|Any CPU.Build.0 = Release|Any CPU
		{4A11B9FA-7865-4872-817C-56845E79F009}.Debug|Any CPU.ActiveCfg = Debug|Any CPU
		{4A11B9FA-7865-4872-817C-56845E79F009}.Debug|Any CPU.Build.0 = Debug|Any CPU
		{4A11B9FA-7865-4872-817C-56845E79F009}.Release|Any CPU.ActiveCfg = Release|Any CPU
		{4A11B9FA-7865-4872-817C-56845E79F009}.Release|Any CPU.Build.0 = Release|Any CPU
		{6CBF75D3-F430-47A5-88C3-6C1235F66FBE}.Debug|Any CPU.ActiveCfg = Debug|Any CPU
		{6CBF75D3-F430-47A5-88C3-6C1235F66FBE}.Debug|Any CPU.Build.0 = Debug|Any CPU
		{6CBF75D3-F430-47A5-88C3-6C1235F66FBE}.Release|Any CPU.ActiveCfg = Release|Any CPU
		{6CBF75D3-F430-47A5-88C3-6C1235F66FBE}.Release|Any CPU.Build.0 = Release|Any CPU
		{5BCBA563-016A-493B-88F3-0DC683E9716B}.Debug|Any CPU.ActiveCfg = Debug|Any CPU
		{5BCBA563-016A-493B-88F3-0DC683E9716B}.Debug|Any CPU.Build.0 = Debug|Any CPU
		{5BCBA563-016A-493B-88F3-0DC683E9716B}.Release|Any CPU.ActiveCfg = Release|Any CPU
		{5BCBA563-016A-493B-88F3-0DC683E9716B}.Release|Any CPU.Build.0 = Release|Any CPU
		{3088C72D-5FBD-46F5-B9BA-FD8ADC05B2A5}.Debug|Any CPU.ActiveCfg = Debug|Any CPU
		{3088C72D-5FBD-46F5-B9BA-FD8ADC05B2A5}.Debug|Any CPU.Build.0 = Debug|Any CPU
		{3088C72D-5FBD-46F5-B9BA-FD8ADC05B2A5}.Release|Any CPU.ActiveCfg = Release|Any CPU
		{3088C72D-5FBD-46F5-B9BA-FD8ADC05B2A5}.Release|Any CPU.Build.0 = Release|Any CPU
		{327986FE-0805-42D5-8CC4-0A92E88AD4F1}.Debug|Any CPU.ActiveCfg = Debug|Any CPU
		{327986FE-0805-42D5-8CC4-0A92E88AD4F1}.Debug|Any CPU.Build.0 = Debug|Any CPU
		{327986FE-0805-42D5-8CC4-0A92E88AD4F1}.Release|Any CPU.ActiveCfg = Release|Any CPU
		{327986FE-0805-42D5-8CC4-0A92E88AD4F1}.Release|Any CPU.Build.0 = Release|Any CPU
		{940D976A-3448-4C31-A9FE-1B8C99A38AF2}.Debug|Any CPU.ActiveCfg = Debug|Any CPU
		{940D976A-3448-4C31-A9FE-1B8C99A38AF2}.Debug|Any CPU.Build.0 = Debug|Any CPU
		{940D976A-3448-4C31-A9FE-1B8C99A38AF2}.Release|Any CPU.ActiveCfg = Release|Any CPU
		{940D976A-3448-4C31-A9FE-1B8C99A38AF2}.Release|Any CPU.Build.0 = Release|Any CPU
		{0448AF93-D854-466F-86C7-8F7843CB9F06}.Debug|Any CPU.ActiveCfg = Debug|Any CPU
		{0448AF93-D854-466F-86C7-8F7843CB9F06}.Debug|Any CPU.Build.0 = Debug|Any CPU
		{0448AF93-D854-466F-86C7-8F7843CB9F06}.Release|Any CPU.ActiveCfg = Release|Any CPU
		{0448AF93-D854-466F-86C7-8F7843CB9F06}.Release|Any CPU.Build.0 = Release|Any CPU
		{056F6E08-20C6-443C-86E5-055A0504ABA6}.Debug|Any CPU.ActiveCfg = Debug|Any CPU
		{056F6E08-20C6-443C-86E5-055A0504ABA6}.Debug|Any CPU.Build.0 = Debug|Any CPU
		{056F6E08-20C6-443C-86E5-055A0504ABA6}.Release|Any CPU.ActiveCfg = Release|Any CPU
		{056F6E08-20C6-443C-86E5-055A0504ABA6}.Release|Any CPU.Build.0 = Release|Any CPU
		{4712F40E-4F7E-455C-99D9-8DB93344BC75}.Debug|Any CPU.ActiveCfg = Debug|Any CPU
		{4712F40E-4F7E-455C-99D9-8DB93344BC75}.Debug|Any CPU.Build.0 = Debug|Any CPU
		{4712F40E-4F7E-455C-99D9-8DB93344BC75}.Release|Any CPU.ActiveCfg = Release|Any CPU
		{4712F40E-4F7E-455C-99D9-8DB93344BC75}.Release|Any CPU.Build.0 = Release|Any CPU
		{DB749A8C-88BB-45DB-862D-ED3A76F0BCBE}.Debug|Any CPU.ActiveCfg = Debug|Any CPU
		{DB749A8C-88BB-45DB-862D-ED3A76F0BCBE}.Debug|Any CPU.Build.0 = Debug|Any CPU
		{DB749A8C-88BB-45DB-862D-ED3A76F0BCBE}.Release|Any CPU.ActiveCfg = Release|Any CPU
		{DB749A8C-88BB-45DB-862D-ED3A76F0BCBE}.Release|Any CPU.Build.0 = Release|Any CPU
		{92F249BA-E8D6-4AA0-8571-AB21F3E05F70}.Debug|Any CPU.ActiveCfg = Debug|Any CPU
		{92F249BA-E8D6-4AA0-8571-AB21F3E05F70}.Debug|Any CPU.Build.0 = Debug|Any CPU
		{92F249BA-E8D6-4AA0-8571-AB21F3E05F70}.Release|Any CPU.ActiveCfg = Release|Any CPU
		{92F249BA-E8D6-4AA0-8571-AB21F3E05F70}.Release|Any CPU.Build.0 = Release|Any CPU
		{C2A1E2E6-5BA9-41C4-846B-4492534CBA8B}.Debug|Any CPU.ActiveCfg = Debug|Any CPU
		{C2A1E2E6-5BA9-41C4-846B-4492534CBA8B}.Debug|Any CPU.Build.0 = Debug|Any CPU
		{C2A1E2E6-5BA9-41C4-846B-4492534CBA8B}.Release|Any CPU.ActiveCfg = Release|Any CPU
		{C2A1E2E6-5BA9-41C4-846B-4492534CBA8B}.Release|Any CPU.Build.0 = Release|Any CPU
		{F5D13AA5-8B44-44F5-9A5E-568ACAE845F5}.Debug|Any CPU.ActiveCfg = Debug|Any CPU
		{F5D13AA5-8B44-44F5-9A5E-568ACAE845F5}.Debug|Any CPU.Build.0 = Debug|Any CPU
		{F5D13AA5-8B44-44F5-9A5E-568ACAE845F5}.Release|Any CPU.ActiveCfg = Release|Any CPU
		{F5D13AA5-8B44-44F5-9A5E-568ACAE845F5}.Release|Any CPU.Build.0 = Release|Any CPU
		{A1650855-B138-4898-91A2-019E04660A1B}.Debug|Any CPU.ActiveCfg = Debug|Any CPU
		{A1650855-B138-4898-91A2-019E04660A1B}.Debug|Any CPU.Build.0 = Debug|Any CPU
		{A1650855-B138-4898-91A2-019E04660A1B}.Release|Any CPU.ActiveCfg = Release|Any CPU
		{A1650855-B138-4898-91A2-019E04660A1B}.Release|Any CPU.Build.0 = Release|Any CPU
	EndGlobalSection
	GlobalSection(SolutionProperties) = preSolution
		HideSolutionNode = FALSE
	EndGlobalSection
	GlobalSection(ExtensibilityGlobals) = postSolution
		VisualSVNWorkingCopyRoot = .
	EndGlobalSection
EndGlobal
