
Microsoft Visual Studio Solution File, Format Version 10.00
# Visual Studio 2008
Project("{FAE04EC0-301F-11D3-BF4B-00C04F79EFBC}") = "OA", "OA.csproj", "{06C1EFBC-5332-4397-B83F-17EA3E540ACB}"
EndProject
Global
	GlobalSection(TeamFoundationVersionControl) = preSolution
		SccNumberOfProjects = 8
		SccEnterpriseProvider = {4CA58AB2-18FA-4F8D-95D4-32DDF27D184C}
		SccTeamFoundationServer = http://192.168.0.140:8080/
		SccLocalPath0 = .
		SccProjectUniqueName1 = OA.csproj
		SccLocalPath1 = .
		SccProjectUniqueName2 = ..\\Dll2009\\BLL\\BLL.csproj
		SccProjectName2 = ../Dll2009/BLL
		SccLocalPath2 = ..\\Dll2009\\BLL
		SccProjectUniqueName3 = ..\\Dll2009\\Common\\Common.csproj
		SccProjectName3 = ../Dll2009/Common
		SccLocalPath3 = ..\\Dll2009\\Common
		SccProjectUniqueName4 = ..\\Dll2009\\DAL\\DAL.csproj
		SccProjectName4 = ../Dll2009/DAL
		SccLocalPath4 = ..\\Dll2009\\DAL
		SccProjectUniqueName5 = ..\\Dll2009\\DataServerControl\\DataServerControl.csproj
		SccProjectName5 = ../Dll2009/DataServerControl
		SccLocalPath5 = ..\\Dll2009\\DataServerControl
		SccProjectUniqueName6 = ..\\Dll2009\\DBUtility\\DBUtility.csproj
		SccProjectName6 = ../Dll2009/DBUtility
		SccLocalPath6 = ..\\Dll2009\\DBUtility
		SccProjectUniqueName7 = ..\\Dll2009\\Model\\Model.csproj
		SccProjectName7 = ../Dll2009/Model
		SccLocalPath7 = ..\\Dll2009\\Model
	EndGlobalSection
	GlobalSection(SolutionConfigurationPlatforms) = preSolution
		Debug|Any CPU = Debug|Any CPU
		Release|Any CPU = Release|Any CPU
	EndGlobalSection
	GlobalSection(ProjectConfigurationPlatforms) = postSolution
		{06C1EFBC-5332-4397-B83F-17EA3E540ACB}.Debug|Any CPU.ActiveCfg = Debug|Any CPU
		{06C1EFBC-5332-4397-B83F-17EA3E540ACB}.Debug|Any CPU.Build.0 = Debug|Any CPU
		{06C1EFBC-5332-4397-B83F-17EA3E540ACB}.Release|Any CPU.ActiveCfg = Release|Any CPU
		{06C1EFBC-5332-4397-B83F-17EA3E540ACB}.Release|Any CPU.Build.0 = Release|Any CPU
	EndGlobalSection
	GlobalSection(SolutionProperties) = preSolution
		HideSolutionNode = FALSE
	EndGlobalSection
EndGlobal
