
Microsoft Visual Studio Solution File, Format Version 12.00
# Visual Studio Version 16
VisualStudioVersion = 16.0.29806.167
MinimumVisualStudioVersion = 10.0.40219.1
Project("{FAE04EC0-301F-11D3-BF4B-00C04F79EFBC}") = "ZhiFang.LabStar.TechnicianStation", "ZhiFang.LabStar.TechnicianStation\ZhiFang.LabStar.TechnicianStation.csproj", "{7E188336-EBC8-473F-9010-0EE314527E9E}"
EndProject
Project("{2150E333-8FDC-42A3-9474-1A3956D46DE8}") = "Lib", "Lib", "{D56E2103-85BF-44C6-9D8F-5C68B03B072A}"
	ProjectSection(SolutionItems) = preProject
		Lib\Antlr3.Runtime.dll = Lib\Antlr3.Runtime.dll
		Lib\Aspose.Cells.dll = Lib\Aspose.Cells.dll
		Lib\Common.Logging.dll = Lib\Common.Logging.dll
		Lib\Excel.dll = Lib\Excel.dll
		Lib\FastReport.Bars.dll = Lib\FastReport.Bars.dll
		Lib\FastReport.dll = Lib\FastReport.dll
		Lib\FastReport.Editor.dll = Lib\FastReport.Editor.dll
		Lib\ICSharpCode.SharpZipLib.dll = Lib\ICSharpCode.SharpZipLib.dll
		Lib\Iesi.Collections.dll = Lib\Iesi.Collections.dll
		Lib\Ionic.Zip.dll = Lib\Ionic.Zip.dll
		Lib\itextsharp.dll = Lib\itextsharp.dll
		Lib\itextsharp.xml = Lib\itextsharp.xml
		Lib\LinFu.DynamicProxy.dll = Lib\LinFu.DynamicProxy.dll
		Lib\log4net.dll = Lib\log4net.dll
		Lib\log4netcfg.xml = Lib\log4netcfg.xml
		Lib\Newtonsoft.Json.dll = Lib\Newtonsoft.Json.dll
		Lib\NHibernate.ByteCode.LinFu.dll = Lib\NHibernate.ByteCode.LinFu.dll
		Lib\NHibernate.ByteCode.Spring.dll = Lib\NHibernate.ByteCode.Spring.dll
		Lib\NHibernate.Caches.SysCache2.dll = Lib\NHibernate.Caches.SysCache2.dll
		Lib\NHibernate.dll = Lib\NHibernate.dll
		Lib\NPOI.dll = Lib\NPOI.dll
		Lib\NPOI.OOXML.dll = Lib\NPOI.OOXML.dll
		Lib\NPOI.OOXML.XML = Lib\NPOI.OOXML.XML
		Lib\NPOI.OpenXml4Net.dll = Lib\NPOI.OpenXml4Net.dll
		Lib\NPOI.OpenXml4Net.XML = Lib\NPOI.OpenXml4Net.XML
		Lib\NPOI.OpenXmlFormats.dll = Lib\NPOI.OpenXmlFormats.dll
		Lib\NPOI.XML = Lib\NPOI.XML
		Lib\Oracle.ManagedDataAccess.dll = Lib\Oracle.ManagedDataAccess.dll
		Lib\Spring.Aop.dll = Lib\Spring.Aop.dll
		Lib\Spring.Core.dll = Lib\Spring.Core.dll
		Lib\Spring.Core.xml = Lib\Spring.Core.xml
		Lib\Spring.Data.dll = Lib\Spring.Data.dll
		Lib\Spring.Data.NHibernate30.dll = Lib\Spring.Data.NHibernate30.dll
		Lib\Spring.Services.dll = Lib\Spring.Services.dll
		Lib\ZhiFang.Common.dll = Lib\ZhiFang.Common.dll
		Lib\ZhiFang.Common.Log.dll = Lib\ZhiFang.Common.Log.dll
		Lib\ZhiFang.Digitlab.BLL.dll = Lib\ZhiFang.Digitlab.BLL.dll
		Lib\ZhiFang.Digitlab.IBLL.dll = Lib\ZhiFang.Digitlab.IBLL.dll
	EndProjectSection
EndProject
Project("{FAE04EC0-301F-11D3-BF4B-00C04F79EFBC}") = "ZhiFang.BLL.Base", "ZhiFang.BLL.Base\ZhiFang.BLL.Base.csproj", "{78FDA625-7A67-46C7-9287-4D57BCEF8D0E}"
EndProject
Project("{FAE04EC0-301F-11D3-BF4B-00C04F79EFBC}") = "ZhiFang.IBLL.Base", "ZhiFang.IBLL.Base\ZhiFang.IBLL.Base.csproj", "{8473718C-0587-4482-80BB-24ED193D9C5D}"
EndProject
Project("{FAE04EC0-301F-11D3-BF4B-00C04F79EFBC}") = "ZhiFang.Entity.Base", "ZhiFang.Entity.Base\ZhiFang.Entity.Base.csproj", "{4471E84C-7A1B-4719-89F9-CCC626D111AD}"
EndProject
Project("{FAE04EC0-301F-11D3-BF4B-00C04F79EFBC}") = "ZhiFang.IDAO.Base", "ZhiFang.IDAO.Base\ZhiFang.IDAO.Base.csproj", "{016266F9-369D-4C32-8B9B-35BA9B94447F}"
EndProject
Project("{FAE04EC0-301F-11D3-BF4B-00C04F79EFBC}") = "ZhiFang.DAO.NHB.Base", "ZhiFang.DAO.NHB.Base\ZhiFang.DAO.NHB.Base.csproj", "{1CFA6885-EBBE-489E-9373-B672E8DAD7E7}"
EndProject
Project("{FAE04EC0-301F-11D3-BF4B-00C04F79EFBC}") = "ZhiFang.DAO.NHB.RBAC", "ZhiFang.DAO.NHB.RBAC\ZhiFang.DAO.NHB.RBAC.csproj", "{97EE1806-FBD2-4305-858F-F2572E80A4DE}"
EndProject
Project("{FAE04EC0-301F-11D3-BF4B-00C04F79EFBC}") = "ZhiFang.IDAO.RBAC", "ZhiFang.IDAO.RBAC\ZhiFang.IDAO.RBAC.csproj", "{3E769F10-C35B-4DB3-A375-578C4091E6B8}"
EndProject
Project("{FAE04EC0-301F-11D3-BF4B-00C04F79EFBC}") = "ZhiFang.Entity.RBAC", "ZhiFang.Entity.RBAC\ZhiFang.Entity.RBAC.csproj", "{2993FBE5-AA1F-433C-A07F-34CC25C59852}"
EndProject
Project("{FAE04EC0-301F-11D3-BF4B-00C04F79EFBC}") = "ZhiFang.DAO.ADO", "ZhiFang.DAO.ADO\ZhiFang.DAO.ADO.csproj", "{0CF78469-9642-4F5A-885B-E8EB28174E1F}"
EndProject
Project("{FAE04EC0-301F-11D3-BF4B-00C04F79EFBC}") = "ZhiFang.ServiceCommon.RBAC", "ZhiFang.ServiceCommon.RBAC\ZhiFang.ServiceCommon.RBAC.csproj", "{453550F2-BF83-4C13-9386-9ACF6E2AE591}"
EndProject
Project("{FAE04EC0-301F-11D3-BF4B-00C04F79EFBC}") = "ZhiFang.ObjectFactory.LabStar", "ZhiFang.ObjectFactory.LabStar\ZhiFang.ObjectFactory.LabStar.csproj", "{A398BAE9-4641-4AC6-829C-01307D38BA8F}"
EndProject
Project("{FAE04EC0-301F-11D3-BF4B-00C04F79EFBC}") = "ZhiFang.Entity.LIIP", "ZhiFang.Entity.LIIP\ZhiFang.Entity.LIIP.csproj", "{34A7C4DF-E99D-4A8C-B614-C9E7A22FED91}"
EndProject
Project("{FAE04EC0-301F-11D3-BF4B-00C04F79EFBC}") = "ZhiFang.IBLL.RBAC", "ZhiFang.IBLL.RBAC\ZhiFang.IBLL.RBAC.csproj", "{F5A15ED6-4EB8-4E39-8B19-357B799A1F10}"
EndProject
Project("{FAE04EC0-301F-11D3-BF4B-00C04F79EFBC}") = "ZhiFang.Entity.LabStar", "ZhiFang.Entity.LabStar\ZhiFang.Entity.LabStar.csproj", "{50641DCA-BFFC-4818-9FEF-D9338DBB2327}"
EndProject
Project("{FAE04EC0-301F-11D3-BF4B-00C04F79EFBC}") = "ZhiFang.DAO.NHB.LabStar", "ZhiFang.DAO.NHB.LabStar\ZhiFang.DAO.NHB.LabStar.csproj", "{0FC4A7E3-1466-48CB-A058-7ECA3CDDFF50}"
EndProject
Project("{FAE04EC0-301F-11D3-BF4B-00C04F79EFBC}") = "ZhiFang.BLL.LabStar", "ZhiFang.BLL.LabStar\ZhiFang.BLL.LabStar.csproj", "{45D7B243-199A-4DE7-A777-EC02BD1BBCE6}"
EndProject
Project("{FAE04EC0-301F-11D3-BF4B-00C04F79EFBC}") = "ZhiFang.IBLL.LabStar", "ZhiFang.IBLL.LabStar\ZhiFang.IBLL.LabStar.csproj", "{BA6A2EF3-1134-45E4-8420-DA3F40D9197C}"
EndProject
Project("{FAE04EC0-301F-11D3-BF4B-00C04F79EFBC}") = "ZhiFang.IDAO.LabStar", "ZhiFang.IDAO.LabStar\ZhiFang.IDAO.LabStar.csproj", "{286B724D-312B-4657-8E2B-2772B31FFA97}"
EndProject
Project("{2150E333-8FDC-42A3-9474-1A3956D46DE8}") = "Doc", "Doc", "{11EE18AA-DD04-425D-81A9-46B042A0FDC1}"
	ProjectSection(SolutionItems) = preProject
		Doc\医院组织机构.docx = Doc\医院组织机构.docx
	EndProjectSection
EndProject
Project("{2150E333-8FDC-42A3-9474-1A3956D46DE8}") = "PD", "PD", "{4B9AAA93-5AA2-454A-B2AC-DAD8FC943066}"
	ProjectSection(SolutionItems) = preProject
		Doc\PD\lisdb2019.pdm = Doc\PD\lisdb2019.pdm
		Doc\PD\升级脚本.sql = Doc\PD\升级脚本.sql
		Doc\PD\检验数据库业务表.sql = Doc\PD\检验数据库业务表.sql
		Doc\PD\检验数据库基础表.sql = Doc\PD\检验数据库基础表.sql
	EndProjectSection
EndProject
Project("{FAE04EC0-301F-11D3-BF4B-00C04F79EFBC}") = "ZhiFang.DBUpdate", "ZhiFang.DBUpdate\ZhiFang.DBUpdate.csproj", "{356F1348-CCB1-48B5-8310-5422C96833D4}"
EndProject
Project("{FAE04EC0-301F-11D3-BF4B-00C04F79EFBC}") = "ZhiFang.Interceptor.LabStar", "ZhiFang.Interceptor.LabStar\ZhiFang.Interceptor.LabStar.csproj", "{B2205CD1-30AB-4DB4-AED9-52DA84895029}"
EndProject
Project("{FAE04EC0-301F-11D3-BF4B-00C04F79EFBC}") = "UnitTestLabStar", "UnitTestLabStar\UnitTestLabStar.csproj", "{86FC16A1-18BB-4121-B1FE-4117AE5825E1}"
EndProject
Project("{FAE04EC0-301F-11D3-BF4B-00C04F79EFBC}") = "ZhiFang.LabStar.Common", "ZhiFang.LabStar.Common\ZhiFang.LabStar.Common.csproj", "{D187EDC5-9421-4097-85EC-AB82A76A82D5}"
EndProject
Project("{FAE04EC0-301F-11D3-BF4B-00C04F79EFBC}") = "ZhiFang.Entity.Common", "ZhiFang.Entity.Common\ZhiFang.Entity.Common.csproj", "{F936E90A-3495-4F13-B99F-6E980814350A}"
EndProject
Global
	GlobalSection(SolutionConfigurationPlatforms) = preSolution
		Debug|Any CPU = Debug|Any CPU
		Release|Any CPU = Release|Any CPU
	EndGlobalSection
	GlobalSection(ProjectConfigurationPlatforms) = postSolution
		{7E188336-EBC8-473F-9010-0EE314527E9E}.Debug|Any CPU.ActiveCfg = Debug|Any CPU
		{7E188336-EBC8-473F-9010-0EE314527E9E}.Debug|Any CPU.Build.0 = Debug|Any CPU
		{7E188336-EBC8-473F-9010-0EE314527E9E}.Release|Any CPU.ActiveCfg = Release|Any CPU
		{7E188336-EBC8-473F-9010-0EE314527E9E}.Release|Any CPU.Build.0 = Release|Any CPU
		{78FDA625-7A67-46C7-9287-4D57BCEF8D0E}.Debug|Any CPU.ActiveCfg = Debug|Any CPU
		{78FDA625-7A67-46C7-9287-4D57BCEF8D0E}.Debug|Any CPU.Build.0 = Debug|Any CPU
		{78FDA625-7A67-46C7-9287-4D57BCEF8D0E}.Release|Any CPU.ActiveCfg = Release|Any CPU
		{78FDA625-7A67-46C7-9287-4D57BCEF8D0E}.Release|Any CPU.Build.0 = Release|Any CPU
		{8473718C-0587-4482-80BB-24ED193D9C5D}.Debug|Any CPU.ActiveCfg = Debug|Any CPU
		{8473718C-0587-4482-80BB-24ED193D9C5D}.Debug|Any CPU.Build.0 = Debug|Any CPU
		{8473718C-0587-4482-80BB-24ED193D9C5D}.Release|Any CPU.ActiveCfg = Release|Any CPU
		{8473718C-0587-4482-80BB-24ED193D9C5D}.Release|Any CPU.Build.0 = Release|Any CPU
		{4471E84C-7A1B-4719-89F9-CCC626D111AD}.Debug|Any CPU.ActiveCfg = Debug|Any CPU
		{4471E84C-7A1B-4719-89F9-CCC626D111AD}.Debug|Any CPU.Build.0 = Debug|Any CPU
		{4471E84C-7A1B-4719-89F9-CCC626D111AD}.Release|Any CPU.ActiveCfg = Release|Any CPU
		{4471E84C-7A1B-4719-89F9-CCC626D111AD}.Release|Any CPU.Build.0 = Release|Any CPU
		{016266F9-369D-4C32-8B9B-35BA9B94447F}.Debug|Any CPU.ActiveCfg = Debug|Any CPU
		{016266F9-369D-4C32-8B9B-35BA9B94447F}.Debug|Any CPU.Build.0 = Debug|Any CPU
		{016266F9-369D-4C32-8B9B-35BA9B94447F}.Release|Any CPU.ActiveCfg = Release|Any CPU
		{016266F9-369D-4C32-8B9B-35BA9B94447F}.Release|Any CPU.Build.0 = Release|Any CPU
		{1CFA6885-EBBE-489E-9373-B672E8DAD7E7}.Debug|Any CPU.ActiveCfg = Debug|Any CPU
		{1CFA6885-EBBE-489E-9373-B672E8DAD7E7}.Debug|Any CPU.Build.0 = Debug|Any CPU
		{1CFA6885-EBBE-489E-9373-B672E8DAD7E7}.Release|Any CPU.ActiveCfg = Release|Any CPU
		{1CFA6885-EBBE-489E-9373-B672E8DAD7E7}.Release|Any CPU.Build.0 = Release|Any CPU
		{97EE1806-FBD2-4305-858F-F2572E80A4DE}.Debug|Any CPU.ActiveCfg = Debug|Any CPU
		{97EE1806-FBD2-4305-858F-F2572E80A4DE}.Debug|Any CPU.Build.0 = Debug|Any CPU
		{97EE1806-FBD2-4305-858F-F2572E80A4DE}.Release|Any CPU.ActiveCfg = Release|Any CPU
		{97EE1806-FBD2-4305-858F-F2572E80A4DE}.Release|Any CPU.Build.0 = Release|Any CPU
		{3E769F10-C35B-4DB3-A375-578C4091E6B8}.Debug|Any CPU.ActiveCfg = Debug|Any CPU
		{3E769F10-C35B-4DB3-A375-578C4091E6B8}.Debug|Any CPU.Build.0 = Debug|Any CPU
		{3E769F10-C35B-4DB3-A375-578C4091E6B8}.Release|Any CPU.ActiveCfg = Release|Any CPU
		{3E769F10-C35B-4DB3-A375-578C4091E6B8}.Release|Any CPU.Build.0 = Release|Any CPU
		{2993FBE5-AA1F-433C-A07F-34CC25C59852}.Debug|Any CPU.ActiveCfg = Debug|Any CPU
		{2993FBE5-AA1F-433C-A07F-34CC25C59852}.Debug|Any CPU.Build.0 = Debug|Any CPU
		{2993FBE5-AA1F-433C-A07F-34CC25C59852}.Release|Any CPU.ActiveCfg = Release|Any CPU
		{2993FBE5-AA1F-433C-A07F-34CC25C59852}.Release|Any CPU.Build.0 = Release|Any CPU
		{0CF78469-9642-4F5A-885B-E8EB28174E1F}.Debug|Any CPU.ActiveCfg = Debug|Any CPU
		{0CF78469-9642-4F5A-885B-E8EB28174E1F}.Debug|Any CPU.Build.0 = Debug|Any CPU
		{0CF78469-9642-4F5A-885B-E8EB28174E1F}.Release|Any CPU.ActiveCfg = Release|Any CPU
		{0CF78469-9642-4F5A-885B-E8EB28174E1F}.Release|Any CPU.Build.0 = Release|Any CPU
		{453550F2-BF83-4C13-9386-9ACF6E2AE591}.Debug|Any CPU.ActiveCfg = Debug|Any CPU
		{453550F2-BF83-4C13-9386-9ACF6E2AE591}.Debug|Any CPU.Build.0 = Debug|Any CPU
		{453550F2-BF83-4C13-9386-9ACF6E2AE591}.Release|Any CPU.ActiveCfg = Release|Any CPU
		{453550F2-BF83-4C13-9386-9ACF6E2AE591}.Release|Any CPU.Build.0 = Release|Any CPU
		{A398BAE9-4641-4AC6-829C-01307D38BA8F}.Debug|Any CPU.ActiveCfg = Debug|Any CPU
		{A398BAE9-4641-4AC6-829C-01307D38BA8F}.Debug|Any CPU.Build.0 = Debug|Any CPU
		{A398BAE9-4641-4AC6-829C-01307D38BA8F}.Release|Any CPU.ActiveCfg = Release|Any CPU
		{A398BAE9-4641-4AC6-829C-01307D38BA8F}.Release|Any CPU.Build.0 = Release|Any CPU
		{34A7C4DF-E99D-4A8C-B614-C9E7A22FED91}.Debug|Any CPU.ActiveCfg = Debug|Any CPU
		{34A7C4DF-E99D-4A8C-B614-C9E7A22FED91}.Debug|Any CPU.Build.0 = Debug|Any CPU
		{34A7C4DF-E99D-4A8C-B614-C9E7A22FED91}.Release|Any CPU.ActiveCfg = Release|Any CPU
		{34A7C4DF-E99D-4A8C-B614-C9E7A22FED91}.Release|Any CPU.Build.0 = Release|Any CPU
		{F5A15ED6-4EB8-4E39-8B19-357B799A1F10}.Debug|Any CPU.ActiveCfg = Debug|Any CPU
		{F5A15ED6-4EB8-4E39-8B19-357B799A1F10}.Debug|Any CPU.Build.0 = Debug|Any CPU
		{F5A15ED6-4EB8-4E39-8B19-357B799A1F10}.Release|Any CPU.ActiveCfg = Release|Any CPU
		{F5A15ED6-4EB8-4E39-8B19-357B799A1F10}.Release|Any CPU.Build.0 = Release|Any CPU
		{50641DCA-BFFC-4818-9FEF-D9338DBB2327}.Debug|Any CPU.ActiveCfg = Debug|Any CPU
		{50641DCA-BFFC-4818-9FEF-D9338DBB2327}.Debug|Any CPU.Build.0 = Debug|Any CPU
		{50641DCA-BFFC-4818-9FEF-D9338DBB2327}.Release|Any CPU.ActiveCfg = Release|Any CPU
		{50641DCA-BFFC-4818-9FEF-D9338DBB2327}.Release|Any CPU.Build.0 = Release|Any CPU
		{0FC4A7E3-1466-48CB-A058-7ECA3CDDFF50}.Debug|Any CPU.ActiveCfg = Debug|Any CPU
		{0FC4A7E3-1466-48CB-A058-7ECA3CDDFF50}.Debug|Any CPU.Build.0 = Debug|Any CPU
		{0FC4A7E3-1466-48CB-A058-7ECA3CDDFF50}.Release|Any CPU.ActiveCfg = Release|Any CPU
		{0FC4A7E3-1466-48CB-A058-7ECA3CDDFF50}.Release|Any CPU.Build.0 = Release|Any CPU
		{45D7B243-199A-4DE7-A777-EC02BD1BBCE6}.Debug|Any CPU.ActiveCfg = Debug|Any CPU
		{45D7B243-199A-4DE7-A777-EC02BD1BBCE6}.Debug|Any CPU.Build.0 = Debug|Any CPU
		{45D7B243-199A-4DE7-A777-EC02BD1BBCE6}.Release|Any CPU.ActiveCfg = Release|Any CPU
		{45D7B243-199A-4DE7-A777-EC02BD1BBCE6}.Release|Any CPU.Build.0 = Release|Any CPU
		{BA6A2EF3-1134-45E4-8420-DA3F40D9197C}.Debug|Any CPU.ActiveCfg = Debug|Any CPU
		{BA6A2EF3-1134-45E4-8420-DA3F40D9197C}.Debug|Any CPU.Build.0 = Debug|Any CPU
		{BA6A2EF3-1134-45E4-8420-DA3F40D9197C}.Release|Any CPU.ActiveCfg = Release|Any CPU
		{BA6A2EF3-1134-45E4-8420-DA3F40D9197C}.Release|Any CPU.Build.0 = Release|Any CPU
		{286B724D-312B-4657-8E2B-2772B31FFA97}.Debug|Any CPU.ActiveCfg = Debug|Any CPU
		{286B724D-312B-4657-8E2B-2772B31FFA97}.Debug|Any CPU.Build.0 = Debug|Any CPU
		{286B724D-312B-4657-8E2B-2772B31FFA97}.Release|Any CPU.ActiveCfg = Release|Any CPU
		{286B724D-312B-4657-8E2B-2772B31FFA97}.Release|Any CPU.Build.0 = Release|Any CPU
		{356F1348-CCB1-48B5-8310-5422C96833D4}.Debug|Any CPU.ActiveCfg = Debug|Any CPU
		{356F1348-CCB1-48B5-8310-5422C96833D4}.Debug|Any CPU.Build.0 = Debug|Any CPU
		{356F1348-CCB1-48B5-8310-5422C96833D4}.Release|Any CPU.ActiveCfg = Release|Any CPU
		{356F1348-CCB1-48B5-8310-5422C96833D4}.Release|Any CPU.Build.0 = Release|Any CPU
		{B2205CD1-30AB-4DB4-AED9-52DA84895029}.Debug|Any CPU.ActiveCfg = Debug|Any CPU
		{B2205CD1-30AB-4DB4-AED9-52DA84895029}.Debug|Any CPU.Build.0 = Debug|Any CPU
		{B2205CD1-30AB-4DB4-AED9-52DA84895029}.Release|Any CPU.ActiveCfg = Release|Any CPU
		{B2205CD1-30AB-4DB4-AED9-52DA84895029}.Release|Any CPU.Build.0 = Release|Any CPU
		{86FC16A1-18BB-4121-B1FE-4117AE5825E1}.Debug|Any CPU.ActiveCfg = Debug|Any CPU
		{86FC16A1-18BB-4121-B1FE-4117AE5825E1}.Debug|Any CPU.Build.0 = Debug|Any CPU
		{86FC16A1-18BB-4121-B1FE-4117AE5825E1}.Release|Any CPU.ActiveCfg = Release|Any CPU
		{86FC16A1-18BB-4121-B1FE-4117AE5825E1}.Release|Any CPU.Build.0 = Release|Any CPU
		{D187EDC5-9421-4097-85EC-AB82A76A82D5}.Debug|Any CPU.ActiveCfg = Debug|Any CPU
		{D187EDC5-9421-4097-85EC-AB82A76A82D5}.Debug|Any CPU.Build.0 = Debug|Any CPU
		{D187EDC5-9421-4097-85EC-AB82A76A82D5}.Release|Any CPU.ActiveCfg = Release|Any CPU
		{D187EDC5-9421-4097-85EC-AB82A76A82D5}.Release|Any CPU.Build.0 = Release|Any CPU
		{F936E90A-3495-4F13-B99F-6E980814350A}.Debug|Any CPU.ActiveCfg = Debug|Any CPU
		{F936E90A-3495-4F13-B99F-6E980814350A}.Debug|Any CPU.Build.0 = Debug|Any CPU
		{F936E90A-3495-4F13-B99F-6E980814350A}.Release|Any CPU.ActiveCfg = Release|Any CPU
		{F936E90A-3495-4F13-B99F-6E980814350A}.Release|Any CPU.Build.0 = Release|Any CPU
	EndGlobalSection
	GlobalSection(SolutionProperties) = preSolution
		HideSolutionNode = FALSE
	EndGlobalSection
	GlobalSection(NestedProjects) = preSolution
		{4B9AAA93-5AA2-454A-B2AC-DAD8FC943066} = {11EE18AA-DD04-425D-81A9-46B042A0FDC1}
	EndGlobalSection
	GlobalSection(ExtensibilityGlobals) = postSolution
		SolutionGuid = {F20B4F6F-080C-4C38-87E3-AF5F4F49745B}
		VisualSVNWorkingCopyRoot = .
	EndGlobalSection
EndGlobal
