
Microsoft Visual Studio Solution File, Format Version 12.00
# Visual Studio Version 16
VisualStudioVersion = 16.0.29806.167
MinimumVisualStudioVersion = 10.0.40219.1
Project("{FAE04EC0-301F-11D3-BF4B-00C04F79EFBC}") = "ZhiFang.DBUpdate.PM", "ZhiFang.DBUpdate.PM\ZhiFang.DBUpdate.PM.csproj", "{A1650855-B138-4898-91A2-019E04660A1B}"
EndProject
Project("{FAE04EC0-301F-11D3-BF4B-00C04F79EFBC}") = "ZhiFang.ServiceCommon.RBAC", "ZhiFang.ServiceCommon.RBAC\ZhiFang.ServiceCommon.RBAC.csproj", "{453550F2-BF83-4C13-9386-9ACF6E2AE591}"
EndProject
Project("{2150E333-8FDC-42A3-9474-1A3956D46DE8}") = "Lib", "Lib", "{2B2B88D6-4039-456A-BDEC-104C55190E23}"
	ProjectSection(SolutionItems) = preProject
		Lib\Antlr3.Runtime.dll = Lib\Antlr3.Runtime.dll
		Lib\Aspose.Cells.dll = Lib\Aspose.Cells.dll
		Lib\Common.Logging.dll = Lib\Common.Logging.dll
		Lib\Excel.dll = Lib\Excel.dll
		Lib\FastReport.Bars.dll = Lib\FastReport.Bars.dll
		Lib\FastReport.dll = Lib\FastReport.dll
		Lib\FastReport.Editor.dll = Lib\FastReport.Editor.dll
		Lib\ICSharpCode.SharpZipLib.dll = Lib\ICSharpCode.SharpZipLib.dll
		Lib\Iesi.Collections.dll = Lib\Iesi.Collections.dll
		Lib\Ionic.Zip.dll = Lib\Ionic.Zip.dll
		Lib\LinFu.DynamicProxy.dll = Lib\LinFu.DynamicProxy.dll
		Lib\log4net.dll = Lib\log4net.dll
		Lib\log4netcfg.xml = Lib\log4netcfg.xml
		Lib\Newtonsoft.Json.dll = Lib\Newtonsoft.Json.dll
		Lib\NHibernate.ByteCode.LinFu.dll = Lib\NHibernate.ByteCode.LinFu.dll
		Lib\NHibernate.ByteCode.Spring.dll = Lib\NHibernate.ByteCode.Spring.dll
		Lib\NHibernate.Caches.SysCache2.dll = Lib\NHibernate.Caches.SysCache2.dll
		Lib\NHibernate.dll = Lib\NHibernate.dll
		Lib\NPOI.dll = Lib\NPOI.dll
		Lib\NPOI.OOXML.dll = Lib\NPOI.OOXML.dll
		Lib\NPOI.OOXML.XML = Lib\NPOI.OOXML.XML
		Lib\NPOI.OpenXml4Net.dll = Lib\NPOI.OpenXml4Net.dll
		Lib\NPOI.OpenXml4Net.XML = Lib\NPOI.OpenXml4Net.XML
		Lib\NPOI.OpenXmlFormats.dll = Lib\NPOI.OpenXmlFormats.dll
		Lib\NPOI.XML = Lib\NPOI.XML
		Lib\Spring.Aop.dll = Lib\Spring.Aop.dll
		Lib\Spring.Core.dll = Lib\Spring.Core.dll
		Lib\Spring.Core.xml = Lib\Spring.Core.xml
		Lib\Spring.Data.dll = Lib\Spring.Data.dll
		Lib\Spring.Data.NHibernate30.dll = Lib\Spring.Data.NHibernate30.dll
		Lib\Spring.Services.dll = Lib\Spring.Services.dll
		Lib\ZhiFang.Common.dll = Lib\ZhiFang.Common.dll
		Lib\ZhiFang.Common.Log.dll = Lib\ZhiFang.Common.Log.dll
	EndProjectSection
EndProject
Project("{2150E333-8FDC-42A3-9474-1A3956D46DE8}") = "Doc", "Doc", "{183C390C-B1F7-40B3-BF31-04A98E2ED350}"
EndProject
Project("{FAE04EC0-301F-11D3-BF4B-00C04F79EFBC}") = "ZhiFang.Interceptor.WebAssist", "ZhiFang.Interceptor.WebAssist\ZhiFang.Interceptor.WebAssist.csproj", "{E55D8AFC-ED5E-4366-A57E-506E1DDFDC3A}"
EndProject
Project("{FAE04EC0-301F-11D3-BF4B-00C04F79EFBC}") = "ZhiFang.ObjectFactory.WebAssist", "ZhiFang.ObjectFactory.WebAssist\ZhiFang.ObjectFactory.WebAssist.csproj", "{CF461FFF-0A97-40FC-93AC-3D11E983BB9F}"
EndProject
Project("{FAE04EC0-301F-11D3-BF4B-00C04F79EFBC}") = "ZhiFang.WebAssist.Common", "ZhiFang.WebAssist.Common\ZhiFang.WebAssist.Common.csproj", "{E57B020B-E404-4D4E-92A2-ABC517CE6BDD}"
EndProject
Project("{FAE04EC0-301F-11D3-BF4B-00C04F79EFBC}") = "ZhiFang.WebAssist.UnitTest", "ZhiFang.WebAssist.UnitTest\ZhiFang.WebAssist.UnitTest.csproj", "{24A76A5D-E816-4D8F-BEBD-D24A4E72B2EA}"
EndProject
Project("{FAE04EC0-301F-11D3-BF4B-00C04F79EFBC}") = "ZhiFang.WebAssist", "ZhiFang.WebAssist\ZhiFang.WebAssist.csproj", "{8A80745A-0183-40CE-885B-DD18C6525B08}"
EndProject
Project("{2150E333-8FDC-42A3-9474-1A3956D46DE8}") = "RBAC", "RBAC", "{2AD85871-C0C5-4016-9E47-9D32FA264772}"
EndProject
Project("{2150E333-8FDC-42A3-9474-1A3956D46DE8}") = "Base", "Base", "{C989EE37-EE38-4C4E-8338-12DA6A905D5C}"
EndProject
Project("{2150E333-8FDC-42A3-9474-1A3956D46DE8}") = "WebAssist", "WebAssist", "{1310DCAB-53FC-489D-8043-6130D47EC780}"
EndProject
Project("{2150E333-8FDC-42A3-9474-1A3956D46DE8}") = "WeiXin", "WeiXin", "{10ACA3E7-4955-4D0B-92BA-07A1005A1DD5}"
EndProject
Project("{2150E333-8FDC-42A3-9474-1A3956D46DE8}") = "Common", "Common", "{F3300AFD-ACFA-4E4A-86D7-D35627AB8FB9}"
EndProject
Project("{FAE04EC0-301F-11D3-BF4B-00C04F79EFBC}") = "ZhiFang.BLL.Base", "Base\ZhiFang.BLL.Base\ZhiFang.BLL.Base.csproj", "{78FDA625-7A67-46C7-9287-4D57BCEF8D0E}"
EndProject
Project("{FAE04EC0-301F-11D3-BF4B-00C04F79EFBC}") = "ZhiFang.Entity.Base", "Base\ZhiFang.Entity.Base\ZhiFang.Entity.Base.csproj", "{4471E84C-7A1B-4719-89F9-CCC626D111AD}"
EndProject
Project("{FAE04EC0-301F-11D3-BF4B-00C04F79EFBC}") = "ZhiFang.IDAO.Base", "Base\ZhiFang.IDAO.Base\ZhiFang.IDAO.Base.csproj", "{016266F9-369D-4C32-8B9B-35BA9B94447F}"
EndProject
Project("{FAE04EC0-301F-11D3-BF4B-00C04F79EFBC}") = "ZhiFang.IBLL.Base", "Base\ZhiFang.IBLL.Base\ZhiFang.IBLL.Base.csproj", "{8473718C-0587-4482-80BB-24ED193D9C5D}"
EndProject
Project("{FAE04EC0-301F-11D3-BF4B-00C04F79EFBC}") = "ZhiFang.DAO.NHB.Base", "Base\ZhiFang.DAO.NHB.Base\ZhiFang.DAO.NHB.Base.csproj", "{1CFA6885-EBBE-489E-9373-B672E8DAD7E7}"
EndProject
Project("{FAE04EC0-301F-11D3-BF4B-00C04F79EFBC}") = "ZhiFang.IDAO.Common", "Common\ZhiFang.IDAO.Common\ZhiFang.IDAO.Common.csproj", "{8A0FDB29-76A4-4FE5-8652-93FCAAF50772}"
EndProject
Project("{FAE04EC0-301F-11D3-BF4B-00C04F79EFBC}") = "ZhiFang.Entity.Common", "Common\ZhiFang.Entity.Common\ZhiFang.Entity.Common.csproj", "{81E083DC-BDE0-4742-AEC7-CF36768F6BFD}"
EndProject
Project("{FAE04EC0-301F-11D3-BF4B-00C04F79EFBC}") = "ZhiFang.IBLL.Common", "Common\ZhiFang.IBLL.Common\ZhiFang.IBLL.Common.csproj", "{F55AD050-B25C-42AF-9D13-9CE1B8F27701}"
EndProject
Project("{FAE04EC0-301F-11D3-BF4B-00C04F79EFBC}") = "ZhiFang.DAO.NHB.Common", "Common\ZhiFang.DAO.Common\ZhiFang.DAO.NHB.Common.csproj", "{A5EAF546-29A6-4581-83B3-1BAB4B9B2456}"
EndProject
Project("{FAE04EC0-301F-11D3-BF4B-00C04F79EFBC}") = "ZhiFang.BLL.Common", "Common\ZhiFang.BLL.Common\ZhiFang.BLL.Common.csproj", "{E98DEC9D-20D1-4F65-A746-F2808B73F61A}"
EndProject
Project("{FAE04EC0-301F-11D3-BF4B-00C04F79EFBC}") = "ZhiFang.Entity.RBAC", "RBAC\ZhiFang.Entity.RBAC\ZhiFang.Entity.RBAC.csproj", "{2993FBE5-AA1F-433C-A07F-34CC25C59852}"
EndProject
Project("{FAE04EC0-301F-11D3-BF4B-00C04F79EFBC}") = "ZhiFang.IDAO.RBAC", "RBAC\ZhiFang.IDAO.RBAC\ZhiFang.IDAO.RBAC.csproj", "{3E769F10-C35B-4DB3-A375-578C4091E6B8}"
EndProject
Project("{FAE04EC0-301F-11D3-BF4B-00C04F79EFBC}") = "ZhiFang.IBLL.RBAC", "RBAC\ZhiFang.IBLL.RBAC\ZhiFang.IBLL.RBAC.csproj", "{F5A15ED6-4EB8-4E39-8B19-357B799A1F10}"
EndProject
Project("{FAE04EC0-301F-11D3-BF4B-00C04F79EFBC}") = "ZhiFang.DAO.NHB.RBAC", "RBAC\ZhiFang.DAO.NHB.RBAC\ZhiFang.DAO.NHB.RBAC.csproj", "{97EE1806-FBD2-4305-858F-F2572E80A4DE}"
EndProject
Project("{FAE04EC0-301F-11D3-BF4B-00C04F79EFBC}") = "ZhiFang.BLL.RBAC", "RBAC\ZhiFang.BLL.RBAC\ZhiFang.BLL.RBAC.csproj", "{247886C9-EC78-4CF9-8121-151AA091BBBE}"
EndProject
Project("{FAE04EC0-301F-11D3-BF4B-00C04F79EFBC}") = "ZhiFang.Entity.WeiXin", "WeiXin\ZhiFang.Entity.WeiXin\ZhiFang.Entity.WeiXin.csproj", "{C867875C-5404-480D-89E4-9CC67C66D963}"
EndProject
Project("{FAE04EC0-301F-11D3-BF4B-00C04F79EFBC}") = "ZhiFang.IDAO.WeiXin", "WeiXin\ZhiFang.IDAO.WeiXin\ZhiFang.IDAO.WeiXin.csproj", "{FF61E24B-369F-490E-BAD8-607948E35E8F}"
EndProject
Project("{FAE04EC0-301F-11D3-BF4B-00C04F79EFBC}") = "ZhiFang.IBLL.WeiXin", "WeiXin\ZhiFang.IBLL.WeiXin\ZhiFang.IBLL.WeiXin.csproj", "{2421232C-E74B-44C6-ADD8-19AC07A1357A}"
EndProject
Project("{FAE04EC0-301F-11D3-BF4B-00C04F79EFBC}") = "ZhiFang.DAO.NHB.WeiXin", "WeiXin\ZhiFang.DAO.NHB.WeiXin\ZhiFang.DAO.NHB.WeiXin.csproj", "{60E95425-9221-4D82-AF52-3DB7529F2652}"
EndProject
Project("{FAE04EC0-301F-11D3-BF4B-00C04F79EFBC}") = "ZhiFang.BLL.WeiXin", "WeiXin\ZhiFang.BLL.WeiXin\ZhiFang.BLL.WeiXin.csproj", "{E9EAE633-430D-4B9C-A107-FCC58E3B4048}"
EndProject
Project("{FAE04EC0-301F-11D3-BF4B-00C04F79EFBC}") = "ZhiFang.Entity.WebAssist", "WebAssist\ZhiFang.Entity.WebAssist\ZhiFang.Entity.WebAssist.csproj", "{36917E28-CE6F-441F-8C2F-F9210AD56D31}"
EndProject
Project("{FAE04EC0-301F-11D3-BF4B-00C04F79EFBC}") = "ZhiFang.IDAO.NHB.WebAssist", "WebAssist\ZhiFang.IDAO.NHB.WebAssist\ZhiFang.IDAO.NHB.WebAssist.csproj", "{DD7E515A-52CF-41A2-8325-8704EB187053}"
EndProject
Project("{FAE04EC0-301F-11D3-BF4B-00C04F79EFBC}") = "ZhiFang.IBLL.WebAssist", "WebAssist\ZhiFang.IBLL.WebAssist\ZhiFang.IBLL.WebAssist.csproj", "{567C1DF3-46BD-4485-B06D-607384CC6B3F}"
EndProject
Project("{FAE04EC0-301F-11D3-BF4B-00C04F79EFBC}") = "ZhiFang.DAO.NHB.WebAssist", "WebAssist\ZhiFang.DAO.NHB.WebAssist\ZhiFang.DAO.NHB.WebAssist.csproj", "{58E46C81-992D-4F19-BD74-940E81949FB8}"
EndProject
Project("{FAE04EC0-301F-11D3-BF4B-00C04F79EFBC}") = "ZhiFang.BLL.WebAssist", "WebAssist\ZhiFang.BLL.WebAssist\ZhiFang.BLL.WebAssist.csproj", "{DB714BA5-9F07-41ED-A671-5A107C34BAA4}"
EndProject
Project("{FAE04EC0-301F-11D3-BF4B-00C04F79EFBC}") = "ZhiFang.DAO.SQL.WebAssist", "WebAssist\ZhiFang.DAO.SQL.WebAssist\ZhiFang.DAO.SQL.WebAssist.csproj", "{13B73E95-44DF-45F0-ADEB-18669622BA80}"
EndProject
Global
	GlobalSection(SolutionConfigurationPlatforms) = preSolution
		Debug|Any CPU = Debug|Any CPU
		Release|Any CPU = Release|Any CPU
	EndGlobalSection
	GlobalSection(ProjectConfigurationPlatforms) = postSolution
		{A1650855-B138-4898-91A2-019E04660A1B}.Debug|Any CPU.ActiveCfg = Debug|Any CPU
		{A1650855-B138-4898-91A2-019E04660A1B}.Debug|Any CPU.Build.0 = Debug|Any CPU
		{A1650855-B138-4898-91A2-019E04660A1B}.Release|Any CPU.ActiveCfg = Release|Any CPU
		{A1650855-B138-4898-91A2-019E04660A1B}.Release|Any CPU.Build.0 = Release|Any CPU
		{453550F2-BF83-4C13-9386-9ACF6E2AE591}.Debug|Any CPU.ActiveCfg = Debug|Any CPU
		{453550F2-BF83-4C13-9386-9ACF6E2AE591}.Debug|Any CPU.Build.0 = Debug|Any CPU
		{453550F2-BF83-4C13-9386-9ACF6E2AE591}.Release|Any CPU.ActiveCfg = Release|Any CPU
		{453550F2-BF83-4C13-9386-9ACF6E2AE591}.Release|Any CPU.Build.0 = Release|Any CPU
		{E55D8AFC-ED5E-4366-A57E-506E1DDFDC3A}.Debug|Any CPU.ActiveCfg = Debug|Any CPU
		{E55D8AFC-ED5E-4366-A57E-506E1DDFDC3A}.Debug|Any CPU.Build.0 = Debug|Any CPU
		{E55D8AFC-ED5E-4366-A57E-506E1DDFDC3A}.Release|Any CPU.ActiveCfg = Release|Any CPU
		{E55D8AFC-ED5E-4366-A57E-506E1DDFDC3A}.Release|Any CPU.Build.0 = Release|Any CPU
		{CF461FFF-0A97-40FC-93AC-3D11E983BB9F}.Debug|Any CPU.ActiveCfg = Debug|Any CPU
		{CF461FFF-0A97-40FC-93AC-3D11E983BB9F}.Debug|Any CPU.Build.0 = Debug|Any CPU
		{CF461FFF-0A97-40FC-93AC-3D11E983BB9F}.Release|Any CPU.ActiveCfg = Release|Any CPU
		{CF461FFF-0A97-40FC-93AC-3D11E983BB9F}.Release|Any CPU.Build.0 = Release|Any CPU
		{E57B020B-E404-4D4E-92A2-ABC517CE6BDD}.Debug|Any CPU.ActiveCfg = Debug|Any CPU
		{E57B020B-E404-4D4E-92A2-ABC517CE6BDD}.Debug|Any CPU.Build.0 = Debug|Any CPU
		{E57B020B-E404-4D4E-92A2-ABC517CE6BDD}.Release|Any CPU.ActiveCfg = Release|Any CPU
		{E57B020B-E404-4D4E-92A2-ABC517CE6BDD}.Release|Any CPU.Build.0 = Release|Any CPU
		{24A76A5D-E816-4D8F-BEBD-D24A4E72B2EA}.Debug|Any CPU.ActiveCfg = Debug|Any CPU
		{24A76A5D-E816-4D8F-BEBD-D24A4E72B2EA}.Debug|Any CPU.Build.0 = Debug|Any CPU
		{24A76A5D-E816-4D8F-BEBD-D24A4E72B2EA}.Release|Any CPU.ActiveCfg = Release|Any CPU
		{24A76A5D-E816-4D8F-BEBD-D24A4E72B2EA}.Release|Any CPU.Build.0 = Release|Any CPU
		{8A80745A-0183-40CE-885B-DD18C6525B08}.Debug|Any CPU.ActiveCfg = Debug|Any CPU
		{8A80745A-0183-40CE-885B-DD18C6525B08}.Debug|Any CPU.Build.0 = Debug|Any CPU
		{8A80745A-0183-40CE-885B-DD18C6525B08}.Release|Any CPU.ActiveCfg = Release|Any CPU
		{8A80745A-0183-40CE-885B-DD18C6525B08}.Release|Any CPU.Build.0 = Release|Any CPU
		{78FDA625-7A67-46C7-9287-4D57BCEF8D0E}.Debug|Any CPU.ActiveCfg = Debug|Any CPU
		{78FDA625-7A67-46C7-9287-4D57BCEF8D0E}.Debug|Any CPU.Build.0 = Debug|Any CPU
		{78FDA625-7A67-46C7-9287-4D57BCEF8D0E}.Release|Any CPU.ActiveCfg = Release|Any CPU
		{78FDA625-7A67-46C7-9287-4D57BCEF8D0E}.Release|Any CPU.Build.0 = Release|Any CPU
		{4471E84C-7A1B-4719-89F9-CCC626D111AD}.Debug|Any CPU.ActiveCfg = Debug|Any CPU
		{4471E84C-7A1B-4719-89F9-CCC626D111AD}.Debug|Any CPU.Build.0 = Debug|Any CPU
		{4471E84C-7A1B-4719-89F9-CCC626D111AD}.Release|Any CPU.ActiveCfg = Release|Any CPU
		{4471E84C-7A1B-4719-89F9-CCC626D111AD}.Release|Any CPU.Build.0 = Release|Any CPU
		{016266F9-369D-4C32-8B9B-35BA9B94447F}.Debug|Any CPU.ActiveCfg = Debug|Any CPU
		{016266F9-369D-4C32-8B9B-35BA9B94447F}.Debug|Any CPU.Build.0 = Debug|Any CPU
		{016266F9-369D-4C32-8B9B-35BA9B94447F}.Release|Any CPU.ActiveCfg = Release|Any CPU
		{016266F9-369D-4C32-8B9B-35BA9B94447F}.Release|Any CPU.Build.0 = Release|Any CPU
		{8473718C-0587-4482-80BB-24ED193D9C5D}.Debug|Any CPU.ActiveCfg = Debug|Any CPU
		{8473718C-0587-4482-80BB-24ED193D9C5D}.Debug|Any CPU.Build.0 = Debug|Any CPU
		{8473718C-0587-4482-80BB-24ED193D9C5D}.Release|Any CPU.ActiveCfg = Release|Any CPU
		{8473718C-0587-4482-80BB-24ED193D9C5D}.Release|Any CPU.Build.0 = Release|Any CPU
		{1CFA6885-EBBE-489E-9373-B672E8DAD7E7}.Debug|Any CPU.ActiveCfg = Debug|Any CPU
		{1CFA6885-EBBE-489E-9373-B672E8DAD7E7}.Debug|Any CPU.Build.0 = Debug|Any CPU
		{1CFA6885-EBBE-489E-9373-B672E8DAD7E7}.Release|Any CPU.ActiveCfg = Release|Any CPU
		{1CFA6885-EBBE-489E-9373-B672E8DAD7E7}.Release|Any CPU.Build.0 = Release|Any CPU
		{8A0FDB29-76A4-4FE5-8652-93FCAAF50772}.Debug|Any CPU.ActiveCfg = Debug|Any CPU
		{8A0FDB29-76A4-4FE5-8652-93FCAAF50772}.Debug|Any CPU.Build.0 = Debug|Any CPU
		{8A0FDB29-76A4-4FE5-8652-93FCAAF50772}.Release|Any CPU.ActiveCfg = Release|Any CPU
		{8A0FDB29-76A4-4FE5-8652-93FCAAF50772}.Release|Any CPU.Build.0 = Release|Any CPU
		{81E083DC-BDE0-4742-AEC7-CF36768F6BFD}.Debug|Any CPU.ActiveCfg = Debug|Any CPU
		{81E083DC-BDE0-4742-AEC7-CF36768F6BFD}.Debug|Any CPU.Build.0 = Debug|Any CPU
		{81E083DC-BDE0-4742-AEC7-CF36768F6BFD}.Release|Any CPU.ActiveCfg = Release|Any CPU
		{81E083DC-BDE0-4742-AEC7-CF36768F6BFD}.Release|Any CPU.Build.0 = Release|Any CPU
		{F55AD050-B25C-42AF-9D13-9CE1B8F27701}.Debug|Any CPU.ActiveCfg = Debug|Any CPU
		{F55AD050-B25C-42AF-9D13-9CE1B8F27701}.Debug|Any CPU.Build.0 = Debug|Any CPU
		{F55AD050-B25C-42AF-9D13-9CE1B8F27701}.Release|Any CPU.ActiveCfg = Release|Any CPU
		{F55AD050-B25C-42AF-9D13-9CE1B8F27701}.Release|Any CPU.Build.0 = Release|Any CPU
		{A5EAF546-29A6-4581-83B3-1BAB4B9B2456}.Debug|Any CPU.ActiveCfg = Debug|Any CPU
		{A5EAF546-29A6-4581-83B3-1BAB4B9B2456}.Debug|Any CPU.Build.0 = Debug|Any CPU
		{A5EAF546-29A6-4581-83B3-1BAB4B9B2456}.Release|Any CPU.ActiveCfg = Release|Any CPU
		{A5EAF546-29A6-4581-83B3-1BAB4B9B2456}.Release|Any CPU.Build.0 = Release|Any CPU
		{E98DEC9D-20D1-4F65-A746-F2808B73F61A}.Debug|Any CPU.ActiveCfg = Debug|Any CPU
		{E98DEC9D-20D1-4F65-A746-F2808B73F61A}.Debug|Any CPU.Build.0 = Debug|Any CPU
		{E98DEC9D-20D1-4F65-A746-F2808B73F61A}.Release|Any CPU.ActiveCfg = Release|Any CPU
		{E98DEC9D-20D1-4F65-A746-F2808B73F61A}.Release|Any CPU.Build.0 = Release|Any CPU
		{2993FBE5-AA1F-433C-A07F-34CC25C59852}.Debug|Any CPU.ActiveCfg = Debug|Any CPU
		{2993FBE5-AA1F-433C-A07F-34CC25C59852}.Debug|Any CPU.Build.0 = Debug|Any CPU
		{2993FBE5-AA1F-433C-A07F-34CC25C59852}.Release|Any CPU.ActiveCfg = Release|Any CPU
		{2993FBE5-AA1F-433C-A07F-34CC25C59852}.Release|Any CPU.Build.0 = Release|Any CPU
		{3E769F10-C35B-4DB3-A375-578C4091E6B8}.Debug|Any CPU.ActiveCfg = Debug|Any CPU
		{3E769F10-C35B-4DB3-A375-578C4091E6B8}.Debug|Any CPU.Build.0 = Debug|Any CPU
		{3E769F10-C35B-4DB3-A375-578C4091E6B8}.Release|Any CPU.ActiveCfg = Release|Any CPU
		{3E769F10-C35B-4DB3-A375-578C4091E6B8}.Release|Any CPU.Build.0 = Release|Any CPU
		{F5A15ED6-4EB8-4E39-8B19-357B799A1F10}.Debug|Any CPU.ActiveCfg = Debug|Any CPU
		{F5A15ED6-4EB8-4E39-8B19-357B799A1F10}.Debug|Any CPU.Build.0 = Debug|Any CPU
		{F5A15ED6-4EB8-4E39-8B19-357B799A1F10}.Release|Any CPU.ActiveCfg = Release|Any CPU
		{F5A15ED6-4EB8-4E39-8B19-357B799A1F10}.Release|Any CPU.Build.0 = Release|Any CPU
		{97EE1806-FBD2-4305-858F-F2572E80A4DE}.Debug|Any CPU.ActiveCfg = Debug|Any CPU
		{97EE1806-FBD2-4305-858F-F2572E80A4DE}.Debug|Any CPU.Build.0 = Debug|Any CPU
		{97EE1806-FBD2-4305-858F-F2572E80A4DE}.Release|Any CPU.ActiveCfg = Release|Any CPU
		{97EE1806-FBD2-4305-858F-F2572E80A4DE}.Release|Any CPU.Build.0 = Release|Any CPU
		{247886C9-EC78-4CF9-8121-151AA091BBBE}.Debug|Any CPU.ActiveCfg = Debug|Any CPU
		{247886C9-EC78-4CF9-8121-151AA091BBBE}.Debug|Any CPU.Build.0 = Debug|Any CPU
		{247886C9-EC78-4CF9-8121-151AA091BBBE}.Release|Any CPU.ActiveCfg = Release|Any CPU
		{247886C9-EC78-4CF9-8121-151AA091BBBE}.Release|Any CPU.Build.0 = Release|Any CPU
		{C867875C-5404-480D-89E4-9CC67C66D963}.Debug|Any CPU.ActiveCfg = Debug|Any CPU
		{C867875C-5404-480D-89E4-9CC67C66D963}.Debug|Any CPU.Build.0 = Debug|Any CPU
		{C867875C-5404-480D-89E4-9CC67C66D963}.Release|Any CPU.ActiveCfg = Release|Any CPU
		{C867875C-5404-480D-89E4-9CC67C66D963}.Release|Any CPU.Build.0 = Release|Any CPU
		{FF61E24B-369F-490E-BAD8-607948E35E8F}.Debug|Any CPU.ActiveCfg = Debug|Any CPU
		{FF61E24B-369F-490E-BAD8-607948E35E8F}.Debug|Any CPU.Build.0 = Debug|Any CPU
		{FF61E24B-369F-490E-BAD8-607948E35E8F}.Release|Any CPU.ActiveCfg = Release|Any CPU
		{FF61E24B-369F-490E-BAD8-607948E35E8F}.Release|Any CPU.Build.0 = Release|Any CPU
		{2421232C-E74B-44C6-ADD8-19AC07A1357A}.Debug|Any CPU.ActiveCfg = Debug|Any CPU
		{2421232C-E74B-44C6-ADD8-19AC07A1357A}.Debug|Any CPU.Build.0 = Debug|Any CPU
		{2421232C-E74B-44C6-ADD8-19AC07A1357A}.Release|Any CPU.ActiveCfg = Release|Any CPU
		{2421232C-E74B-44C6-ADD8-19AC07A1357A}.Release|Any CPU.Build.0 = Release|Any CPU
		{60E95425-9221-4D82-AF52-3DB7529F2652}.Debug|Any CPU.ActiveCfg = Debug|Any CPU
		{60E95425-9221-4D82-AF52-3DB7529F2652}.Debug|Any CPU.Build.0 = Debug|Any CPU
		{60E95425-9221-4D82-AF52-3DB7529F2652}.Release|Any CPU.ActiveCfg = Release|Any CPU
		{60E95425-9221-4D82-AF52-3DB7529F2652}.Release|Any CPU.Build.0 = Release|Any CPU
		{E9EAE633-430D-4B9C-A107-FCC58E3B4048}.Debug|Any CPU.ActiveCfg = Debug|Any CPU
		{E9EAE633-430D-4B9C-A107-FCC58E3B4048}.Debug|Any CPU.Build.0 = Debug|Any CPU
		{E9EAE633-430D-4B9C-A107-FCC58E3B4048}.Release|Any CPU.ActiveCfg = Release|Any CPU
		{E9EAE633-430D-4B9C-A107-FCC58E3B4048}.Release|Any CPU.Build.0 = Release|Any CPU
		{36917E28-CE6F-441F-8C2F-F9210AD56D31}.Debug|Any CPU.ActiveCfg = Debug|Any CPU
		{36917E28-CE6F-441F-8C2F-F9210AD56D31}.Debug|Any CPU.Build.0 = Debug|Any CPU
		{36917E28-CE6F-441F-8C2F-F9210AD56D31}.Release|Any CPU.ActiveCfg = Release|Any CPU
		{36917E28-CE6F-441F-8C2F-F9210AD56D31}.Release|Any CPU.Build.0 = Release|Any CPU
		{DD7E515A-52CF-41A2-8325-8704EB187053}.Debug|Any CPU.ActiveCfg = Debug|Any CPU
		{DD7E515A-52CF-41A2-8325-8704EB187053}.Debug|Any CPU.Build.0 = Debug|Any CPU
		{DD7E515A-52CF-41A2-8325-8704EB187053}.Release|Any CPU.ActiveCfg = Release|Any CPU
		{DD7E515A-52CF-41A2-8325-8704EB187053}.Release|Any CPU.Build.0 = Release|Any CPU
		{567C1DF3-46BD-4485-B06D-607384CC6B3F}.Debug|Any CPU.ActiveCfg = Debug|Any CPU
		{567C1DF3-46BD-4485-B06D-607384CC6B3F}.Debug|Any CPU.Build.0 = Debug|Any CPU
		{567C1DF3-46BD-4485-B06D-607384CC6B3F}.Release|Any CPU.ActiveCfg = Release|Any CPU
		{567C1DF3-46BD-4485-B06D-607384CC6B3F}.Release|Any CPU.Build.0 = Release|Any CPU
		{58E46C81-992D-4F19-BD74-940E81949FB8}.Debug|Any CPU.ActiveCfg = Debug|Any CPU
		{58E46C81-992D-4F19-BD74-940E81949FB8}.Debug|Any CPU.Build.0 = Debug|Any CPU
		{58E46C81-992D-4F19-BD74-940E81949FB8}.Release|Any CPU.ActiveCfg = Release|Any CPU
		{58E46C81-992D-4F19-BD74-940E81949FB8}.Release|Any CPU.Build.0 = Release|Any CPU
		{DB714BA5-9F07-41ED-A671-5A107C34BAA4}.Debug|Any CPU.ActiveCfg = Debug|Any CPU
		{DB714BA5-9F07-41ED-A671-5A107C34BAA4}.Debug|Any CPU.Build.0 = Debug|Any CPU
		{DB714BA5-9F07-41ED-A671-5A107C34BAA4}.Release|Any CPU.ActiveCfg = Release|Any CPU
		{DB714BA5-9F07-41ED-A671-5A107C34BAA4}.Release|Any CPU.Build.0 = Release|Any CPU
		{13B73E95-44DF-45F0-ADEB-18669622BA80}.Debug|Any CPU.ActiveCfg = Debug|Any CPU
		{13B73E95-44DF-45F0-ADEB-18669622BA80}.Debug|Any CPU.Build.0 = Debug|Any CPU
		{13B73E95-44DF-45F0-ADEB-18669622BA80}.Release|Any CPU.ActiveCfg = Release|Any CPU
		{13B73E95-44DF-45F0-ADEB-18669622BA80}.Release|Any CPU.Build.0 = Release|Any CPU
	EndGlobalSection
	GlobalSection(SolutionProperties) = preSolution
		HideSolutionNode = FALSE
	EndGlobalSection
	GlobalSection(NestedProjects) = preSolution
		{453550F2-BF83-4C13-9386-9ACF6E2AE591} = {2AD85871-C0C5-4016-9E47-9D32FA264772}
		{E55D8AFC-ED5E-4366-A57E-506E1DDFDC3A} = {1310DCAB-53FC-489D-8043-6130D47EC780}
		{CF461FFF-0A97-40FC-93AC-3D11E983BB9F} = {1310DCAB-53FC-489D-8043-6130D47EC780}
		{E57B020B-E404-4D4E-92A2-ABC517CE6BDD} = {1310DCAB-53FC-489D-8043-6130D47EC780}
		{78FDA625-7A67-46C7-9287-4D57BCEF8D0E} = {C989EE37-EE38-4C4E-8338-12DA6A905D5C}
		{4471E84C-7A1B-4719-89F9-CCC626D111AD} = {C989EE37-EE38-4C4E-8338-12DA6A905D5C}
		{016266F9-369D-4C32-8B9B-35BA9B94447F} = {C989EE37-EE38-4C4E-8338-12DA6A905D5C}
		{8473718C-0587-4482-80BB-24ED193D9C5D} = {C989EE37-EE38-4C4E-8338-12DA6A905D5C}
		{1CFA6885-EBBE-489E-9373-B672E8DAD7E7} = {C989EE37-EE38-4C4E-8338-12DA6A905D5C}
		{8A0FDB29-76A4-4FE5-8652-93FCAAF50772} = {F3300AFD-ACFA-4E4A-86D7-D35627AB8FB9}
		{81E083DC-BDE0-4742-AEC7-CF36768F6BFD} = {F3300AFD-ACFA-4E4A-86D7-D35627AB8FB9}
		{F55AD050-B25C-42AF-9D13-9CE1B8F27701} = {F3300AFD-ACFA-4E4A-86D7-D35627AB8FB9}
		{A5EAF546-29A6-4581-83B3-1BAB4B9B2456} = {F3300AFD-ACFA-4E4A-86D7-D35627AB8FB9}
		{E98DEC9D-20D1-4F65-A746-F2808B73F61A} = {F3300AFD-ACFA-4E4A-86D7-D35627AB8FB9}
		{2993FBE5-AA1F-433C-A07F-34CC25C59852} = {2AD85871-C0C5-4016-9E47-9D32FA264772}
		{3E769F10-C35B-4DB3-A375-578C4091E6B8} = {2AD85871-C0C5-4016-9E47-9D32FA264772}
		{F5A15ED6-4EB8-4E39-8B19-357B799A1F10} = {2AD85871-C0C5-4016-9E47-9D32FA264772}
		{97EE1806-FBD2-4305-858F-F2572E80A4DE} = {2AD85871-C0C5-4016-9E47-9D32FA264772}
		{247886C9-EC78-4CF9-8121-151AA091BBBE} = {2AD85871-C0C5-4016-9E47-9D32FA264772}
		{C867875C-5404-480D-89E4-9CC67C66D963} = {10ACA3E7-4955-4D0B-92BA-07A1005A1DD5}
		{FF61E24B-369F-490E-BAD8-607948E35E8F} = {10ACA3E7-4955-4D0B-92BA-07A1005A1DD5}
		{2421232C-E74B-44C6-ADD8-19AC07A1357A} = {10ACA3E7-4955-4D0B-92BA-07A1005A1DD5}
		{60E95425-9221-4D82-AF52-3DB7529F2652} = {10ACA3E7-4955-4D0B-92BA-07A1005A1DD5}
		{E9EAE633-430D-4B9C-A107-FCC58E3B4048} = {10ACA3E7-4955-4D0B-92BA-07A1005A1DD5}
		{36917E28-CE6F-441F-8C2F-F9210AD56D31} = {1310DCAB-53FC-489D-8043-6130D47EC780}
		{DD7E515A-52CF-41A2-8325-8704EB187053} = {1310DCAB-53FC-489D-8043-6130D47EC780}
		{567C1DF3-46BD-4485-B06D-607384CC6B3F} = {1310DCAB-53FC-489D-8043-6130D47EC780}
		{58E46C81-992D-4F19-BD74-940E81949FB8} = {1310DCAB-53FC-489D-8043-6130D47EC780}
		{DB714BA5-9F07-41ED-A671-5A107C34BAA4} = {1310DCAB-53FC-489D-8043-6130D47EC780}
		{13B73E95-44DF-45F0-ADEB-18669622BA80} = {1310DCAB-53FC-489D-8043-6130D47EC780}
	EndGlobalSection
	GlobalSection(ExtensibilityGlobals) = postSolution
		SolutionGuid = {C291876A-AB3A-4AC8-B413-1D7AC9972031}
	EndGlobalSection
EndGlobal
