
Microsoft Visual Studio Solution File, Format Version 12.00
# Visual Studio 14
VisualStudioVersion = 14.0.25420.1
MinimumVisualStudioVersion = 10.0.40219.1
Project("{FAE04EC0-301F-11D3-BF4B-00C04F79EFBC}") = "ZhiFang.ReagentSys.OrderTrace", "ZhiFang.ReagentSys.OrderTrace\ZhiFang.ReagentSys.OrderTrace.csproj", "{509510E7-1314-4AE2-9D62-C101E01586F0}"
EndProject
Project("{FAE04EC0-301F-11D3-BF4B-00C04F79EFBC}") = "ZhiFang.BLL.Base", "ZhiFang.BLL.Base\ZhiFang.BLL.Base.csproj", "{37739231-3A7D-4F27-9AF5-885C68680125}"
EndProject
Project("{FAE04EC0-301F-11D3-BF4B-00C04F79EFBC}") = "ZhiFang.BLL.Common", "ZhiFang.BLL.Common\ZhiFang.BLL.Common.csproj", "{BF010B74-376A-45BA-9843-1F87287EFAB6}"
EndProject
Project("{FAE04EC0-301F-11D3-BF4B-00C04F79EFBC}") = "ZhiFang.BLL.RBAC", "ZhiFang.BLL.RBAC\ZhiFang.BLL.RBAC.csproj", "{2FB689A9-D6EB-4F2E-98B8-B8A8850E3A97}"
EndProject
Project("{FAE04EC0-301F-11D3-BF4B-00C04F79EFBC}") = "ZhiFang.DAO.NHB.Base", "ZhiFang.DAO.NHB.Base\ZhiFang.DAO.NHB.Base.csproj", "{1FA4B651-58E4-4218-94B9-385CA2752EFD}"
EndProject
Project("{FAE04EC0-301F-11D3-BF4B-00C04F79EFBC}") = "ZhiFang.DAO.NHB.Common", "ZhiFang.DAO.NHB.Common\ZhiFang.DAO.NHB.Common.csproj", "{7CA1B12D-C476-426A-AA59-E3E8DBA60650}"
EndProject
Project("{FAE04EC0-301F-11D3-BF4B-00C04F79EFBC}") = "ZhiFang.DAO.NHB.RBAC", "ZhiFang.DAO.NHB.RBAC\ZhiFang.DAO.NHB.RBAC.csproj", "{74ECF185-17AA-4437-AB89-9CA06A77FAAC}"
EndProject
Project("{FAE04EC0-301F-11D3-BF4B-00C04F79EFBC}") = "ZhiFang.DBUpdate", "ZhiFang.DBUpdate\ZhiFang.DBUpdate.csproj", "{881E216B-1148-41E2-9CBD-C0C06B5965EB}"
EndProject
Project("{FAE04EC0-301F-11D3-BF4B-00C04F79EFBC}") = "ZhiFang.Entity.Base", "ZhiFang.Entity.Base\ZhiFang.Entity.Base.csproj", "{F1096968-0D4E-4FBA-B427-45173B78F476}"
EndProject
Project("{FAE04EC0-301F-11D3-BF4B-00C04F79EFBC}") = "ZhiFang.Entity.Common", "ZhiFang.Entity.Common\ZhiFang.Entity.Common.csproj", "{9DEC2E5E-9E6E-4BE3-9656-61568D209545}"
EndProject
Project("{FAE04EC0-301F-11D3-BF4B-00C04F79EFBC}") = "ZhiFang.Entity.RBAC", "ZhiFang.Entity.RBAC\ZhiFang.Entity.RBAC.csproj", "{61F57D84-74D3-409F-AA8B-E4DCACF5438C}"
EndProject
Project("{FAE04EC0-301F-11D3-BF4B-00C04F79EFBC}") = "ZhiFang.IBLL.Base", "ZhiFang.IBLL.Base\ZhiFang.IBLL.Base.csproj", "{51894403-5FC4-4546-857E-DD4BA973819F}"
EndProject
Project("{FAE04EC0-301F-11D3-BF4B-00C04F79EFBC}") = "ZhiFang.IBLL.Common", "ZhiFang.IBLL.Common\ZhiFang.IBLL.Common.csproj", "{EAE20059-B28D-47FC-9BFC-813AE2A7D48D}"
EndProject
Project("{FAE04EC0-301F-11D3-BF4B-00C04F79EFBC}") = "ZhiFang.IBLL.RBAC", "ZhiFang.IBLL.RBAC\ZhiFang.IBLL.RBAC.csproj", "{42C5AA48-EF31-4213-83A5-D24B19F00921}"
EndProject
Project("{FAE04EC0-301F-11D3-BF4B-00C04F79EFBC}") = "ZhiFang.IDAO.Base", "ZhiFang.IDAO.Base\ZhiFang.IDAO.Base.csproj", "{FB3A0086-DF39-4D5A-A6E0-D8A1FF07C8AD}"
EndProject
Project("{FAE04EC0-301F-11D3-BF4B-00C04F79EFBC}") = "ZhiFang.IDAO.Common", "ZhiFang.IDAO.Common\ZhiFang.IDAO.Common.csproj", "{BB8218B0-01DC-4C86-9C93-5888E4F69A41}"
EndProject
Project("{FAE04EC0-301F-11D3-BF4B-00C04F79EFBC}") = "ZhiFang.IDAO.RBAC", "ZhiFang.IDAO.RBAC\ZhiFang.IDAO.RBAC.csproj", "{E1F06F19-6601-4B30-9A9F-E1E11C721441}"
EndProject
Project("{FAE04EC0-301F-11D3-BF4B-00C04F79EFBC}") = "ZhiFang.ServiceCommon.RBAC", "ZhiFang.ServiceCommon.RBAC\ZhiFang.ServiceCommon.RBAC.csproj", "{A4A0F6D1-1F28-49D6-BA06-378519429122}"
EndProject
Project("{2150E333-8FDC-42A3-9474-1A3956D46DE8}") = "Lib", "Lib", "{72BFBB15-C754-4264-93A2-1B5F17B513A2}"
	ProjectSection(SolutionItems) = preProject
		Lib\Antlr3.Runtime.dll = Lib\Antlr3.Runtime.dll
		Lib\Aspose.Cells.dll = Lib\Aspose.Cells.dll
		Lib\Common.Logging.dll = Lib\Common.Logging.dll
		Lib\Excel.dll = Lib\Excel.dll
		Lib\FastReport.dll = Lib\FastReport.dll
		Lib\ICSharpCode.SharpZipLib.dll = Lib\ICSharpCode.SharpZipLib.dll
		Lib\Iesi.Collections.dll = Lib\Iesi.Collections.dll
		Lib\Ionic.Zip.dll = Lib\Ionic.Zip.dll
		Lib\LinFu.DynamicProxy.dll = Lib\LinFu.DynamicProxy.dll
		Lib\log4net.dll = Lib\log4net.dll
		Lib\log4netcfg.xml = Lib\log4netcfg.xml
		Lib\Newtonsoft.Json.dll = Lib\Newtonsoft.Json.dll
		Lib\NHibernate.ByteCode.LinFu.dll = Lib\NHibernate.ByteCode.LinFu.dll
		Lib\NHibernate.ByteCode.Spring.dll = Lib\NHibernate.ByteCode.Spring.dll
		Lib\NHibernate.Caches.SysCache2.dll = Lib\NHibernate.Caches.SysCache2.dll
		Lib\NHibernate.dll = Lib\NHibernate.dll
		Lib\NPOI.dll = Lib\NPOI.dll
		Lib\NPOI.OOXML.dll = Lib\NPOI.OOXML.dll
		Lib\NPOI.OOXML.XML = Lib\NPOI.OOXML.XML
		Lib\NPOI.OpenXml4Net.dll = Lib\NPOI.OpenXml4Net.dll
		Lib\NPOI.OpenXml4Net.XML = Lib\NPOI.OpenXml4Net.XML
		Lib\NPOI.OpenXmlFormats.dll = Lib\NPOI.OpenXmlFormats.dll
		Lib\NPOI.XML = Lib\NPOI.XML
		Lib\Spring.Aop.dll = Lib\Spring.Aop.dll
		Lib\Spring.Core.dll = Lib\Spring.Core.dll
		Lib\Spring.Core.xml = Lib\Spring.Core.xml
		Lib\Spring.Data.dll = Lib\Spring.Data.dll
		Lib\Spring.Data.NHibernate30.dll = Lib\Spring.Data.NHibernate30.dll
		Lib\Spring.Services.dll = Lib\Spring.Services.dll
		Lib\ZhiFang.Common.dll = Lib\ZhiFang.Common.dll
		Lib\ZhiFang.Common.Log.dll = Lib\ZhiFang.Common.Log.dll
	EndProjectSection
EndProject
Project("{FAE04EC0-301F-11D3-BF4B-00C04F79EFBC}") = "ZhiFang.IBLL.ReagentSys.OrderTrace", "ZhiFang.IBLL.ReagentSys.OrderTrace\ZhiFang.IBLL.ReagentSys.OrderTrace.csproj", "{83D8EF07-6674-4AA7-AF72-EEF64F94A6F0}"
EndProject
Project("{FAE04EC0-301F-11D3-BF4B-00C04F79EFBC}") = "ZhiFang.BLL.ReagentSys.OrderTrace", "ZhiFang.BLL.ReagentSys.OrderTrace\ZhiFang.BLL.ReagentSys.OrderTrace.csproj", "{FAA668E9-C98D-4E5B-9A63-516ACD842669}"
EndProject
Project("{FAE04EC0-301F-11D3-BF4B-00C04F79EFBC}") = "ZhiFang.IDAO.ReagentSys.OrderTrace", "ZhiFang.IDAO.ReagentSys.OrderTrace\ZhiFang.IDAO.ReagentSys.OrderTrace.csproj", "{8F80C76A-A193-439D-9EE4-821152CBF2DC}"
EndProject
Project("{FAE04EC0-301F-11D3-BF4B-00C04F79EFBC}") = "ZhiFang.DAO.NHB.ReagentSys.OrderTrace", "ZhiFang.DAO.NHB.ReagentSys.OrderTrace\ZhiFang.DAO.NHB.ReagentSys.OrderTrace.csproj", "{D74958BA-B373-4264-83FC-588657F00B11}"
EndProject
Project("{FAE04EC0-301F-11D3-BF4B-00C04F79EFBC}") = "ZhiFang.ReagentSys.OrderTrace.Common", "ZhiFang.ReagentSys.OrderTrace.Common\ZhiFang.ReagentSys.OrderTrace.Common.csproj", "{536AEF06-970C-4012-AFF4-2F6D858B5E02}"
EndProject
Project("{FAE04EC0-301F-11D3-BF4B-00C04F79EFBC}") = "ZhiFang.ObjectFactory.ReagentSys.OrderTrace", "ZhiFang.ObjectFactory.ReagentSys.OrderTrace\ZhiFang.ObjectFactory.ReagentSys.OrderTrace.csproj", "{8ED90F47-376E-4BAD-9718-FDFE0C1DD608}"
EndProject
Global
	GlobalSection(SolutionConfigurationPlatforms) = preSolution
		Debug|Any CPU = Debug|Any CPU
		Release|Any CPU = Release|Any CPU
	EndGlobalSection
	GlobalSection(ProjectConfigurationPlatforms) = postSolution
		{509510E7-1314-4AE2-9D62-C101E01586F0}.Debug|Any CPU.ActiveCfg = Debug|Any CPU
		{509510E7-1314-4AE2-9D62-C101E01586F0}.Debug|Any CPU.Build.0 = Debug|Any CPU
		{509510E7-1314-4AE2-9D62-C101E01586F0}.Release|Any CPU.ActiveCfg = Release|Any CPU
		{509510E7-1314-4AE2-9D62-C101E01586F0}.Release|Any CPU.Build.0 = Release|Any CPU
		{37739231-3A7D-4F27-9AF5-885C68680125}.Debug|Any CPU.ActiveCfg = Debug|Any CPU
		{37739231-3A7D-4F27-9AF5-885C68680125}.Debug|Any CPU.Build.0 = Debug|Any CPU
		{37739231-3A7D-4F27-9AF5-885C68680125}.Release|Any CPU.ActiveCfg = Release|Any CPU
		{37739231-3A7D-4F27-9AF5-885C68680125}.Release|Any CPU.Build.0 = Release|Any CPU
		{BF010B74-376A-45BA-9843-1F87287EFAB6}.Debug|Any CPU.ActiveCfg = Debug|Any CPU
		{BF010B74-376A-45BA-9843-1F87287EFAB6}.Debug|Any CPU.Build.0 = Debug|Any CPU
		{BF010B74-376A-45BA-9843-1F87287EFAB6}.Release|Any CPU.ActiveCfg = Release|Any CPU
		{BF010B74-376A-45BA-9843-1F87287EFAB6}.Release|Any CPU.Build.0 = Release|Any CPU
		{2FB689A9-D6EB-4F2E-98B8-B8A8850E3A97}.Debug|Any CPU.ActiveCfg = Debug|Any CPU
		{2FB689A9-D6EB-4F2E-98B8-B8A8850E3A97}.Debug|Any CPU.Build.0 = Debug|Any CPU
		{2FB689A9-D6EB-4F2E-98B8-B8A8850E3A97}.Release|Any CPU.ActiveCfg = Release|Any CPU
		{2FB689A9-D6EB-4F2E-98B8-B8A8850E3A97}.Release|Any CPU.Build.0 = Release|Any CPU
		{1FA4B651-58E4-4218-94B9-385CA2752EFD}.Debug|Any CPU.ActiveCfg = Debug|Any CPU
		{1FA4B651-58E4-4218-94B9-385CA2752EFD}.Debug|Any CPU.Build.0 = Debug|Any CPU
		{1FA4B651-58E4-4218-94B9-385CA2752EFD}.Release|Any CPU.ActiveCfg = Release|Any CPU
		{1FA4B651-58E4-4218-94B9-385CA2752EFD}.Release|Any CPU.Build.0 = Release|Any CPU
		{7CA1B12D-C476-426A-AA59-E3E8DBA60650}.Debug|Any CPU.ActiveCfg = Debug|Any CPU
		{7CA1B12D-C476-426A-AA59-E3E8DBA60650}.Debug|Any CPU.Build.0 = Debug|Any CPU
		{7CA1B12D-C476-426A-AA59-E3E8DBA60650}.Release|Any CPU.ActiveCfg = Release|Any CPU
		{7CA1B12D-C476-426A-AA59-E3E8DBA60650}.Release|Any CPU.Build.0 = Release|Any CPU
		{74ECF185-17AA-4437-AB89-9CA06A77FAAC}.Debug|Any CPU.ActiveCfg = Debug|Any CPU
		{74ECF185-17AA-4437-AB89-9CA06A77FAAC}.Debug|Any CPU.Build.0 = Debug|Any CPU
		{74ECF185-17AA-4437-AB89-9CA06A77FAAC}.Release|Any CPU.ActiveCfg = Release|Any CPU
		{74ECF185-17AA-4437-AB89-9CA06A77FAAC}.Release|Any CPU.Build.0 = Release|Any CPU
		{881E216B-1148-41E2-9CBD-C0C06B5965EB}.Debug|Any CPU.ActiveCfg = Debug|Any CPU
		{881E216B-1148-41E2-9CBD-C0C06B5965EB}.Debug|Any CPU.Build.0 = Debug|Any CPU
		{881E216B-1148-41E2-9CBD-C0C06B5965EB}.Release|Any CPU.ActiveCfg = Release|Any CPU
		{881E216B-1148-41E2-9CBD-C0C06B5965EB}.Release|Any CPU.Build.0 = Release|Any CPU
		{F1096968-0D4E-4FBA-B427-45173B78F476}.Debug|Any CPU.ActiveCfg = Debug|Any CPU
		{F1096968-0D4E-4FBA-B427-45173B78F476}.Debug|Any CPU.Build.0 = Debug|Any CPU
		{F1096968-0D4E-4FBA-B427-45173B78F476}.Release|Any CPU.ActiveCfg = Release|Any CPU
		{F1096968-0D4E-4FBA-B427-45173B78F476}.Release|Any CPU.Build.0 = Release|Any CPU
		{9DEC2E5E-9E6E-4BE3-9656-61568D209545}.Debug|Any CPU.ActiveCfg = Debug|Any CPU
		{9DEC2E5E-9E6E-4BE3-9656-61568D209545}.Debug|Any CPU.Build.0 = Debug|Any CPU
		{9DEC2E5E-9E6E-4BE3-9656-61568D209545}.Release|Any CPU.ActiveCfg = Release|Any CPU
		{9DEC2E5E-9E6E-4BE3-9656-61568D209545}.Release|Any CPU.Build.0 = Release|Any CPU
		{61F57D84-74D3-409F-AA8B-E4DCACF5438C}.Debug|Any CPU.ActiveCfg = Debug|Any CPU
		{61F57D84-74D3-409F-AA8B-E4DCACF5438C}.Debug|Any CPU.Build.0 = Debug|Any CPU
		{61F57D84-74D3-409F-AA8B-E4DCACF5438C}.Release|Any CPU.ActiveCfg = Release|Any CPU
		{61F57D84-74D3-409F-AA8B-E4DCACF5438C}.Release|Any CPU.Build.0 = Release|Any CPU
		{51894403-5FC4-4546-857E-DD4BA973819F}.Debug|Any CPU.ActiveCfg = Debug|Any CPU
		{51894403-5FC4-4546-857E-DD4BA973819F}.Debug|Any CPU.Build.0 = Debug|Any CPU
		{51894403-5FC4-4546-857E-DD4BA973819F}.Release|Any CPU.ActiveCfg = Release|Any CPU
		{51894403-5FC4-4546-857E-DD4BA973819F}.Release|Any CPU.Build.0 = Release|Any CPU
		{EAE20059-B28D-47FC-9BFC-813AE2A7D48D}.Debug|Any CPU.ActiveCfg = Debug|Any CPU
		{EAE20059-B28D-47FC-9BFC-813AE2A7D48D}.Debug|Any CPU.Build.0 = Debug|Any CPU
		{EAE20059-B28D-47FC-9BFC-813AE2A7D48D}.Release|Any CPU.ActiveCfg = Release|Any CPU
		{EAE20059-B28D-47FC-9BFC-813AE2A7D48D}.Release|Any CPU.Build.0 = Release|Any CPU
		{42C5AA48-EF31-4213-83A5-D24B19F00921}.Debug|Any CPU.ActiveCfg = Debug|Any CPU
		{42C5AA48-EF31-4213-83A5-D24B19F00921}.Debug|Any CPU.Build.0 = Debug|Any CPU
		{42C5AA48-EF31-4213-83A5-D24B19F00921}.Release|Any CPU.ActiveCfg = Release|Any CPU
		{42C5AA48-EF31-4213-83A5-D24B19F00921}.Release|Any CPU.Build.0 = Release|Any CPU
		{FB3A0086-DF39-4D5A-A6E0-D8A1FF07C8AD}.Debug|Any CPU.ActiveCfg = Debug|Any CPU
		{FB3A0086-DF39-4D5A-A6E0-D8A1FF07C8AD}.Debug|Any CPU.Build.0 = Debug|Any CPU
		{FB3A0086-DF39-4D5A-A6E0-D8A1FF07C8AD}.Release|Any CPU.ActiveCfg = Release|Any CPU
		{FB3A0086-DF39-4D5A-A6E0-D8A1FF07C8AD}.Release|Any CPU.Build.0 = Release|Any CPU
		{BB8218B0-01DC-4C86-9C93-5888E4F69A41}.Debug|Any CPU.ActiveCfg = Debug|Any CPU
		{BB8218B0-01DC-4C86-9C93-5888E4F69A41}.Debug|Any CPU.Build.0 = Debug|Any CPU
		{BB8218B0-01DC-4C86-9C93-5888E4F69A41}.Release|Any CPU.ActiveCfg = Release|Any CPU
		{BB8218B0-01DC-4C86-9C93-5888E4F69A41}.Release|Any CPU.Build.0 = Release|Any CPU
		{E1F06F19-6601-4B30-9A9F-E1E11C721441}.Debug|Any CPU.ActiveCfg = Debug|Any CPU
		{E1F06F19-6601-4B30-9A9F-E1E11C721441}.Debug|Any CPU.Build.0 = Debug|Any CPU
		{E1F06F19-6601-4B30-9A9F-E1E11C721441}.Release|Any CPU.ActiveCfg = Release|Any CPU
		{E1F06F19-6601-4B30-9A9F-E1E11C721441}.Release|Any CPU.Build.0 = Release|Any CPU
		{A4A0F6D1-1F28-49D6-BA06-378519429122}.Debug|Any CPU.ActiveCfg = Debug|Any CPU
		{A4A0F6D1-1F28-49D6-BA06-378519429122}.Debug|Any CPU.Build.0 = Debug|Any CPU
		{A4A0F6D1-1F28-49D6-BA06-378519429122}.Release|Any CPU.ActiveCfg = Release|Any CPU
		{A4A0F6D1-1F28-49D6-BA06-378519429122}.Release|Any CPU.Build.0 = Release|Any CPU
		{83D8EF07-6674-4AA7-AF72-EEF64F94A6F0}.Debug|Any CPU.ActiveCfg = Debug|Any CPU
		{83D8EF07-6674-4AA7-AF72-EEF64F94A6F0}.Debug|Any CPU.Build.0 = Debug|Any CPU
		{83D8EF07-6674-4AA7-AF72-EEF64F94A6F0}.Release|Any CPU.ActiveCfg = Release|Any CPU
		{83D8EF07-6674-4AA7-AF72-EEF64F94A6F0}.Release|Any CPU.Build.0 = Release|Any CPU
		{FAA668E9-C98D-4E5B-9A63-516ACD842669}.Debug|Any CPU.ActiveCfg = Debug|Any CPU
		{FAA668E9-C98D-4E5B-9A63-516ACD842669}.Debug|Any CPU.Build.0 = Debug|Any CPU
		{FAA668E9-C98D-4E5B-9A63-516ACD842669}.Release|Any CPU.ActiveCfg = Release|Any CPU
		{FAA668E9-C98D-4E5B-9A63-516ACD842669}.Release|Any CPU.Build.0 = Release|Any CPU
		{8F80C76A-A193-439D-9EE4-821152CBF2DC}.Debug|Any CPU.ActiveCfg = Debug|Any CPU
		{8F80C76A-A193-439D-9EE4-821152CBF2DC}.Debug|Any CPU.Build.0 = Debug|Any CPU
		{8F80C76A-A193-439D-9EE4-821152CBF2DC}.Release|Any CPU.ActiveCfg = Release|Any CPU
		{8F80C76A-A193-439D-9EE4-821152CBF2DC}.Release|Any CPU.Build.0 = Release|Any CPU
		{D74958BA-B373-4264-83FC-588657F00B11}.Debug|Any CPU.ActiveCfg = Debug|Any CPU
		{D74958BA-B373-4264-83FC-588657F00B11}.Debug|Any CPU.Build.0 = Debug|Any CPU
		{D74958BA-B373-4264-83FC-588657F00B11}.Release|Any CPU.ActiveCfg = Release|Any CPU
		{D74958BA-B373-4264-83FC-588657F00B11}.Release|Any CPU.Build.0 = Release|Any CPU
		{536AEF06-970C-4012-AFF4-2F6D858B5E02}.Debug|Any CPU.ActiveCfg = Debug|Any CPU
		{536AEF06-970C-4012-AFF4-2F6D858B5E02}.Debug|Any CPU.Build.0 = Debug|Any CPU
		{536AEF06-970C-4012-AFF4-2F6D858B5E02}.Release|Any CPU.ActiveCfg = Release|Any CPU
		{536AEF06-970C-4012-AFF4-2F6D858B5E02}.Release|Any CPU.Build.0 = Release|Any CPU
		{8ED90F47-376E-4BAD-9718-FDFE0C1DD608}.Debug|Any CPU.ActiveCfg = Debug|Any CPU
		{8ED90F47-376E-4BAD-9718-FDFE0C1DD608}.Debug|Any CPU.Build.0 = Debug|Any CPU
		{8ED90F47-376E-4BAD-9718-FDFE0C1DD608}.Release|Any CPU.ActiveCfg = Release|Any CPU
		{8ED90F47-376E-4BAD-9718-FDFE0C1DD608}.Release|Any CPU.Build.0 = Release|Any CPU
	EndGlobalSection
	GlobalSection(SolutionProperties) = preSolution
		HideSolutionNode = FALSE
	EndGlobalSection
	GlobalSection(ExtensibilityGlobals) = postSolution
		VisualSVNWorkingCopyRoot = .
	EndGlobalSection
EndGlobal
