
Microsoft Visual Studio Solution File, Format Version 12.00
# Visual Studio 14
VisualStudioVersion = 14.0.25420.1
MinimumVisualStudioVersion = 10.0.40219.1
Project("{2150E333-8FDC-42A3-9474-1A3956D46DE8}") = "Lib", "Lib", "{97C5E03B-00DD-4529-8987-59B82041E535}"
	ProjectSection(SolutionItems) = preProject
		Lib\Antlr3.Runtime.dll = Lib\Antlr3.Runtime.dll
		Lib\Aspose.Cells.dll = Lib\Aspose.Cells.dll
		Lib\Common.Logging.dll = Lib\Common.Logging.dll
		Lib\Excel.dll = Lib\Excel.dll
		Lib\FastReport.dll = Lib\FastReport.dll
		Lib\ICSharpCode.SharpZipLib.dll = Lib\ICSharpCode.SharpZipLib.dll
		Lib\Iesi.Collections.dll = Lib\Iesi.Collections.dll
		Lib\Ionic.Zip.dll = Lib\Ionic.Zip.dll
		Lib\LinFu.DynamicProxy.dll = Lib\LinFu.DynamicProxy.dll
		Lib\log4net.dll = Lib\log4net.dll
		Lib\log4netcfg.xml = Lib\log4netcfg.xml
		Lib\Newtonsoft.Json.dll = Lib\Newtonsoft.Json.dll
		Lib\NHibernate.ByteCode.LinFu.dll = Lib\NHibernate.ByteCode.LinFu.dll
		Lib\NHibernate.ByteCode.Spring.dll = Lib\NHibernate.ByteCode.Spring.dll
		Lib\NHibernate.Caches.SysCache2.dll = Lib\NHibernate.Caches.SysCache2.dll
		Lib\NHibernate.dll = Lib\NHibernate.dll
		Lib\NPOI.dll = Lib\NPOI.dll
		Lib\NPOI.OOXML.dll = Lib\NPOI.OOXML.dll
		Lib\NPOI.OOXML.XML = Lib\NPOI.OOXML.XML
		Lib\NPOI.OpenXml4Net.dll = Lib\NPOI.OpenXml4Net.dll
		Lib\NPOI.OpenXml4Net.XML = Lib\NPOI.OpenXml4Net.XML
		Lib\NPOI.OpenXmlFormats.dll = Lib\NPOI.OpenXmlFormats.dll
		Lib\NPOI.XML = Lib\NPOI.XML
		Lib\Spring.Aop.dll = Lib\Spring.Aop.dll
		Lib\Spring.Core.dll = Lib\Spring.Core.dll
		Lib\Spring.Core.xml = Lib\Spring.Core.xml
		Lib\Spring.Data.dll = Lib\Spring.Data.dll
		Lib\Spring.Data.NHibernate30.dll = Lib\Spring.Data.NHibernate30.dll
		Lib\Spring.Services.dll = Lib\Spring.Services.dll
		Lib\ZhiFang.Common.dll = Lib\ZhiFang.Common.dll
	EndProjectSection
EndProject
Project("{FAE04EC0-301F-11D3-BF4B-00C04F79EFBC}") = "ZhiFang.Entity.RBAC", "ZhiFang.Entity.RBAC\ZhiFang.Entity.RBAC.csproj", "{2993FBE5-AA1F-433C-A07F-34CC25C59852}"
EndProject
Project("{FAE04EC0-301F-11D3-BF4B-00C04F79EFBC}") = "ZhiFang.Entity.Base", "ZhiFang.Entity.Base\ZhiFang.Entity.Base.csproj", "{4471E84C-7A1B-4719-89F9-CCC626D111AD}"
EndProject
Project("{FAE04EC0-301F-11D3-BF4B-00C04F79EFBC}") = "ZhiFang.IDAO.RBAC", "ZhiFang.IDAO.RBAC\ZhiFang.IDAO.RBAC.csproj", "{3E769F10-C35B-4DB3-A375-578C4091E6B8}"
EndProject
Project("{FAE04EC0-301F-11D3-BF4B-00C04F79EFBC}") = "ZhiFang.IDAO.Base", "ZhiFang.IDAO.Base\ZhiFang.IDAO.Base.csproj", "{016266F9-369D-4C32-8B9B-35BA9B94447F}"
EndProject
Project("{FAE04EC0-301F-11D3-BF4B-00C04F79EFBC}") = "ZhiFang.BLL.Base", "ZhiFang.BLL.Base\ZhiFang.BLL.Base.csproj", "{78FDA625-7A67-46C7-9287-4D57BCEF8D0E}"
EndProject
Project("{FAE04EC0-301F-11D3-BF4B-00C04F79EFBC}") = "ZhiFang.IBLL.Base", "ZhiFang.IBLL.Base\ZhiFang.IBLL.Base.csproj", "{8473718C-0587-4482-80BB-24ED193D9C5D}"
EndProject
Project("{FAE04EC0-301F-11D3-BF4B-00C04F79EFBC}") = "ZhiFang.IBLL.RBAC", "ZhiFang.IBLL.RBAC\ZhiFang.IBLL.RBAC.csproj", "{F5A15ED6-4EB8-4E39-8B19-357B799A1F10}"
EndProject
Project("{FAE04EC0-301F-11D3-BF4B-00C04F79EFBC}") = "ZhiFang.BLL.RBAC", "ZhiFang.BLL.RBAC\ZhiFang.BLL.RBAC.csproj", "{247886C9-EC78-4CF9-8121-151AA091BBBE}"
EndProject
Project("{FAE04EC0-301F-11D3-BF4B-00C04F79EFBC}") = "ZhiFang.ProjectProgressMonitorManage.Common", "ZhiFang.ProjectProgressMonitorManage.Common\ZhiFang.ProjectProgressMonitorManage.Common.csproj", "{63BBBF6C-B082-4AB9-8582-4DD2DA3280D6}"
EndProject
Project("{FAE04EC0-301F-11D3-BF4B-00C04F79EFBC}") = "ZhiFang.ObjectFactory.ProjectProgressMonitorManage", "ZhiFang.ObjectFactory.ProjectProgressMonitorManage\ZhiFang.ObjectFactory.ProjectProgressMonitorManage.csproj", "{A398BAE9-4641-4AC6-829C-01307D38BA8F}"
EndProject
Project("{FAE04EC0-301F-11D3-BF4B-00C04F79EFBC}") = "ZhiFang.Entity.ProjectProgressMonitorManage", "ZhiFang.Entity.ProjectProgressMonitorManage\ZhiFang.Entity.ProjectProgressMonitorManage.csproj", "{E3B08151-FBE9-4E8E-B390-11BD9F7DEF4A}"
EndProject
Project("{FAE04EC0-301F-11D3-BF4B-00C04F79EFBC}") = "ZhiFang.DAO.NHB.RBAC", "ZhiFang.DAO.NHB.RBAC\ZhiFang.DAO.NHB.RBAC.csproj", "{97EE1806-FBD2-4305-858F-F2572E80A4DE}"
EndProject
Project("{FAE04EC0-301F-11D3-BF4B-00C04F79EFBC}") = "ZhiFang.DAO.NHB.Base", "ZhiFang.DAO.NHB.Base\ZhiFang.DAO.NHB.Base.csproj", "{1CFA6885-EBBE-489E-9373-B672E8DAD7E7}"
EndProject
Project("{FAE04EC0-301F-11D3-BF4B-00C04F79EFBC}") = "ZhiFang.ServiceCommon.RBAC", "ZhiFang.ServiceCommon.RBAC\ZhiFang.ServiceCommon.RBAC.csproj", "{453550F2-BF83-4C13-9386-9ACF6E2AE591}"
EndProject
Project("{FAE04EC0-301F-11D3-BF4B-00C04F79EFBC}") = "ZhiFang.ProjectProgressMonitorManage.Interceptor", "ZhiFang.ProjectProgressMonitorManage.Interceptor\ZhiFang.ProjectProgressMonitorManage.Interceptor.csproj", "{A118AF04-645E-4F99-81C0-11471F83F82E}"
EndProject
Project("{FAE04EC0-301F-11D3-BF4B-00C04F79EFBC}") = "ZhiFang.DAO.NHB.ProjectProgressMonitorManage", "ZhiFang.DAO.NHB.ProjectProgressMonitorManage\ZhiFang.DAO.NHB.ProjectProgressMonitorManage.csproj", "{91D6767B-321C-4FB1-9ABB-6BF498BD6894}"
EndProject
Project("{FAE04EC0-301F-11D3-BF4B-00C04F79EFBC}") = "ZhiFang.IDAO.ProjectProgressMonitorManage", "ZhiFang.IDAO.ProjectProgressMonitorManage\ZhiFang.IDAO.ProjectProgressMonitorManage.csproj", "{418FC9A7-1313-47A8-B3E9-B1EB0FDC7D32}"
EndProject
Project("{FAE04EC0-301F-11D3-BF4B-00C04F79EFBC}") = "ZhiFang.BLL.ProjectProgressMonitorManage", "ZhiFang.BLL.ProjectProgressMonitorManage\ZhiFang.BLL.ProjectProgressMonitorManage.csproj", "{7C2CA15B-E93C-472B-9C21-C03CF2CCC717}"
EndProject
Project("{FAE04EC0-301F-11D3-BF4B-00C04F79EFBC}") = "ZhiFang.IBLL.ProjectProgressMonitorManage", "ZhiFang.IBLL.ProjectProgressMonitorManage\ZhiFang.IBLL.ProjectProgressMonitorManage.csproj", "{F2FA3221-F587-4488-B441-7F38E9890A1E}"
EndProject
Project("{FAE04EC0-301F-11D3-BF4B-00C04F79EFBC}") = "ZhiFang.ProjectProgressMonitorManage", "ZhiFang.ProjectProgressMonitorManage\ZhiFang.ProjectProgressMonitorManage.csproj", "{67456F5C-1B36-48BA-A5F9-FE530CAB2453}"
EndProject
Project("{FAE04EC0-301F-11D3-BF4B-00C04F79EFBC}") = "ZhiFang.Entity.OA", "ZhiFang.Entity.OA\ZhiFang.Entity.OA.csproj", "{4FEEEE53-1839-4DB8-B7D7-79DF2FC7506D}"
EndProject
Project("{FAE04EC0-301F-11D3-BF4B-00C04F79EFBC}") = "ZhiFang.IDAO.OA", "ZhiFang.IDAO.OA\ZhiFang.IDAO.OA.csproj", "{6A7512C6-0610-49DB-B805-81677767BAF9}"
EndProject
Project("{FAE04EC0-301F-11D3-BF4B-00C04F79EFBC}") = "ZhiFang.DAO.NHB.OA", "ZhiFang.DAO.NHB.OA\ZhiFang.DAO.NHB.OA.csproj", "{DECEB8DE-DCEC-4F8C-9128-5EC56EEBAD01}"
EndProject
Project("{FAE04EC0-301F-11D3-BF4B-00C04F79EFBC}") = "ZhiFang.IBLL.OA", "ZhiFang.IBLL.OA\ZhiFang.IBLL.OA.csproj", "{95EC9451-0AD9-41FA-9DDA-21EF788CBF86}"
EndProject
Project("{FAE04EC0-301F-11D3-BF4B-00C04F79EFBC}") = "ZhiFang.BLL.OA", "ZhiFang.BLL.OA\ZhiFang.BLL.OA.csproj", "{617AF31B-0567-40A7-BBA9-1030BBA66B2D}"
EndProject
Project("{FAE04EC0-301F-11D3-BF4B-00C04F79EFBC}") = "ZhiFang.DBUpdate.PM", "ZhiFang.DBUpdate.PM\ZhiFang.DBUpdate.PM.csproj", "{A1650855-B138-4898-91A2-019E04660A1B}"
EndProject
Global
	GlobalSection(SolutionConfigurationPlatforms) = preSolution
		Debug|Any CPU = Debug|Any CPU
		Release|Any CPU = Release|Any CPU
	EndGlobalSection
	GlobalSection(ProjectConfigurationPlatforms) = postSolution
		{2993FBE5-AA1F-433C-A07F-34CC25C59852}.Debug|Any CPU.ActiveCfg = Debug|Any CPU
		{2993FBE5-AA1F-433C-A07F-34CC25C59852}.Debug|Any CPU.Build.0 = Debug|Any CPU
		{2993FBE5-AA1F-433C-A07F-34CC25C59852}.Release|Any CPU.ActiveCfg = Release|Any CPU
		{2993FBE5-AA1F-433C-A07F-34CC25C59852}.Release|Any CPU.Build.0 = Release|Any CPU
		{4471E84C-7A1B-4719-89F9-CCC626D111AD}.Debug|Any CPU.ActiveCfg = Debug|Any CPU
		{4471E84C-7A1B-4719-89F9-CCC626D111AD}.Debug|Any CPU.Build.0 = Debug|Any CPU
		{4471E84C-7A1B-4719-89F9-CCC626D111AD}.Release|Any CPU.ActiveCfg = Release|Any CPU
		{4471E84C-7A1B-4719-89F9-CCC626D111AD}.Release|Any CPU.Build.0 = Release|Any CPU
		{3E769F10-C35B-4DB3-A375-578C4091E6B8}.Debug|Any CPU.ActiveCfg = Debug|Any CPU
		{3E769F10-C35B-4DB3-A375-578C4091E6B8}.Debug|Any CPU.Build.0 = Debug|Any CPU
		{3E769F10-C35B-4DB3-A375-578C4091E6B8}.Release|Any CPU.ActiveCfg = Release|Any CPU
		{3E769F10-C35B-4DB3-A375-578C4091E6B8}.Release|Any CPU.Build.0 = Release|Any CPU
		{016266F9-369D-4C32-8B9B-35BA9B94447F}.Debug|Any CPU.ActiveCfg = Debug|Any CPU
		{016266F9-369D-4C32-8B9B-35BA9B94447F}.Debug|Any CPU.Build.0 = Debug|Any CPU
		{016266F9-369D-4C32-8B9B-35BA9B94447F}.Release|Any CPU.ActiveCfg = Release|Any CPU
		{016266F9-369D-4C32-8B9B-35BA9B94447F}.Release|Any CPU.Build.0 = Release|Any CPU
		{78FDA625-7A67-46C7-9287-4D57BCEF8D0E}.Debug|Any CPU.ActiveCfg = Debug|Any CPU
		{78FDA625-7A67-46C7-9287-4D57BCEF8D0E}.Debug|Any CPU.Build.0 = Debug|Any CPU
		{78FDA625-7A67-46C7-9287-4D57BCEF8D0E}.Release|Any CPU.ActiveCfg = Release|Any CPU
		{78FDA625-7A67-46C7-9287-4D57BCEF8D0E}.Release|Any CPU.Build.0 = Release|Any CPU
		{8473718C-0587-4482-80BB-24ED193D9C5D}.Debug|Any CPU.ActiveCfg = Debug|Any CPU
		{8473718C-0587-4482-80BB-24ED193D9C5D}.Debug|Any CPU.Build.0 = Debug|Any CPU
		{8473718C-0587-4482-80BB-24ED193D9C5D}.Release|Any CPU.ActiveCfg = Release|Any CPU
		{8473718C-0587-4482-80BB-24ED193D9C5D}.Release|Any CPU.Build.0 = Release|Any CPU
		{F5A15ED6-4EB8-4E39-8B19-357B799A1F10}.Debug|Any CPU.ActiveCfg = Debug|Any CPU
		{F5A15ED6-4EB8-4E39-8B19-357B799A1F10}.Debug|Any CPU.Build.0 = Debug|Any CPU
		{F5A15ED6-4EB8-4E39-8B19-357B799A1F10}.Release|Any CPU.ActiveCfg = Release|Any CPU
		{F5A15ED6-4EB8-4E39-8B19-357B799A1F10}.Release|Any CPU.Build.0 = Release|Any CPU
		{247886C9-EC78-4CF9-8121-151AA091BBBE}.Debug|Any CPU.ActiveCfg = Debug|Any CPU
		{247886C9-EC78-4CF9-8121-151AA091BBBE}.Debug|Any CPU.Build.0 = Debug|Any CPU
		{247886C9-EC78-4CF9-8121-151AA091BBBE}.Release|Any CPU.ActiveCfg = Release|Any CPU
		{247886C9-EC78-4CF9-8121-151AA091BBBE}.Release|Any CPU.Build.0 = Release|Any CPU
		{63BBBF6C-B082-4AB9-8582-4DD2DA3280D6}.Debug|Any CPU.ActiveCfg = Debug|Any CPU
		{63BBBF6C-B082-4AB9-8582-4DD2DA3280D6}.Debug|Any CPU.Build.0 = Debug|Any CPU
		{63BBBF6C-B082-4AB9-8582-4DD2DA3280D6}.Release|Any CPU.ActiveCfg = Release|Any CPU
		{63BBBF6C-B082-4AB9-8582-4DD2DA3280D6}.Release|Any CPU.Build.0 = Release|Any CPU
		{A398BAE9-4641-4AC6-829C-01307D38BA8F}.Debug|Any CPU.ActiveCfg = Debug|Any CPU
		{A398BAE9-4641-4AC6-829C-01307D38BA8F}.Debug|Any CPU.Build.0 = Debug|Any CPU
		{A398BAE9-4641-4AC6-829C-01307D38BA8F}.Release|Any CPU.ActiveCfg = Release|Any CPU
		{A398BAE9-4641-4AC6-829C-01307D38BA8F}.Release|Any CPU.Build.0 = Release|Any CPU
		{E3B08151-FBE9-4E8E-B390-11BD9F7DEF4A}.Debug|Any CPU.ActiveCfg = Debug|Any CPU
		{E3B08151-FBE9-4E8E-B390-11BD9F7DEF4A}.Debug|Any CPU.Build.0 = Debug|Any CPU
		{E3B08151-FBE9-4E8E-B390-11BD9F7DEF4A}.Release|Any CPU.ActiveCfg = Release|Any CPU
		{E3B08151-FBE9-4E8E-B390-11BD9F7DEF4A}.Release|Any CPU.Build.0 = Release|Any CPU
		{97EE1806-FBD2-4305-858F-F2572E80A4DE}.Debug|Any CPU.ActiveCfg = Debug|Any CPU
		{97EE1806-FBD2-4305-858F-F2572E80A4DE}.Debug|Any CPU.Build.0 = Debug|Any CPU
		{97EE1806-FBD2-4305-858F-F2572E80A4DE}.Release|Any CPU.ActiveCfg = Release|Any CPU
		{97EE1806-FBD2-4305-858F-F2572E80A4DE}.Release|Any CPU.Build.0 = Release|Any CPU
		{1CFA6885-EBBE-489E-9373-B672E8DAD7E7}.Debug|Any CPU.ActiveCfg = Debug|Any CPU
		{1CFA6885-EBBE-489E-9373-B672E8DAD7E7}.Debug|Any CPU.Build.0 = Debug|Any CPU
		{1CFA6885-EBBE-489E-9373-B672E8DAD7E7}.Release|Any CPU.ActiveCfg = Release|Any CPU
		{1CFA6885-EBBE-489E-9373-B672E8DAD7E7}.Release|Any CPU.Build.0 = Release|Any CPU
		{453550F2-BF83-4C13-9386-9ACF6E2AE591}.Debug|Any CPU.ActiveCfg = Debug|Any CPU
		{453550F2-BF83-4C13-9386-9ACF6E2AE591}.Debug|Any CPU.Build.0 = Debug|Any CPU
		{453550F2-BF83-4C13-9386-9ACF6E2AE591}.Release|Any CPU.ActiveCfg = Release|Any CPU
		{453550F2-BF83-4C13-9386-9ACF6E2AE591}.Release|Any CPU.Build.0 = Release|Any CPU
		{A118AF04-645E-4F99-81C0-11471F83F82E}.Debug|Any CPU.ActiveCfg = Debug|Any CPU
		{A118AF04-645E-4F99-81C0-11471F83F82E}.Debug|Any CPU.Build.0 = Debug|Any CPU
		{A118AF04-645E-4F99-81C0-11471F83F82E}.Release|Any CPU.ActiveCfg = Release|Any CPU
		{A118AF04-645E-4F99-81C0-11471F83F82E}.Release|Any CPU.Build.0 = Release|Any CPU
		{91D6767B-321C-4FB1-9ABB-6BF498BD6894}.Debug|Any CPU.ActiveCfg = Debug|Any CPU
		{91D6767B-321C-4FB1-9ABB-6BF498BD6894}.Debug|Any CPU.Build.0 = Debug|Any CPU
		{91D6767B-321C-4FB1-9ABB-6BF498BD6894}.Release|Any CPU.ActiveCfg = Release|Any CPU
		{91D6767B-321C-4FB1-9ABB-6BF498BD6894}.Release|Any CPU.Build.0 = Release|Any CPU
		{418FC9A7-1313-47A8-B3E9-B1EB0FDC7D32}.Debug|Any CPU.ActiveCfg = Debug|Any CPU
		{418FC9A7-1313-47A8-B3E9-B1EB0FDC7D32}.Debug|Any CPU.Build.0 = Debug|Any CPU
		{418FC9A7-1313-47A8-B3E9-B1EB0FDC7D32}.Release|Any CPU.ActiveCfg = Release|Any CPU
		{418FC9A7-1313-47A8-B3E9-B1EB0FDC7D32}.Release|Any CPU.Build.0 = Release|Any CPU
		{7C2CA15B-E93C-472B-9C21-C03CF2CCC717}.Debug|Any CPU.ActiveCfg = Debug|Any CPU
		{7C2CA15B-E93C-472B-9C21-C03CF2CCC717}.Debug|Any CPU.Build.0 = Debug|Any CPU
		{7C2CA15B-E93C-472B-9C21-C03CF2CCC717}.Release|Any CPU.ActiveCfg = Release|Any CPU
		{7C2CA15B-E93C-472B-9C21-C03CF2CCC717}.Release|Any CPU.Build.0 = Release|Any CPU
		{F2FA3221-F587-4488-B441-7F38E9890A1E}.Debug|Any CPU.ActiveCfg = Debug|Any CPU
		{F2FA3221-F587-4488-B441-7F38E9890A1E}.Debug|Any CPU.Build.0 = Debug|Any CPU
		{F2FA3221-F587-4488-B441-7F38E9890A1E}.Release|Any CPU.ActiveCfg = Release|Any CPU
		{F2FA3221-F587-4488-B441-7F38E9890A1E}.Release|Any CPU.Build.0 = Release|Any CPU
		{67456F5C-1B36-48BA-A5F9-FE530CAB2453}.Debug|Any CPU.ActiveCfg = Debug|Any CPU
		{67456F5C-1B36-48BA-A5F9-FE530CAB2453}.Debug|Any CPU.Build.0 = Debug|Any CPU
		{67456F5C-1B36-48BA-A5F9-FE530CAB2453}.Release|Any CPU.ActiveCfg = Release|Any CPU
		{67456F5C-1B36-48BA-A5F9-FE530CAB2453}.Release|Any CPU.Build.0 = Release|Any CPU
		{4FEEEE53-1839-4DB8-B7D7-79DF2FC7506D}.Debug|Any CPU.ActiveCfg = Debug|Any CPU
		{4FEEEE53-1839-4DB8-B7D7-79DF2FC7506D}.Debug|Any CPU.Build.0 = Debug|Any CPU
		{4FEEEE53-1839-4DB8-B7D7-79DF2FC7506D}.Release|Any CPU.ActiveCfg = Release|Any CPU
		{4FEEEE53-1839-4DB8-B7D7-79DF2FC7506D}.Release|Any CPU.Build.0 = Release|Any CPU
		{6A7512C6-0610-49DB-B805-81677767BAF9}.Debug|Any CPU.ActiveCfg = Debug|Any CPU
		{6A7512C6-0610-49DB-B805-81677767BAF9}.Debug|Any CPU.Build.0 = Debug|Any CPU
		{6A7512C6-0610-49DB-B805-81677767BAF9}.Release|Any CPU.ActiveCfg = Release|Any CPU
		{6A7512C6-0610-49DB-B805-81677767BAF9}.Release|Any CPU.Build.0 = Release|Any CPU
		{DECEB8DE-DCEC-4F8C-9128-5EC56EEBAD01}.Debug|Any CPU.ActiveCfg = Debug|Any CPU
		{DECEB8DE-DCEC-4F8C-9128-5EC56EEBAD01}.Debug|Any CPU.Build.0 = Debug|Any CPU
		{DECEB8DE-DCEC-4F8C-9128-5EC56EEBAD01}.Release|Any CPU.ActiveCfg = Release|Any CPU
		{DECEB8DE-DCEC-4F8C-9128-5EC56EEBAD01}.Release|Any CPU.Build.0 = Release|Any CPU
		{95EC9451-0AD9-41FA-9DDA-21EF788CBF86}.Debug|Any CPU.ActiveCfg = Debug|Any CPU
		{95EC9451-0AD9-41FA-9DDA-21EF788CBF86}.Debug|Any CPU.Build.0 = Debug|Any CPU
		{95EC9451-0AD9-41FA-9DDA-21EF788CBF86}.Release|Any CPU.ActiveCfg = Release|Any CPU
		{95EC9451-0AD9-41FA-9DDA-21EF788CBF86}.Release|Any CPU.Build.0 = Release|Any CPU
		{617AF31B-0567-40A7-BBA9-1030BBA66B2D}.Debug|Any CPU.ActiveCfg = Debug|Any CPU
		{617AF31B-0567-40A7-BBA9-1030BBA66B2D}.Debug|Any CPU.Build.0 = Debug|Any CPU
		{617AF31B-0567-40A7-BBA9-1030BBA66B2D}.Release|Any CPU.ActiveCfg = Release|Any CPU
		{617AF31B-0567-40A7-BBA9-1030BBA66B2D}.Release|Any CPU.Build.0 = Release|Any CPU
		{A1650855-B138-4898-91A2-019E04660A1B}.Debug|Any CPU.ActiveCfg = Debug|Any CPU
		{A1650855-B138-4898-91A2-019E04660A1B}.Debug|Any CPU.Build.0 = Debug|Any CPU
		{A1650855-B138-4898-91A2-019E04660A1B}.Release|Any CPU.ActiveCfg = Release|Any CPU
		{A1650855-B138-4898-91A2-019E04660A1B}.Release|Any CPU.Build.0 = Release|Any CPU
	EndGlobalSection
	GlobalSection(SolutionProperties) = preSolution
		HideSolutionNode = FALSE
	EndGlobalSection
	GlobalSection(ExtensibilityGlobals) = postSolution
		VisualSVNWorkingCopyRoot = .
	EndGlobalSection
EndGlobal
