
Microsoft Visual Studio Solution File, Format Version 12.00
# Visual Studio 15
VisualStudioVersion = 15.0.28307.645
MinimumVisualStudioVersion = 10.0.40219.1
Project("{FAE04EC0-301F-11D3-BF4B-00C04F79EFBC}") = "ZhiFang.ReagentSys.Client", "ZhiFang.ReagentSys.Client\ZhiFang.ReagentSys.Client.csproj", "{515AD2B8-3E37-42D7-A275-80743E928B71}"
EndProject
Project("{FAE04EC0-301F-11D3-BF4B-00C04F79EFBC}") = "ZhiFang.IBLL.ReagentSys.Client", "ZhiFang.IBLL.ReagentSys.Client\ZhiFang.IBLL.ReagentSys.Client.csproj", "{BE78B18B-9004-4280-BA87-08C167F00BE6}"
EndProject
Project("{FAE04EC0-301F-11D3-BF4B-00C04F79EFBC}") = "ZhiFang.Entity.ReagentSys.Client", "ZhiFang.Entity.ReagentSys.Client\ZhiFang.Entity.ReagentSys.Client.csproj", "{36917E28-CE6F-441F-8C2F-F9210AD56D31}"
EndProject
Project("{FAE04EC0-301F-11D3-BF4B-00C04F79EFBC}") = "ZhiFang.BLL.ReagentSys.Client", "ZhiFang.BLL.ReagentSys.Client\ZhiFang.BLL.ReagentSys.Client.csproj", "{BFE1E8C0-9C5F-4203-9EC8-90B4D3AAEBE6}"
EndProject
Project("{FAE04EC0-301F-11D3-BF4B-00C04F79EFBC}") = "ZhiFang.ObjectFactory.ReagentSys.Client", "ZhiFang.ObjectFactory.ReagentSys.Client\ZhiFang.ObjectFactory.ReagentSys.Client.csproj", "{CF461FFF-0A97-40FC-93AC-3D11E983BB9F}"
EndProject
Project("{FAE04EC0-301F-11D3-BF4B-00C04F79EFBC}") = "ZhiFang.DAO.NHB.ReagentSys.Client", "ZhiFang.DAO.NHB.ReagentSys.Client\ZhiFang.DAO.NHB.ReagentSys.Client.csproj", "{58E46C81-992D-4F19-BD74-940E81949FB8}"
EndProject
Project("{FAE04EC0-301F-11D3-BF4B-00C04F79EFBC}") = "ZhiFang.IDAO.NHB.ReagentSys.Client", "ZhiFang.IDAO.NHB.ReagentSys.Client\ZhiFang.IDAO.NHB.ReagentSys.Client.csproj", "{DD7E515A-52CF-41A2-8325-8704EB187053}"
EndProject
Project("{FAE04EC0-301F-11D3-BF4B-00C04F79EFBC}") = "ZhiFang.DAO.SQL.ReagentSys.Client", "ZhiFang.DAO.SQL.ReagentSys.Client\ZhiFang.DAO.SQL.ReagentSys.Client.csproj", "{13B73E95-44DF-45F0-ADEB-18669622BA80}"
EndProject
Project("{FAE04EC0-301F-11D3-BF4B-00C04F79EFBC}") = "ZhiFang.ReagentSys.Client.Common", "ZhiFang.ReagentSys.Client.Common\ZhiFang.ReagentSys.Client.Common.csproj", "{E57B020B-E404-4D4E-92A2-ABC517CE6BDD}"
EndProject
Project("{FAE04EC0-301F-11D3-BF4B-00C04F79EFBC}") = "ZhiFang.BLL.Base", "ZhiFang.BLL.Base\ZhiFang.BLL.Base.csproj", "{78FDA625-7A67-46C7-9287-4D57BCEF8D0E}"
EndProject
Project("{FAE04EC0-301F-11D3-BF4B-00C04F79EFBC}") = "ZhiFang.BLL.RBAC", "ZhiFang.BLL.RBAC\ZhiFang.BLL.RBAC.csproj", "{247886C9-EC78-4CF9-8121-151AA091BBBE}"
EndProject
Project("{FAE04EC0-301F-11D3-BF4B-00C04F79EFBC}") = "ZhiFang.DAO.NHB.Base", "ZhiFang.DAO.NHB.Base\ZhiFang.DAO.NHB.Base.csproj", "{1CFA6885-EBBE-489E-9373-B672E8DAD7E7}"
EndProject
Project("{FAE04EC0-301F-11D3-BF4B-00C04F79EFBC}") = "ZhiFang.DAO.NHB.RBAC", "ZhiFang.DAO.NHB.RBAC\ZhiFang.DAO.NHB.RBAC.csproj", "{97EE1806-FBD2-4305-858F-F2572E80A4DE}"
EndProject
Project("{FAE04EC0-301F-11D3-BF4B-00C04F79EFBC}") = "ZhiFang.DBUpdate.PM", "ZhiFang.DBUpdate.PM\ZhiFang.DBUpdate.PM.csproj", "{A1650855-B138-4898-91A2-019E04660A1B}"
EndProject
Project("{FAE04EC0-301F-11D3-BF4B-00C04F79EFBC}") = "ZhiFang.IBLL.Base", "ZhiFang.IBLL.Base\ZhiFang.IBLL.Base.csproj", "{8473718C-0587-4482-80BB-24ED193D9C5D}"
EndProject
Project("{FAE04EC0-301F-11D3-BF4B-00C04F79EFBC}") = "ZhiFang.Entity.Base", "ZhiFang.Entity.Base\ZhiFang.Entity.Base.csproj", "{4471E84C-7A1B-4719-89F9-CCC626D111AD}"
EndProject
Project("{FAE04EC0-301F-11D3-BF4B-00C04F79EFBC}") = "ZhiFang.Entity.RBAC", "ZhiFang.Entity.RBAC\ZhiFang.Entity.RBAC.csproj", "{2993FBE5-AA1F-433C-A07F-34CC25C59852}"
EndProject
Project("{FAE04EC0-301F-11D3-BF4B-00C04F79EFBC}") = "ZhiFang.IBLL.RBAC", "ZhiFang.IBLL.RBAC\ZhiFang.IBLL.RBAC.csproj", "{F5A15ED6-4EB8-4E39-8B19-357B799A1F10}"
EndProject
Project("{FAE04EC0-301F-11D3-BF4B-00C04F79EFBC}") = "ZhiFang.IDAO.Base", "ZhiFang.IDAO.Base\ZhiFang.IDAO.Base.csproj", "{016266F9-369D-4C32-8B9B-35BA9B94447F}"
EndProject
Project("{FAE04EC0-301F-11D3-BF4B-00C04F79EFBC}") = "ZhiFang.IDAO.RBAC", "ZhiFang.IDAO.RBAC\ZhiFang.IDAO.RBAC.csproj", "{3E769F10-C35B-4DB3-A375-578C4091E6B8}"
EndProject
Project("{FAE04EC0-301F-11D3-BF4B-00C04F79EFBC}") = "ZhiFang.ServiceCommon.RBAC", "ZhiFang.ServiceCommon.RBAC\ZhiFang.ServiceCommon.RBAC.csproj", "{453550F2-BF83-4C13-9386-9ACF6E2AE591}"
EndProject
Project("{2150E333-8FDC-42A3-9474-1A3956D46DE8}") = "Lib", "Lib", "{5F1DA23D-940B-4CDF-B99A-D8E5CFB86D3B}"
	ProjectSection(SolutionItems) = preProject
		Lib\Antlr3.Runtime.dll = Lib\Antlr3.Runtime.dll
		Lib\Aspose.Cells.dll = Lib\Aspose.Cells.dll
		Lib\Common.Logging.dll = Lib\Common.Logging.dll
		Lib\Excel.dll = Lib\Excel.dll
		Lib\FastReport.dll = Lib\FastReport.dll
		Lib\ICSharpCode.SharpZipLib.dll = Lib\ICSharpCode.SharpZipLib.dll
		Lib\Iesi.Collections.dll = Lib\Iesi.Collections.dll
		Lib\Ionic.Zip.dll = Lib\Ionic.Zip.dll
		Lib\LinFu.DynamicProxy.dll = Lib\LinFu.DynamicProxy.dll
		Lib\log4net.dll = Lib\log4net.dll
		Lib\log4netcfg.xml = Lib\log4netcfg.xml
		Lib\Newtonsoft.Json.dll = Lib\Newtonsoft.Json.dll
		Lib\NHibernate.ByteCode.LinFu.dll = Lib\NHibernate.ByteCode.LinFu.dll
		Lib\NHibernate.ByteCode.Spring.dll = Lib\NHibernate.ByteCode.Spring.dll
		Lib\NHibernate.Caches.SysCache2.dll = Lib\NHibernate.Caches.SysCache2.dll
		Lib\NHibernate.dll = Lib\NHibernate.dll
		Lib\NPOI.dll = Lib\NPOI.dll
		Lib\NPOI.OOXML.dll = Lib\NPOI.OOXML.dll
		Lib\NPOI.OOXML.XML = Lib\NPOI.OOXML.XML
		Lib\NPOI.OpenXml4Net.dll = Lib\NPOI.OpenXml4Net.dll
		Lib\NPOI.OpenXml4Net.XML = Lib\NPOI.OpenXml4Net.XML
		Lib\NPOI.OpenXmlFormats.dll = Lib\NPOI.OpenXmlFormats.dll
		Lib\NPOI.XML = Lib\NPOI.XML
		Lib\Spring.Aop.dll = Lib\Spring.Aop.dll
		Lib\Spring.Core.dll = Lib\Spring.Core.dll
		Lib\Spring.Core.xml = Lib\Spring.Core.xml
		Lib\Spring.Data.dll = Lib\Spring.Data.dll
		Lib\Spring.Data.NHibernate30.dll = Lib\Spring.Data.NHibernate30.dll
		Lib\Spring.Services.dll = Lib\Spring.Services.dll
		Lib\ZhiFang.Common.dll = Lib\ZhiFang.Common.dll
		Lib\ZhiFang.Common.Log.dll = Lib\ZhiFang.Common.Log.dll
	EndProjectSection
EndProject
Project("{FAE04EC0-301F-11D3-BF4B-00C04F79EFBC}") = "ZhiFang.Entity.WeiXin", "ZhiFang.Entity.WeiXin\ZhiFang.Entity.WeiXin.csproj", "{C867875C-5404-480D-89E4-9CC67C66D963}"
EndProject
Project("{FAE04EC0-301F-11D3-BF4B-00C04F79EFBC}") = "ZhiFang.IBLL.WeiXin", "ZhiFang.IBLL.WeiXin\ZhiFang.IBLL.WeiXin.csproj", "{2421232C-E74B-44C6-ADD8-19AC07A1357A}"
EndProject
Project("{FAE04EC0-301F-11D3-BF4B-00C04F79EFBC}") = "ZhiFang.IDAO.WeiXin", "ZhiFang.IDAO.WeiXin\ZhiFang.IDAO.WeiXin.csproj", "{FF61E24B-369F-490E-BAD8-607948E35E8F}"
EndProject
Project("{FAE04EC0-301F-11D3-BF4B-00C04F79EFBC}") = "ZhiFang.BLL.WeiXin", "ZhiFang.BLL.WeiXin\ZhiFang.BLL.WeiXin.csproj", "{E9EAE633-430D-4B9C-A107-FCC58E3B4048}"
EndProject
Project("{FAE04EC0-301F-11D3-BF4B-00C04F79EFBC}") = "ZhiFang.DAO.NHB.WeiXin", "ZhiFang.DAO.NHB.WeiXin\ZhiFang.DAO.NHB.WeiXin.csproj", "{60E95425-9221-4D82-AF52-3DB7529F2652}"
EndProject
Project("{FAE04EC0-301F-11D3-BF4B-00C04F79EFBC}") = "ZhiFang.Interceptor.ReagentSys.Client", "ZhiFang.Interceptor.ReagentSys.Client\ZhiFang.Interceptor.ReagentSys.Client.csproj", "{E55D8AFC-ED5E-4366-A57E-506E1DDFDC3A}"
EndProject
Project("{FAE04EC0-301F-11D3-BF4B-00C04F79EFBC}") = "ZhiFang.Entity.Common", "ZhiFang.Entity.Common\ZhiFang.Entity.Common.csproj", "{81E083DC-BDE0-4742-AEC7-CF36768F6BFD}"
EndProject
Project("{FAE04EC0-301F-11D3-BF4B-00C04F79EFBC}") = "ZhiFang.IDAO.Common", "ZhiFang.IDAO.Common\ZhiFang.IDAO.Common.csproj", "{8A0FDB29-76A4-4FE5-8652-93FCAAF50772}"
EndProject
Project("{FAE04EC0-301F-11D3-BF4B-00C04F79EFBC}") = "ZhiFang.DAO.NHB.Common", "ZhiFang.DAO.Common\ZhiFang.DAO.NHB.Common.csproj", "{A5EAF546-29A6-4581-83B3-1BAB4B9B2456}"
EndProject
Project("{FAE04EC0-301F-11D3-BF4B-00C04F79EFBC}") = "ZhiFang.IBLL.Common", "ZhiFang.IBLL.Common\ZhiFang.IBLL.Common.csproj", "{F55AD050-B25C-42AF-9D13-9CE1B8F27701}"
EndProject
Project("{FAE04EC0-301F-11D3-BF4B-00C04F79EFBC}") = "ZhiFang.BLL.Common", "ZhiFang.BLL.Common\ZhiFang.BLL.Common.csproj", "{E98DEC9D-20D1-4F65-A746-F2808B73F61A}"
EndProject
Project("{FAE04EC0-301F-11D3-BF4B-00C04F79EFBC}") = "ZhiFang.ReagentSys.Client.UnitTest", "ZhiFang.ReagentSys.Client.UnitTest\ZhiFang.ReagentSys.Client.UnitTest.csproj", "{24A76A5D-E816-4D8F-BEBD-D24A4E72B2EA}"
EndProject
Project("{FAE04EC0-301F-11D3-BF4B-00C04F79EFBC}") = "ZhiFang.InterfaceFactory", "ZhiFang.InterfaceFactory\ZhiFang.InterfaceFactory.csproj", "{6AC252D4-EBED-45EA-A4BD-94A456C6792F}"
EndProject
Project("{2150E333-8FDC-42A3-9474-1A3956D46DE8}") = "Modules", "Modules", "{93F4DBD7-F46D-41AE-8123-DFD717CDC891}"
EndProject
Project("{FAE04EC0-301F-11D3-BF4B-00C04F79EFBC}") = "NC.SCDJ", "Modules\NC.SCDJ\NC.SCDJ.csproj", "{0F5610B3-E0F4-4842-98C2-E58A0C04A4A6}"
EndProject
Global
	GlobalSection(SolutionConfigurationPlatforms) = preSolution
		Debug|Any CPU = Debug|Any CPU
		Release|Any CPU = Release|Any CPU
	EndGlobalSection
	GlobalSection(ProjectConfigurationPlatforms) = postSolution
		{515AD2B8-3E37-42D7-A275-80743E928B71}.Debug|Any CPU.ActiveCfg = Debug|Any CPU
		{515AD2B8-3E37-42D7-A275-80743E928B71}.Debug|Any CPU.Build.0 = Debug|Any CPU
		{515AD2B8-3E37-42D7-A275-80743E928B71}.Release|Any CPU.ActiveCfg = Release|Any CPU
		{515AD2B8-3E37-42D7-A275-80743E928B71}.Release|Any CPU.Build.0 = Release|Any CPU
		{BE78B18B-9004-4280-BA87-08C167F00BE6}.Debug|Any CPU.ActiveCfg = Debug|Any CPU
		{BE78B18B-9004-4280-BA87-08C167F00BE6}.Debug|Any CPU.Build.0 = Debug|Any CPU
		{BE78B18B-9004-4280-BA87-08C167F00BE6}.Release|Any CPU.ActiveCfg = Release|Any CPU
		{BE78B18B-9004-4280-BA87-08C167F00BE6}.Release|Any CPU.Build.0 = Release|Any CPU
		{36917E28-CE6F-441F-8C2F-F9210AD56D31}.Debug|Any CPU.ActiveCfg = Debug|Any CPU
		{36917E28-CE6F-441F-8C2F-F9210AD56D31}.Debug|Any CPU.Build.0 = Debug|Any CPU
		{36917E28-CE6F-441F-8C2F-F9210AD56D31}.Release|Any CPU.ActiveCfg = Release|Any CPU
		{36917E28-CE6F-441F-8C2F-F9210AD56D31}.Release|Any CPU.Build.0 = Release|Any CPU
		{BFE1E8C0-9C5F-4203-9EC8-90B4D3AAEBE6}.Debug|Any CPU.ActiveCfg = Debug|Any CPU
		{BFE1E8C0-9C5F-4203-9EC8-90B4D3AAEBE6}.Debug|Any CPU.Build.0 = Debug|Any CPU
		{BFE1E8C0-9C5F-4203-9EC8-90B4D3AAEBE6}.Release|Any CPU.ActiveCfg = Release|Any CPU
		{BFE1E8C0-9C5F-4203-9EC8-90B4D3AAEBE6}.Release|Any CPU.Build.0 = Release|Any CPU
		{CF461FFF-0A97-40FC-93AC-3D11E983BB9F}.Debug|Any CPU.ActiveCfg = Debug|Any CPU
		{CF461FFF-0A97-40FC-93AC-3D11E983BB9F}.Debug|Any CPU.Build.0 = Debug|Any CPU
		{CF461FFF-0A97-40FC-93AC-3D11E983BB9F}.Release|Any CPU.ActiveCfg = Release|Any CPU
		{CF461FFF-0A97-40FC-93AC-3D11E983BB9F}.Release|Any CPU.Build.0 = Release|Any CPU
		{58E46C81-992D-4F19-BD74-940E81949FB8}.Debug|Any CPU.ActiveCfg = Debug|Any CPU
		{58E46C81-992D-4F19-BD74-940E81949FB8}.Debug|Any CPU.Build.0 = Debug|Any CPU
		{58E46C81-992D-4F19-BD74-940E81949FB8}.Release|Any CPU.ActiveCfg = Release|Any CPU
		{58E46C81-992D-4F19-BD74-940E81949FB8}.Release|Any CPU.Build.0 = Release|Any CPU
		{DD7E515A-52CF-41A2-8325-8704EB187053}.Debug|Any CPU.ActiveCfg = Debug|Any CPU
		{DD7E515A-52CF-41A2-8325-8704EB187053}.Debug|Any CPU.Build.0 = Debug|Any CPU
		{DD7E515A-52CF-41A2-8325-8704EB187053}.Release|Any CPU.ActiveCfg = Release|Any CPU
		{DD7E515A-52CF-41A2-8325-8704EB187053}.Release|Any CPU.Build.0 = Release|Any CPU
		{13B73E95-44DF-45F0-ADEB-18669622BA80}.Debug|Any CPU.ActiveCfg = Debug|Any CPU
		{13B73E95-44DF-45F0-ADEB-18669622BA80}.Debug|Any CPU.Build.0 = Debug|Any CPU
		{13B73E95-44DF-45F0-ADEB-18669622BA80}.Release|Any CPU.ActiveCfg = Release|Any CPU
		{13B73E95-44DF-45F0-ADEB-18669622BA80}.Release|Any CPU.Build.0 = Release|Any CPU
		{E57B020B-E404-4D4E-92A2-ABC517CE6BDD}.Debug|Any CPU.ActiveCfg = Debug|Any CPU
		{E57B020B-E404-4D4E-92A2-ABC517CE6BDD}.Debug|Any CPU.Build.0 = Debug|Any CPU
		{E57B020B-E404-4D4E-92A2-ABC517CE6BDD}.Release|Any CPU.ActiveCfg = Release|Any CPU
		{E57B020B-E404-4D4E-92A2-ABC517CE6BDD}.Release|Any CPU.Build.0 = Release|Any CPU
		{78FDA625-7A67-46C7-9287-4D57BCEF8D0E}.Debug|Any CPU.ActiveCfg = Debug|Any CPU
		{78FDA625-7A67-46C7-9287-4D57BCEF8D0E}.Debug|Any CPU.Build.0 = Debug|Any CPU
		{78FDA625-7A67-46C7-9287-4D57BCEF8D0E}.Release|Any CPU.ActiveCfg = Release|Any CPU
		{78FDA625-7A67-46C7-9287-4D57BCEF8D0E}.Release|Any CPU.Build.0 = Release|Any CPU
		{247886C9-EC78-4CF9-8121-151AA091BBBE}.Debug|Any CPU.ActiveCfg = Debug|Any CPU
		{247886C9-EC78-4CF9-8121-151AA091BBBE}.Debug|Any CPU.Build.0 = Debug|Any CPU
		{247886C9-EC78-4CF9-8121-151AA091BBBE}.Release|Any CPU.ActiveCfg = Release|Any CPU
		{247886C9-EC78-4CF9-8121-151AA091BBBE}.Release|Any CPU.Build.0 = Release|Any CPU
		{1CFA6885-EBBE-489E-9373-B672E8DAD7E7}.Debug|Any CPU.ActiveCfg = Debug|Any CPU
		{1CFA6885-EBBE-489E-9373-B672E8DAD7E7}.Debug|Any CPU.Build.0 = Debug|Any CPU
		{1CFA6885-EBBE-489E-9373-B672E8DAD7E7}.Release|Any CPU.ActiveCfg = Release|Any CPU
		{1CFA6885-EBBE-489E-9373-B672E8DAD7E7}.Release|Any CPU.Build.0 = Release|Any CPU
		{97EE1806-FBD2-4305-858F-F2572E80A4DE}.Debug|Any CPU.ActiveCfg = Debug|Any CPU
		{97EE1806-FBD2-4305-858F-F2572E80A4DE}.Debug|Any CPU.Build.0 = Debug|Any CPU
		{97EE1806-FBD2-4305-858F-F2572E80A4DE}.Release|Any CPU.ActiveCfg = Release|Any CPU
		{97EE1806-FBD2-4305-858F-F2572E80A4DE}.Release|Any CPU.Build.0 = Release|Any CPU
		{A1650855-B138-4898-91A2-019E04660A1B}.Debug|Any CPU.ActiveCfg = Debug|Any CPU
		{A1650855-B138-4898-91A2-019E04660A1B}.Debug|Any CPU.Build.0 = Debug|Any CPU
		{A1650855-B138-4898-91A2-019E04660A1B}.Release|Any CPU.ActiveCfg = Release|Any CPU
		{A1650855-B138-4898-91A2-019E04660A1B}.Release|Any CPU.Build.0 = Release|Any CPU
		{8473718C-0587-4482-80BB-24ED193D9C5D}.Debug|Any CPU.ActiveCfg = Debug|Any CPU
		{8473718C-0587-4482-80BB-24ED193D9C5D}.Debug|Any CPU.Build.0 = Debug|Any CPU
		{8473718C-0587-4482-80BB-24ED193D9C5D}.Release|Any CPU.ActiveCfg = Release|Any CPU
		{8473718C-0587-4482-80BB-24ED193D9C5D}.Release|Any CPU.Build.0 = Release|Any CPU
		{4471E84C-7A1B-4719-89F9-CCC626D111AD}.Debug|Any CPU.ActiveCfg = Debug|Any CPU
		{4471E84C-7A1B-4719-89F9-CCC626D111AD}.Debug|Any CPU.Build.0 = Debug|Any CPU
		{4471E84C-7A1B-4719-89F9-CCC626D111AD}.Release|Any CPU.ActiveCfg = Release|Any CPU
		{4471E84C-7A1B-4719-89F9-CCC626D111AD}.Release|Any CPU.Build.0 = Release|Any CPU
		{2993FBE5-AA1F-433C-A07F-34CC25C59852}.Debug|Any CPU.ActiveCfg = Debug|Any CPU
		{2993FBE5-AA1F-433C-A07F-34CC25C59852}.Debug|Any CPU.Build.0 = Debug|Any CPU
		{2993FBE5-AA1F-433C-A07F-34CC25C59852}.Release|Any CPU.ActiveCfg = Release|Any CPU
		{2993FBE5-AA1F-433C-A07F-34CC25C59852}.Release|Any CPU.Build.0 = Release|Any CPU
		{F5A15ED6-4EB8-4E39-8B19-357B799A1F10}.Debug|Any CPU.ActiveCfg = Debug|Any CPU
		{F5A15ED6-4EB8-4E39-8B19-357B799A1F10}.Debug|Any CPU.Build.0 = Debug|Any CPU
		{F5A15ED6-4EB8-4E39-8B19-357B799A1F10}.Release|Any CPU.ActiveCfg = Release|Any CPU
		{F5A15ED6-4EB8-4E39-8B19-357B799A1F10}.Release|Any CPU.Build.0 = Release|Any CPU
		{016266F9-369D-4C32-8B9B-35BA9B94447F}.Debug|Any CPU.ActiveCfg = Debug|Any CPU
		{016266F9-369D-4C32-8B9B-35BA9B94447F}.Debug|Any CPU.Build.0 = Debug|Any CPU
		{016266F9-369D-4C32-8B9B-35BA9B94447F}.Release|Any CPU.ActiveCfg = Release|Any CPU
		{016266F9-369D-4C32-8B9B-35BA9B94447F}.Release|Any CPU.Build.0 = Release|Any CPU
		{3E769F10-C35B-4DB3-A375-578C4091E6B8}.Debug|Any CPU.ActiveCfg = Debug|Any CPU
		{3E769F10-C35B-4DB3-A375-578C4091E6B8}.Debug|Any CPU.Build.0 = Debug|Any CPU
		{3E769F10-C35B-4DB3-A375-578C4091E6B8}.Release|Any CPU.ActiveCfg = Release|Any CPU
		{3E769F10-C35B-4DB3-A375-578C4091E6B8}.Release|Any CPU.Build.0 = Release|Any CPU
		{453550F2-BF83-4C13-9386-9ACF6E2AE591}.Debug|Any CPU.ActiveCfg = Debug|Any CPU
		{453550F2-BF83-4C13-9386-9ACF6E2AE591}.Debug|Any CPU.Build.0 = Debug|Any CPU
		{453550F2-BF83-4C13-9386-9ACF6E2AE591}.Release|Any CPU.ActiveCfg = Release|Any CPU
		{453550F2-BF83-4C13-9386-9ACF6E2AE591}.Release|Any CPU.Build.0 = Release|Any CPU
		{C867875C-5404-480D-89E4-9CC67C66D963}.Debug|Any CPU.ActiveCfg = Debug|Any CPU
		{C867875C-5404-480D-89E4-9CC67C66D963}.Debug|Any CPU.Build.0 = Debug|Any CPU
		{C867875C-5404-480D-89E4-9CC67C66D963}.Release|Any CPU.ActiveCfg = Release|Any CPU
		{C867875C-5404-480D-89E4-9CC67C66D963}.Release|Any CPU.Build.0 = Release|Any CPU
		{2421232C-E74B-44C6-ADD8-19AC07A1357A}.Debug|Any CPU.ActiveCfg = Debug|Any CPU
		{2421232C-E74B-44C6-ADD8-19AC07A1357A}.Debug|Any CPU.Build.0 = Debug|Any CPU
		{2421232C-E74B-44C6-ADD8-19AC07A1357A}.Release|Any CPU.ActiveCfg = Release|Any CPU
		{2421232C-E74B-44C6-ADD8-19AC07A1357A}.Release|Any CPU.Build.0 = Release|Any CPU
		{FF61E24B-369F-490E-BAD8-607948E35E8F}.Debug|Any CPU.ActiveCfg = Debug|Any CPU
		{FF61E24B-369F-490E-BAD8-607948E35E8F}.Debug|Any CPU.Build.0 = Debug|Any CPU
		{FF61E24B-369F-490E-BAD8-607948E35E8F}.Release|Any CPU.ActiveCfg = Release|Any CPU
		{FF61E24B-369F-490E-BAD8-607948E35E8F}.Release|Any CPU.Build.0 = Release|Any CPU
		{E9EAE633-430D-4B9C-A107-FCC58E3B4048}.Debug|Any CPU.ActiveCfg = Debug|Any CPU
		{E9EAE633-430D-4B9C-A107-FCC58E3B4048}.Debug|Any CPU.Build.0 = Debug|Any CPU
		{E9EAE633-430D-4B9C-A107-FCC58E3B4048}.Release|Any CPU.ActiveCfg = Release|Any CPU
		{E9EAE633-430D-4B9C-A107-FCC58E3B4048}.Release|Any CPU.Build.0 = Release|Any CPU
		{60E95425-9221-4D82-AF52-3DB7529F2652}.Debug|Any CPU.ActiveCfg = Debug|Any CPU
		{60E95425-9221-4D82-AF52-3DB7529F2652}.Debug|Any CPU.Build.0 = Debug|Any CPU
		{60E95425-9221-4D82-AF52-3DB7529F2652}.Release|Any CPU.ActiveCfg = Release|Any CPU
		{60E95425-9221-4D82-AF52-3DB7529F2652}.Release|Any CPU.Build.0 = Release|Any CPU
		{E55D8AFC-ED5E-4366-A57E-506E1DDFDC3A}.Debug|Any CPU.ActiveCfg = Debug|Any CPU
		{E55D8AFC-ED5E-4366-A57E-506E1DDFDC3A}.Debug|Any CPU.Build.0 = Debug|Any CPU
		{E55D8AFC-ED5E-4366-A57E-506E1DDFDC3A}.Release|Any CPU.ActiveCfg = Release|Any CPU
		{E55D8AFC-ED5E-4366-A57E-506E1DDFDC3A}.Release|Any CPU.Build.0 = Release|Any CPU
		{81E083DC-BDE0-4742-AEC7-CF36768F6BFD}.Debug|Any CPU.ActiveCfg = Debug|Any CPU
		{81E083DC-BDE0-4742-AEC7-CF36768F6BFD}.Debug|Any CPU.Build.0 = Debug|Any CPU
		{81E083DC-BDE0-4742-AEC7-CF36768F6BFD}.Release|Any CPU.ActiveCfg = Release|Any CPU
		{81E083DC-BDE0-4742-AEC7-CF36768F6BFD}.Release|Any CPU.Build.0 = Release|Any CPU
		{8A0FDB29-76A4-4FE5-8652-93FCAAF50772}.Debug|Any CPU.ActiveCfg = Debug|Any CPU
		{8A0FDB29-76A4-4FE5-8652-93FCAAF50772}.Debug|Any CPU.Build.0 = Debug|Any CPU
		{8A0FDB29-76A4-4FE5-8652-93FCAAF50772}.Release|Any CPU.ActiveCfg = Release|Any CPU
		{8A0FDB29-76A4-4FE5-8652-93FCAAF50772}.Release|Any CPU.Build.0 = Release|Any CPU
		{A5EAF546-29A6-4581-83B3-1BAB4B9B2456}.Debug|Any CPU.ActiveCfg = Debug|Any CPU
		{A5EAF546-29A6-4581-83B3-1BAB4B9B2456}.Debug|Any CPU.Build.0 = Debug|Any CPU
		{A5EAF546-29A6-4581-83B3-1BAB4B9B2456}.Release|Any CPU.ActiveCfg = Release|Any CPU
		{A5EAF546-29A6-4581-83B3-1BAB4B9B2456}.Release|Any CPU.Build.0 = Release|Any CPU
		{F55AD050-B25C-42AF-9D13-9CE1B8F27701}.Debug|Any CPU.ActiveCfg = Debug|Any CPU
		{F55AD050-B25C-42AF-9D13-9CE1B8F27701}.Debug|Any CPU.Build.0 = Debug|Any CPU
		{F55AD050-B25C-42AF-9D13-9CE1B8F27701}.Release|Any CPU.ActiveCfg = Release|Any CPU
		{F55AD050-B25C-42AF-9D13-9CE1B8F27701}.Release|Any CPU.Build.0 = Release|Any CPU
		{E98DEC9D-20D1-4F65-A746-F2808B73F61A}.Debug|Any CPU.ActiveCfg = Debug|Any CPU
		{E98DEC9D-20D1-4F65-A746-F2808B73F61A}.Debug|Any CPU.Build.0 = Debug|Any CPU
		{E98DEC9D-20D1-4F65-A746-F2808B73F61A}.Release|Any CPU.ActiveCfg = Release|Any CPU
		{E98DEC9D-20D1-4F65-A746-F2808B73F61A}.Release|Any CPU.Build.0 = Release|Any CPU
		{24A76A5D-E816-4D8F-BEBD-D24A4E72B2EA}.Debug|Any CPU.ActiveCfg = Debug|Any CPU
		{24A76A5D-E816-4D8F-BEBD-D24A4E72B2EA}.Debug|Any CPU.Build.0 = Debug|Any CPU
		{24A76A5D-E816-4D8F-BEBD-D24A4E72B2EA}.Release|Any CPU.ActiveCfg = Release|Any CPU
		{24A76A5D-E816-4D8F-BEBD-D24A4E72B2EA}.Release|Any CPU.Build.0 = Release|Any CPU
		{6AC252D4-EBED-45EA-A4BD-94A456C6792F}.Debug|Any CPU.ActiveCfg = Debug|Any CPU
		{6AC252D4-EBED-45EA-A4BD-94A456C6792F}.Debug|Any CPU.Build.0 = Debug|Any CPU
		{6AC252D4-EBED-45EA-A4BD-94A456C6792F}.Release|Any CPU.ActiveCfg = Release|Any CPU
		{6AC252D4-EBED-45EA-A4BD-94A456C6792F}.Release|Any CPU.Build.0 = Release|Any CPU
		{0F5610B3-E0F4-4842-98C2-E58A0C04A4A6}.Debug|Any CPU.ActiveCfg = Debug|Any CPU
		{0F5610B3-E0F4-4842-98C2-E58A0C04A4A6}.Debug|Any CPU.Build.0 = Debug|Any CPU
		{0F5610B3-E0F4-4842-98C2-E58A0C04A4A6}.Release|Any CPU.ActiveCfg = Release|Any CPU
		{0F5610B3-E0F4-4842-98C2-E58A0C04A4A6}.Release|Any CPU.Build.0 = Release|Any CPU
	EndGlobalSection
	GlobalSection(SolutionProperties) = preSolution
		HideSolutionNode = FALSE
	EndGlobalSection
	GlobalSection(NestedProjects) = preSolution
		{0F5610B3-E0F4-4842-98C2-E58A0C04A4A6} = {93F4DBD7-F46D-41AE-8123-DFD717CDC891}
	EndGlobalSection
	GlobalSection(ExtensibilityGlobals) = postSolution
		VisualSVNWorkingCopyRoot = .
		SolutionGuid = {5997A923-F302-4CFF-8110-9FA16C60F103}
	EndGlobalSection
EndGlobal
